# THIS IS AN AUTOGENERATED FILE. DO NOT EDIT THIS FILE DIRECTLY.
# yarn lockfile v1


"@jamieowen/browser@^0.0.1":
  version "0.0.1"
  resolved "https://registry.yarnpkg.com/@jamieowen/browser/-/browser-0.0.1.tgz#19c543de18613fda311a0c1125f2e0e69aec3bf8"
  integrity sha512-++wM/m/6QezeVIcwaVsNPp3SB3apHL3cxVoEky36n8aT7sovO//XToows7Zg7nIVIpwaF+/a6bzJW4f03uZdIg==
  dependencies:
    "@thi.ng/random" "^2.1.3"
    "@thi.ng/rstream" "^5.0.11"
    "@thi.ng/rstream-gestures" "^3.0.0"
    "@thi.ng/transducers" "^7.5.3"

"@jamieowen/layout@^0.0.1":
  version "0.0.1"
  resolved "https://registry.yarnpkg.com/@jamieowen/layout/-/layout-0.0.1.tgz#efeebe29750849b2b1a78a57818fc4ca1de5c690"
  integrity sha512-XOLgzLY3o0tGk4s74jwesFVOf8JDebGh8oKaaN9ygHRv8xVVB7PJmyyWqS29yZBm0TQD18DQP9G2QsGgki5Cqg==
  dependencies:
    "@thi.ng/rstream" "^5.0.11"
    "@thi.ng/transducers" "^7.5.3"

"@jamieowen/motion@^0.0.1":
  version "0.0.1"
  resolved "https://registry.yarnpkg.com/@jamieowen/motion/-/motion-0.0.1.tgz#f8416bdc1b43c75cc42d9820723f5c2874f68f47"
  integrity sha512-z4GZ0rGtO3XL3b7nBm0i6nGkTC+TuGyVW2897N4OelCM++lIqMX5iOZn3+MjJ81qsTS1tuHW0uKAS/PW1BRJbA==
  dependencies:
    "@jamieowen/browser" "^0.0.1"
    "@thi.ng/rstream" "^5.0.11"
    "@thi.ng/transducers" "^7.5.3"
    "@thi.ng/vectors" "^4.8.3"

"@snowpack/plugin-typescript@^1.2.1":
  version "1.2.1"
  resolved "https://registry.yarnpkg.com/@snowpack/plugin-typescript/-/plugin-typescript-1.2.1.tgz#7170b039d16d41963cc61a714fe7c37f3fdd9d51"
  integrity sha512-wU+JNaMVkqGsqTaUY7TnEMhGt/3URTgA9dpMCtZX6wn/ceA7Gwlmue/sOLynf0OTNLygHPvjiQECQYkEi3LTtg==
  dependencies:
    execa "^5.0.0"
    npm-run-path "^4.0.1"

"@thi.ng/api@^6.13.6":
  version "6.13.6"
  resolved "https://registry.yarnpkg.com/@thi.ng/api/-/api-6.13.6.tgz#fb24ffd0fad409b2cc2c6156850b0d9829e0196d"
  integrity sha512-r1qJR2QaODkhG0poOKAkFIaHYeGF3rYuh/eaGx+4mBjA+jUCRlqQNr/yP1DsjMEVbjlE1jqS5apQvnfSmQlOvg==

"@thi.ng/arrays@^0.10.1":
  version "0.10.1"
  resolved "https://registry.yarnpkg.com/@thi.ng/arrays/-/arrays-0.10.1.tgz#d1552ca84c1f78b9366456da9390a918e950d212"
  integrity sha512-6LPLFO/9rz8x6Ir3+Lo/eTV1dmhPGUTqvLBUoTlxlNQulAgEVsKTCnkwFMldaesas8wqGOj8xinwRRq64WBPcA==
  dependencies:
    "@thi.ng/api" "^6.13.6"
    "@thi.ng/checks" "^2.8.0"
    "@thi.ng/compare" "^1.3.22"
    "@thi.ng/equiv" "^1.0.35"
    "@thi.ng/errors" "^1.2.26"
    "@thi.ng/random" "^2.2.0"

"@thi.ng/associative@^5.0.17":
  version "5.0.17"
  resolved "https://registry.yarnpkg.com/@thi.ng/associative/-/associative-5.0.17.tgz#559d38e83c871e1043bc42718bbd65cf60f8f67e"
  integrity sha512-64GBTF2xAd1aAprxzFG0jGG+l7Fb/RRgWLmdIhPYLzMYPUxLcDxDPoGdSMCMMwTJ4p/18bPI4r+ATcAiNFpe1g==
  dependencies:
    "@thi.ng/api" "^6.13.6"
    "@thi.ng/binary" "^2.0.21"
    "@thi.ng/checks" "^2.8.0"
    "@thi.ng/compare" "^1.3.22"
    "@thi.ng/dcons" "^2.3.9"
    "@thi.ng/equiv" "^1.0.35"
    "@thi.ng/errors" "^1.2.26"
    "@thi.ng/transducers" "^7.5.8"
    tslib "2.0.1"

"@thi.ng/atom@^4.1.27":
  version "4.1.27"
  resolved "https://registry.yarnpkg.com/@thi.ng/atom/-/atom-4.1.27.tgz#56265a8a0ddc2b3e498e9b8bb913ef4f5b64102b"
  integrity sha512-P88NBsoV68LZ6EZeiMNz9eGcfp3aIyUx2ghsklfWazzPLcIJHBv3obalkBvhREcWrg/wK9byC/HlrZWuxKHggw==
  dependencies:
    "@thi.ng/api" "^6.13.6"
    "@thi.ng/equiv" "^1.0.35"
    "@thi.ng/errors" "^1.2.26"
    "@thi.ng/paths" "^4.1.13"
    tslib "2.0.1"

"@thi.ng/binary@^2.0.21":
  version "2.0.21"
  resolved "https://registry.yarnpkg.com/@thi.ng/binary/-/binary-2.0.21.tgz#75f106a7b44e01a03b1f7455c51627bb7899b710"
  integrity sha512-LtLsWlw9U8b4K2Guv2P7cMaKXZmZnz3Bdbg9mqigXkzXzmMiuC115NuqjzJoI3fvMr2NcwVHBa1cPZ6T+zK/1w==
  dependencies:
    "@thi.ng/api" "^6.13.6"

"@thi.ng/checks@^2.8.0":
  version "2.8.0"
  resolved "https://registry.yarnpkg.com/@thi.ng/checks/-/checks-2.8.0.tgz#b5ff557236adbe76f90392c7298a29fd440f9fcb"
  integrity sha512-sAfnR+Az6y7LlK7nAWb0WRo6JTqPI9MhImZHYcQrFYwMT+IYIVhv7Vv96OrybKs2C2wxukCYAlgrhcaOfXe+QA==
  dependencies:
    tslib "2.0.1"

"@thi.ng/compare@^1.3.22":
  version "1.3.22"
  resolved "https://registry.yarnpkg.com/@thi.ng/compare/-/compare-1.3.22.tgz#56540f4ab922090c9607fa6e97130c6274d7fb87"
  integrity sha512-yCCym5BiD+0G+YASw8TSAyNwXaOU2lnBd2HBUHRd6NdcjDBzqwdNtI3ih51+jDgtw2jVSGbD0HelKczt4BsJyA==
  dependencies:
    "@thi.ng/api" "^6.13.6"

"@thi.ng/compose@^1.4.23":
  version "1.4.23"
  resolved "https://registry.yarnpkg.com/@thi.ng/compose/-/compose-1.4.23.tgz#cf1712344813e6a6d694f4e99b7f6c546ade50da"
  integrity sha512-ueuvICBbYG0Ux9+J0EI6pDJTX9+NosRDQmFcyHQMc6OcOPnc3kYBQSGg8DAtUaC1tyr+G4aHLTWuNNcwNp+QCw==
  dependencies:
    "@thi.ng/api" "^6.13.6"
    "@thi.ng/errors" "^1.2.26"

"@thi.ng/dcons@^2.3.9":
  version "2.3.9"
  resolved "https://registry.yarnpkg.com/@thi.ng/dcons/-/dcons-2.3.9.tgz#eb730bbcaf813b9c695a925e847c1b86d556d358"
  integrity sha512-kU0jfNoyM7mhYZhZo/O2TqYbTNzKLiw5RCc6nvybzlsMjyB7EQRffaTg+0q6R/LcuLZuDbCboGE1UBc1AW3V8w==
  dependencies:
    "@thi.ng/api" "^6.13.6"
    "@thi.ng/checks" "^2.8.0"
    "@thi.ng/compare" "^1.3.22"
    "@thi.ng/equiv" "^1.0.35"
    "@thi.ng/errors" "^1.2.26"
    "@thi.ng/random" "^2.2.0"
    "@thi.ng/transducers" "^7.5.8"

"@thi.ng/equiv@^1.0.35":
  version "1.0.35"
  resolved "https://registry.yarnpkg.com/@thi.ng/equiv/-/equiv-1.0.35.tgz#b76630458927947d62a7f3229db7e7d78555b2a0"
  integrity sha512-pQuu3iVAF382h/O6VihM4riGmw2Gzq6yv+m2drYqICsh6Mt5MyxwYjR1txQrZyi7WOFlQdeiRiupsZxBdPdOOw==

"@thi.ng/errors@^1.2.26":
  version "1.2.26"
  resolved "https://registry.yarnpkg.com/@thi.ng/errors/-/errors-1.2.26.tgz#04e1bed79ea5b841aee0bb15bb53361fe8c87719"
  integrity sha512-x7x4OhcthZ9obcisx0DNA1uzGh6mrG6Mjs+ATRafcfrmqxb/XyYuTLxswwfU60ZJmqz2ynyFESLTmBs9pOJn7A==

"@thi.ng/hex@^0.1.3":
  version "0.1.3"
  resolved "https://registry.yarnpkg.com/@thi.ng/hex/-/hex-0.1.3.tgz#dd9c1211e56b1c10682d29292e1433e053c55947"
  integrity sha512-TPexHY7kHeDwZDooW8pv/uVBbqE841hstLrtZdtJk7FRbG5zpceTLbbxAtbX3pEbfEaTSn/lArt2aMjAmatsBw==

"@thi.ng/math@^3.1.0":
  version "3.1.0"
  resolved "https://registry.yarnpkg.com/@thi.ng/math/-/math-3.1.0.tgz#9f69f9e3a7e7efa6a3c30d7726d8d556fa9fae6a"
  integrity sha512-xmwHc4u4fQ2zbD2ogtHybuELBvkcDRx6YvNKvIWMmoTY6HSRUybzRpxPErRJLXVrQoluZhZHkBMdUSH9Lk1sMQ==
  dependencies:
    "@thi.ng/api" "^6.13.6"

"@thi.ng/memoize@^2.1.8":
  version "2.1.8"
  resolved "https://registry.yarnpkg.com/@thi.ng/memoize/-/memoize-2.1.8.tgz#1775185613650876b69a88d71364c081a7d41b5d"
  integrity sha512-rUzHLzTY0UpTxCKKD3hlCsY8MHQTsOrexCIhwQHvuvJX0ajlw5xQbEwvU3VL7jbd+AT091YrZzx5wt22BTVcOg==
  dependencies:
    "@thi.ng/api" "^6.13.6"

"@thi.ng/paths@^4.1.13":
  version "4.1.13"
  resolved "https://registry.yarnpkg.com/@thi.ng/paths/-/paths-4.1.13.tgz#19a933a524fe46af4bdad1f8584bb73e07d6df67"
  integrity sha512-+ec26rXnXnEji+hMNhyog2x8s37F8mfdKXZ1Kg+0oaC8Tcy9+S1BaKKD9wpvI8wZxsQN/jdu9hPOFWO5VKCO0Q==
  dependencies:
    "@thi.ng/api" "^6.13.6"
    "@thi.ng/checks" "^2.8.0"
    "@thi.ng/errors" "^1.2.26"

"@thi.ng/random@^2.1.3", "@thi.ng/random@^2.2.0":
  version "2.2.0"
  resolved "https://registry.yarnpkg.com/@thi.ng/random/-/random-2.2.0.tgz#0e5436f77262424e1a40a92ff844db36bca23cad"
  integrity sha512-Apw6gDVQ8lhXVQccfsufvZqVNfE2jjlKFCho87W0V6pW3LaZbYGHclTZThnrXvOdtlXuB/VB1+QnorVGPKtPIQ==
  dependencies:
    "@thi.ng/api" "^6.13.6"
    "@thi.ng/checks" "^2.8.0"
    "@thi.ng/hex" "^0.1.3"

"@thi.ng/rstream-gestures@^3.0.0":
  version "3.0.5"
  resolved "https://registry.yarnpkg.com/@thi.ng/rstream-gestures/-/rstream-gestures-3.0.5.tgz#02d9d0ad288eaa44c0060a9f6d1a94d342b16714"
  integrity sha512-iTtcN2FnZXMjeabEhbB0F82gMWKEjJmfFA2qu1qNuny2sd4dIZKtsKtkhlFhtS24xz1raQk9H5BDodQSAvcFwQ==
  dependencies:
    "@thi.ng/api" "^6.13.6"
    "@thi.ng/checks" "^2.8.0"
    "@thi.ng/math" "^3.1.0"
    "@thi.ng/rstream" "^5.1.0"
    "@thi.ng/transducers" "^7.5.8"

"@thi.ng/rstream@^5.0.11", "@thi.ng/rstream@^5.1.0":
  version "5.1.0"
  resolved "https://registry.yarnpkg.com/@thi.ng/rstream/-/rstream-5.1.0.tgz#b146017fc279d86706214cade14699de077cc780"
  integrity sha512-k5QiUsINC+H++xAOMibXBnkvJVOLFm4YqpNt8o1Xff0dJgumDUCDLe9RKHZ1VioUDMltdah6AUOyW7das621Pw==
  dependencies:
    "@thi.ng/api" "^6.13.6"
    "@thi.ng/arrays" "^0.10.1"
    "@thi.ng/associative" "^5.0.17"
    "@thi.ng/atom" "^4.1.27"
    "@thi.ng/checks" "^2.8.0"
    "@thi.ng/errors" "^1.2.26"
    "@thi.ng/transducers" "^7.5.8"

"@thi.ng/transducers@^7.5.3", "@thi.ng/transducers@^7.5.8":
  version "7.5.8"
  resolved "https://registry.yarnpkg.com/@thi.ng/transducers/-/transducers-7.5.8.tgz#88ead3316fccdb6548c19f0c23121640431734b7"
  integrity sha512-AUC5ao+/OK2jq5nt8U57i71VuPSgXE8azzkCt6x8doGucNEaIWa1oaPzHF4yW9HHO8715hDcL3wSOtbJ+jNH6g==
  dependencies:
    "@thi.ng/api" "^6.13.6"
    "@thi.ng/arrays" "^0.10.1"
    "@thi.ng/checks" "^2.8.0"
    "@thi.ng/compare" "^1.3.22"
    "@thi.ng/compose" "^1.4.23"
    "@thi.ng/errors" "^1.2.26"
    "@thi.ng/math" "^3.1.0"
    "@thi.ng/random" "^2.2.0"

"@thi.ng/vectors@^4.8.3":
  version "4.9.1"
  resolved "https://registry.yarnpkg.com/@thi.ng/vectors/-/vectors-4.9.1.tgz#aad87e882856341a0a3aeed6b760a03bb2952d30"
  integrity sha512-IN8XOZi6CIHw6dmrFFGgvF+D8B2HLZp4V+tTH59dfWDZyPNLPtBUT1E4jMT7qwgkg7v3oj/VfRdWzy3pRrLmog==
  dependencies:
    "@thi.ng/api" "^6.13.6"
    "@thi.ng/binary" "^2.0.21"
    "@thi.ng/checks" "^2.8.0"
    "@thi.ng/equiv" "^1.0.35"
    "@thi.ng/errors" "^1.2.26"
    "@thi.ng/math" "^3.1.0"
    "@thi.ng/memoize" "^2.1.8"
    "@thi.ng/random" "^2.2.0"
    "@thi.ng/transducers" "^7.5.8"

cross-spawn@^7.0.3:
  version "7.0.3"
  resolved "https://registry.yarnpkg.com/cross-spawn/-/cross-spawn-7.0.3.tgz#f73a85b9d5d41d045551c177e2882d4ac85728a6"
  integrity sha512-iRDPJKUPVEND7dHPO8rkbOnPpyDygcDFtWjpeWNCgy8WP2rXcxXL8TskReQl6OrB2G7+UJrags1q15Fudc7G6w==
  dependencies:
    path-key "^3.1.0"
    shebang-command "^2.0.0"
    which "^2.0.1"

esbuild@^0.8.7:
  version "0.8.34"
  resolved "https://registry.yarnpkg.com/esbuild/-/esbuild-0.8.34.tgz#16b4ac58f74c821d2c5a8c2f0585ca96a38ab4e6"
  integrity sha512-tnr0V1ooakYr1aRLXQLzCn2GVG1kBTW3FWpRyC+NgrR3ntsouVpJOlTOV0BS4YLATx3/c+x3h/uBq9lWJlUAtQ==

execa@^5.0.0:
  version "5.0.0"
  resolved "https://registry.yarnpkg.com/execa/-/execa-5.0.0.tgz#4029b0007998a841fbd1032e5f4de86a3c1e3376"
  integrity sha512-ov6w/2LCiuyO4RLYGdpFGjkcs0wMTgGE8PrkTHikeUy5iJekXyPIKUjifk5CsE0pt7sMCrMZ3YNqoCj6idQOnQ==
  dependencies:
    cross-spawn "^7.0.3"
    get-stream "^6.0.0"
    human-signals "^2.1.0"
    is-stream "^2.0.0"
    merge-stream "^2.0.0"
    npm-run-path "^4.0.1"
    onetime "^5.1.2"
    signal-exit "^3.0.3"
    strip-final-newline "^2.0.0"

fsevents@^2.2.0:
  version "2.3.1"
  resolved "https://registry.yarnpkg.com/fsevents/-/fsevents-2.3.1.tgz#b209ab14c61012636c8863507edf7fb68cc54e9f"
  integrity sha512-YR47Eg4hChJGAB1O3yEAOkGO+rlzutoICGqGo9EZ4lKWokzZRSyIW1QmTzqjtw8MJdj9srP869CuWw/hyzSiBw==

fsevents@~2.1.2:
  version "2.1.3"
  resolved "https://registry.yarnpkg.com/fsevents/-/fsevents-2.1.3.tgz#fb738703ae8d2f9fe900c33836ddebee8b97f23e"
  integrity sha512-Auw9a4AxqWpa9GUfj370BMPzzyncfBABW8Mab7BGWBYDj4Isgq+cDKtx0i6u9jcX9pQDnswsaaOTgTmA5pEjuQ==

get-stream@^6.0.0:
  version "6.0.0"
  resolved "https://registry.yarnpkg.com/get-stream/-/get-stream-6.0.0.tgz#3e0012cb6827319da2706e601a1583e8629a6718"
  integrity sha512-A1B3Bh1UmL0bidM/YX2NsCOTnGJePL9rO/M+Mw3m9f2gUpfokS0hi5Eah0WSUEWZdZhIZtMjkIYS7mDfOqNHbg==

human-signals@^2.1.0:
  version "2.1.0"
  resolved "https://registry.yarnpkg.com/human-signals/-/human-signals-2.1.0.tgz#dc91fcba42e4d06e4abaed33b3e7a3c02f514ea0"
  integrity sha512-B4FFZ6q/T2jhhksgkbEW3HBvWIfDW85snkQgawt07S7J5QXTk6BkNV+0yAeZrM5QpMAdYlocGoljn0sJ/WQkFw==

is-docker@^2.0.0:
  version "2.1.1"
  resolved "https://registry.yarnpkg.com/is-docker/-/is-docker-2.1.1.tgz#4125a88e44e450d384e09047ede71adc2d144156"
  integrity sha512-ZOoqiXfEwtGknTiuDEy8pN2CfE3TxMHprvNer1mXiqwkOT77Rw3YVrUQ52EqAOU3QAWDQ+bQdx7HJzrv7LS2Hw==

is-stream@^2.0.0:
  version "2.0.0"
  resolved "https://registry.yarnpkg.com/is-stream/-/is-stream-2.0.0.tgz#bde9c32680d6fae04129d6ac9d921ce7815f78e3"
  integrity sha512-XCoy+WlUr7d1+Z8GgSuXmpuUFC9fOhRXglJMx+dwLKTkL44Cjd4W1Z5P+BQZpr+cR93aGP4S/s7Ftw6Nd/kiEw==

is-wsl@^2.1.1:
  version "2.2.0"
  resolved "https://registry.yarnpkg.com/is-wsl/-/is-wsl-2.2.0.tgz#74a4c76e77ca9fd3f932f290c17ea326cd157271"
  integrity sha512-fKzAra0rGJUUBwGBgNkHZuToZcn+TtXHpeCgmkMJMMYx1sQDYaCSyjJBSCa2nH1DGm7s3n1oBnohoVTBaN7Lww==
  dependencies:
    is-docker "^2.0.0"

isexe@^2.0.0:
  version "2.0.0"
  resolved "https://registry.yarnpkg.com/isexe/-/isexe-2.0.0.tgz#e8fbf374dc556ff8947a10dcb0572d633f2cfa10"
  integrity sha1-6PvzdNxVb/iUehDcsFctYz8s+hA=

merge-stream@^2.0.0:
  version "2.0.0"
  resolved "https://registry.yarnpkg.com/merge-stream/-/merge-stream-2.0.0.tgz#52823629a14dd00c9770fb6ad47dc6310f2c1f60"
  integrity sha512-abv/qOcuPfk3URPfDzmZU1LKmuw8kT+0nIHvKrKgFrwifol/doWcdA4ZqsWQ8ENrFKkd67Mfpo/LovbIUsbt3w==

mimic-fn@^2.1.0:
  version "2.1.0"
  resolved "https://registry.yarnpkg.com/mimic-fn/-/mimic-fn-2.1.0.tgz#7ed2c2ccccaf84d3ffcb7a69b57711fc2083401b"
  integrity sha512-OqbOk5oEQeAZ8WXWydlu9HJjz9WVdEIvamMCcXmuqUYjTknH/sqsWvhQ3vgwKFRR1HpjvNBKQ37nbJgYzGqGcg==

npm-run-path@^4.0.1:
  version "4.0.1"
  resolved "https://registry.yarnpkg.com/npm-run-path/-/npm-run-path-4.0.1.tgz#b7ecd1e5ed53da8e37a55e1c2269e0b97ed748ea"
  integrity sha512-S48WzZW777zhNIrn7gxOlISNAqi9ZC/uQFnRdbeIHhZhCA6UqpkOT8T1G7BvfdgP4Er8gF4sUbaS0i7QvIfCWw==
  dependencies:
    path-key "^3.0.0"

onetime@^5.1.2:
  version "5.1.2"
  resolved "https://registry.yarnpkg.com/onetime/-/onetime-5.1.2.tgz#d0e96ebb56b07476df1dd9c4806e5237985ca45e"
  integrity sha512-kbpaSSGJTWdAY5KPVeMOKXSrPtr8C8C7wodJbcsd51jRnmD+GZu8Y0VoU6Dm5Z4vWr0Ig/1NKuWRKf7j5aaYSg==
  dependencies:
    mimic-fn "^2.1.0"

open@^7.0.4:
  version "7.3.1"
  resolved "https://registry.yarnpkg.com/open/-/open-7.3.1.tgz#111119cb919ca1acd988f49685c4fdd0f4755356"
  integrity sha512-f2wt9DCBKKjlFbjzGb8MOAW8LH8F0mrs1zc7KTjAJ9PZNQbfenzWbNP1VZJvw6ICMG9r14Ah6yfwPn7T7i646A==
  dependencies:
    is-docker "^2.0.0"
    is-wsl "^2.1.1"

path-key@^3.0.0, path-key@^3.1.0:
  version "3.1.1"
  resolved "https://registry.yarnpkg.com/path-key/-/path-key-3.1.1.tgz#581f6ade658cbba65a0d3380de7753295054f375"
  integrity sha512-ojmeN0qd+y0jszEtoY48r0Peq5dwMEkIlCOu6Q5f41lfkswXuKtYrhgoTpLnyIcHm24Uhqx+5Tqm2InSwLhE6Q==

rollup@^2.34.0:
  version "2.38.0"
  resolved "https://registry.yarnpkg.com/rollup/-/rollup-2.38.0.tgz#57942d5a10826cb12ed1f19c261f774efa502d2d"
  integrity sha512-ay9zDiNitZK/LNE/EM2+v5CZ7drkB2xyDljvb1fQJCGnq43ZWRkhxN145oV8GmoW1YNi4sA/1Jdkr2LfawJoXw==
  optionalDependencies:
    fsevents "~2.1.2"

shebang-command@^2.0.0:
  version "2.0.0"
  resolved "https://registry.yarnpkg.com/shebang-command/-/shebang-command-2.0.0.tgz#ccd0af4f8835fbdc265b82461aaf0c36663f34ea"
  integrity sha512-kHxr2zZpYtdmrN1qDjrrX/Z1rR1kG8Dx+gkpK1G4eXmvXswmcE1hTWBWYUzlraYw1/yZp6YuDY77YtvbN0dmDA==
  dependencies:
    shebang-regex "^3.0.0"

shebang-regex@^3.0.0:
  version "3.0.0"
  resolved "https://registry.yarnpkg.com/shebang-regex/-/shebang-regex-3.0.0.tgz#ae16f1644d873ecad843b0307b143362d4c42172"
  integrity sha512-7++dFhtcx3353uBaq8DDR4NuxBetBzC7ZQOhmTQInHEd6bSrXdiEyzCvG07Z44UYdLShWUyXt5M/yhz8ekcb1A==

signal-exit@^3.0.3:
  version "3.0.3"
  resolved "https://registry.yarnpkg.com/signal-exit/-/signal-exit-3.0.3.tgz#a1410c2edd8f077b08b4e253c8eacfcaf057461c"
  integrity sha512-VUJ49FC8U1OxwZLxIbTTrDvLnf/6TDgxZcK8wxR8zs13xpx7xbG60ndBlhNrFi2EMuFRoeDoJO7wthSLq42EjA==

snowpack@^3.0.11:
  version "3.0.11"
  resolved "https://registry.yarnpkg.com/snowpack/-/snowpack-3.0.11.tgz#95f69f95367116e3a9bb5112d090d6328f2d3a28"
  integrity sha512-lBxgkvWTgdg0szE31JUt01wQkA9Lnmm+6lxqeV9rxDfflpx7ASnldVHFvu7Se70QJmPTQB0UJjfKI+xmYGwiiQ==
  dependencies:
    esbuild "^0.8.7"
    open "^7.0.4"
    rollup "^2.34.0"
  optionalDependencies:
    fsevents "^2.2.0"

strip-final-newline@^2.0.0:
  version "2.0.0"
  resolved "https://registry.yarnpkg.com/strip-final-newline/-/strip-final-newline-2.0.0.tgz#89b852fb2fcbe936f6f4b3187afb0a12c1ab58ad"
  integrity sha512-BrpvfNAE3dcvq7ll3xVumzjKjZQ5tI1sEUIKr3Uoks0XUl45St3FlatVqef9prk4jRDzhW6WZg+3bk93y6pLjA==

tslib@2.0.1:
  version "2.0.1"
  resolved "https://registry.yarnpkg.com/tslib/-/tslib-2.0.1.tgz#410eb0d113e5b6356490eec749603725b021b43e"
  integrity sha512-SgIkNheinmEBgx1IUNirK0TUD4X9yjjBRTqqjggWCU3pUEqIk3/Uwl3yRixYKT6WjQuGiwDv4NomL3wqRCj+CQ==

typescript@^4.1.3:
  version "4.1.3"
  resolved "https://registry.yarnpkg.com/typescript/-/typescript-4.1.3.tgz#519d582bd94cba0cf8934c7d8e8467e473f53bb7"
  integrity sha512-B3ZIOf1IKeH2ixgHhj6la6xdwR9QrLC5d1VKeCSY4tvkqhF2eqd9O7txNlS0PO3GrBAFIdr3L1ndNwteUbZLYg==

which@^2.0.1:
  version "2.0.2"
  resolved "https://registry.yarnpkg.com/which/-/which-2.0.2.tgz#7c6a8dd0a636a0327e10b59c9286eee93f3f51b1"
  integrity sha512-BLI3Tl1TW3Pvl70l3yq3Y64i+awpwXqsGBYWkkqMtnbXgrMD+yj7rhW0kuEDxzJaYXGjEW5ogapKNMEKNMjibA==
  dependencies:
    isexe "^2.0.0"
