{
	"name": "@jamieowen/three",
	"version": "0.0.0",
	"lockfileVersion": 2,
	"requires": true,
	"packages": {
		"": {
			"name": "@jamieowen/three",
			"version": "0.0.0",
			"license": "MIT",
			"dependencies": {
				"@thi.ng/api": "^6.13.6",
				"@thi.ng/memoize": "^2.1.8"
			}
		},
		"node_modules/@thi.ng/api": {
			"version": "6.13.6",
			"funding": [
				{
					"type": "github",
					"url": "https://github.com/sponsors/postspectacular"
				},
				{
					"type": "patreon",
					"url": "https://patreon.com/thing_umbrella"
				}
			],
			"license": "Apache-2.0"
		},
		"node_modules/@thi.ng/memoize": {
			"version": "2.1.8",
			"resolved": "https://registry.npmjs.org/@thi.ng/memoize/-/memoize-2.1.8.tgz",
			"integrity": "sha512-rUzHLzTY0UpTxCKKD3hlCsY8MHQTsOrexCIhwQHvuvJX0ajlw5xQbEwvU3VL7jbd+AT091YrZzx5wt22BTVcOg==",
			"funding": [
				{
					"type": "github",
					"url": "https://github.com/sponsors/postspectacular"
				},
				{
					"type": "patreon",
					"url": "https://patreon.com/thing_umbrella"
				}
			],
			"dependencies": {
				"@thi.ng/api": "^6.13.6"
			}
		}
	},
	"dependencies": {
		"@thi.ng/api": {
			"version": "6.13.6"
		},
		"@thi.ng/memoize": {
			"version": "2.1.8",
			"resolved": "https://registry.npmjs.org/@thi.ng/memoize/-/memoize-2.1.8.tgz",
			"integrity": "sha512-rUzHLzTY0UpTxCKKD3hlCsY8MHQTsOrexCIhwQHvuvJX0ajlw5xQbEwvU3VL7jbd+AT091YrZzx5wt22BTVcOg==",
			"requires": {
				"@thi.ng/api": "^6.13.6"
			}
		}
	}
}
