{
	"name": "@jamieowen/browser",
	"version": "0.0.5",
	"lockfileVersion": 2,
	"requires": true,
	"packages": {
		"": {
			"name": "@jamieowen/browser",
			"version": "0.0.5",
			"license": "MIT",
			"dependencies": {
				"@thi.ng/random": "^2.1.3",
				"@thi.ng/rstream": "^5.0.11",
				"@thi.ng/rstream-gestures": "^3.0.5",
				"@thi.ng/transducers": "^7.5.3"
			},
			"devDependencies": {
				"@types/resize-observer-browser": "^0.1.5"
			}
		},
		"node_modules/@thi.ng/api": {
			"version": "6.13.6",
			"resolved": "https://registry.npmjs.org/@thi.ng/api/-/api-6.13.6.tgz",
			"integrity": "sha512-r1qJR2QaODkhG0poOKAkFIaHYeGF3rYuh/eaGx+4mBjA+jUCRlqQNr/yP1DsjMEVbjlE1jqS5apQvnfSmQlOvg==",
			"funding": [
				{
					"type": "github",
					"url": "https://github.com/sponsors/postspectacular"
				},
				{
					"type": "patreon",
					"url": "https://patreon.com/thing_umbrella"
				}
			]
		},
		"node_modules/@thi.ng/arrays": {
			"version": "0.10.1",
			"resolved": "https://registry.npmjs.org/@thi.ng/arrays/-/arrays-0.10.1.tgz",
			"integrity": "sha512-6LPLFO/9rz8x6Ir3+Lo/eTV1dmhPGUTqvLBUoTlxlNQulAgEVsKTCnkwFMldaesas8wqGOj8xinwRRq64WBPcA==",
			"funding": [
				{
					"type": "github",
					"url": "https://github.com/sponsors/postspectacular"
				},
				{
					"type": "patreon",
					"url": "https://patreon.com/thing_umbrella"
				}
			],
			"dependencies": {
				"@thi.ng/api": "^6.13.6",
				"@thi.ng/checks": "^2.8.0",
				"@thi.ng/compare": "^1.3.22",
				"@thi.ng/equiv": "^1.0.35",
				"@thi.ng/errors": "^1.2.26",
				"@thi.ng/random": "^2.2.0"
			}
		},
		"node_modules/@thi.ng/associative": {
			"version": "5.0.17",
			"resolved": "https://registry.npmjs.org/@thi.ng/associative/-/associative-5.0.17.tgz",
			"integrity": "sha512-64GBTF2xAd1aAprxzFG0jGG+l7Fb/RRgWLmdIhPYLzMYPUxLcDxDPoGdSMCMMwTJ4p/18bPI4r+ATcAiNFpe1g==",
			"funding": [
				{
					"type": "github",
					"url": "https://github.com/sponsors/postspectacular"
				},
				{
					"type": "patreon",
					"url": "https://patreon.com/thing_umbrella"
				}
			],
			"dependencies": {
				"@thi.ng/api": "^6.13.6",
				"@thi.ng/binary": "^2.0.21",
				"@thi.ng/checks": "^2.8.0",
				"@thi.ng/compare": "^1.3.22",
				"@thi.ng/dcons": "^2.3.9",
				"@thi.ng/equiv": "^1.0.35",
				"@thi.ng/errors": "^1.2.26",
				"@thi.ng/transducers": "^7.5.8",
				"tslib": "2.0.1"
			}
		},
		"node_modules/@thi.ng/atom": {
			"version": "4.1.27",
			"resolved": "https://registry.npmjs.org/@thi.ng/atom/-/atom-4.1.27.tgz",
			"integrity": "sha512-P88NBsoV68LZ6EZeiMNz9eGcfp3aIyUx2ghsklfWazzPLcIJHBv3obalkBvhREcWrg/wK9byC/HlrZWuxKHggw==",
			"funding": [
				{
					"type": "github",
					"url": "https://github.com/sponsors/postspectacular"
				},
				{
					"type": "patreon",
					"url": "https://patreon.com/thing_umbrella"
				}
			],
			"dependencies": {
				"@thi.ng/api": "^6.13.6",
				"@thi.ng/equiv": "^1.0.35",
				"@thi.ng/errors": "^1.2.26",
				"@thi.ng/paths": "^4.1.13",
				"tslib": "2.0.1"
			}
		},
		"node_modules/@thi.ng/binary": {
			"version": "2.0.21",
			"resolved": "https://registry.npmjs.org/@thi.ng/binary/-/binary-2.0.21.tgz",
			"integrity": "sha512-LtLsWlw9U8b4K2Guv2P7cMaKXZmZnz3Bdbg9mqigXkzXzmMiuC115NuqjzJoI3fvMr2NcwVHBa1cPZ6T+zK/1w==",
			"funding": [
				{
					"type": "github",
					"url": "https://github.com/sponsors/postspectacular"
				},
				{
					"type": "patreon",
					"url": "https://patreon.com/thing_umbrella"
				}
			],
			"dependencies": {
				"@thi.ng/api": "^6.13.6"
			}
		},
		"node_modules/@thi.ng/checks": {
			"version": "2.8.0",
			"resolved": "https://registry.npmjs.org/@thi.ng/checks/-/checks-2.8.0.tgz",
			"integrity": "sha512-sAfnR+Az6y7LlK7nAWb0WRo6JTqPI9MhImZHYcQrFYwMT+IYIVhv7Vv96OrybKs2C2wxukCYAlgrhcaOfXe+QA==",
			"funding": [
				{
					"type": "github",
					"url": "https://github.com/sponsors/postspectacular"
				},
				{
					"type": "patreon",
					"url": "https://patreon.com/thing_umbrella"
				}
			],
			"dependencies": {
				"tslib": "2.0.1"
			}
		},
		"node_modules/@thi.ng/compare": {
			"version": "1.3.22",
			"resolved": "https://registry.npmjs.org/@thi.ng/compare/-/compare-1.3.22.tgz",
			"integrity": "sha512-yCCym5BiD+0G+YASw8TSAyNwXaOU2lnBd2HBUHRd6NdcjDBzqwdNtI3ih51+jDgtw2jVSGbD0HelKczt4BsJyA==",
			"funding": [
				{
					"type": "github",
					"url": "https://github.com/sponsors/postspectacular"
				},
				{
					"type": "patreon",
					"url": "https://patreon.com/thing_umbrella"
				}
			],
			"dependencies": {
				"@thi.ng/api": "^6.13.6"
			}
		},
		"node_modules/@thi.ng/compose": {
			"version": "1.4.23",
			"resolved": "https://registry.npmjs.org/@thi.ng/compose/-/compose-1.4.23.tgz",
			"integrity": "sha512-ueuvICBbYG0Ux9+J0EI6pDJTX9+NosRDQmFcyHQMc6OcOPnc3kYBQSGg8DAtUaC1tyr+G4aHLTWuNNcwNp+QCw==",
			"funding": [
				{
					"type": "github",
					"url": "https://github.com/sponsors/postspectacular"
				},
				{
					"type": "patreon",
					"url": "https://patreon.com/thing_umbrella"
				}
			],
			"dependencies": {
				"@thi.ng/api": "^6.13.6",
				"@thi.ng/errors": "^1.2.26"
			}
		},
		"node_modules/@thi.ng/dcons": {
			"version": "2.3.9",
			"resolved": "https://registry.npmjs.org/@thi.ng/dcons/-/dcons-2.3.9.tgz",
			"integrity": "sha512-kU0jfNoyM7mhYZhZo/O2TqYbTNzKLiw5RCc6nvybzlsMjyB7EQRffaTg+0q6R/LcuLZuDbCboGE1UBc1AW3V8w==",
			"funding": [
				{
					"type": "github",
					"url": "https://github.com/sponsors/postspectacular"
				},
				{
					"type": "patreon",
					"url": "https://patreon.com/thing_umbrella"
				}
			],
			"dependencies": {
				"@thi.ng/api": "^6.13.6",
				"@thi.ng/checks": "^2.8.0",
				"@thi.ng/compare": "^1.3.22",
				"@thi.ng/equiv": "^1.0.35",
				"@thi.ng/errors": "^1.2.26",
				"@thi.ng/random": "^2.2.0",
				"@thi.ng/transducers": "^7.5.8"
			}
		},
		"node_modules/@thi.ng/equiv": {
			"version": "1.0.35",
			"resolved": "https://registry.npmjs.org/@thi.ng/equiv/-/equiv-1.0.35.tgz",
			"integrity": "sha512-pQuu3iVAF382h/O6VihM4riGmw2Gzq6yv+m2drYqICsh6Mt5MyxwYjR1txQrZyi7WOFlQdeiRiupsZxBdPdOOw==",
			"funding": [
				{
					"type": "github",
					"url": "https://github.com/sponsors/postspectacular"
				},
				{
					"type": "patreon",
					"url": "https://patreon.com/thing_umbrella"
				}
			]
		},
		"node_modules/@thi.ng/errors": {
			"version": "1.2.26",
			"resolved": "https://registry.npmjs.org/@thi.ng/errors/-/errors-1.2.26.tgz",
			"integrity": "sha512-x7x4OhcthZ9obcisx0DNA1uzGh6mrG6Mjs+ATRafcfrmqxb/XyYuTLxswwfU60ZJmqz2ynyFESLTmBs9pOJn7A==",
			"funding": [
				{
					"type": "github",
					"url": "https://github.com/sponsors/postspectacular"
				},
				{
					"type": "patreon",
					"url": "https://patreon.com/thing_umbrella"
				}
			]
		},
		"node_modules/@thi.ng/hex": {
			"version": "0.1.3",
			"resolved": "https://registry.npmjs.org/@thi.ng/hex/-/hex-0.1.3.tgz",
			"integrity": "sha512-TPexHY7kHeDwZDooW8pv/uVBbqE841hstLrtZdtJk7FRbG5zpceTLbbxAtbX3pEbfEaTSn/lArt2aMjAmatsBw==",
			"funding": [
				{
					"type": "github",
					"url": "https://github.com/sponsors/postspectacular"
				},
				{
					"type": "patreon",
					"url": "https://patreon.com/thing_umbrella"
				}
			]
		},
		"node_modules/@thi.ng/math": {
			"version": "3.1.0",
			"resolved": "https://registry.npmjs.org/@thi.ng/math/-/math-3.1.0.tgz",
			"integrity": "sha512-xmwHc4u4fQ2zbD2ogtHybuELBvkcDRx6YvNKvIWMmoTY6HSRUybzRpxPErRJLXVrQoluZhZHkBMdUSH9Lk1sMQ==",
			"funding": [
				{
					"type": "github",
					"url": "https://github.com/sponsors/postspectacular"
				},
				{
					"type": "patreon",
					"url": "https://patreon.com/thing_umbrella"
				}
			],
			"dependencies": {
				"@thi.ng/api": "^6.13.6"
			}
		},
		"node_modules/@thi.ng/paths": {
			"version": "4.1.13",
			"resolved": "https://registry.npmjs.org/@thi.ng/paths/-/paths-4.1.13.tgz",
			"integrity": "sha512-+ec26rXnXnEji+hMNhyog2x8s37F8mfdKXZ1Kg+0oaC8Tcy9+S1BaKKD9wpvI8wZxsQN/jdu9hPOFWO5VKCO0Q==",
			"funding": [
				{
					"type": "github",
					"url": "https://github.com/sponsors/postspectacular"
				},
				{
					"type": "patreon",
					"url": "https://patreon.com/thing_umbrella"
				}
			],
			"dependencies": {
				"@thi.ng/api": "^6.13.6",
				"@thi.ng/checks": "^2.8.0",
				"@thi.ng/errors": "^1.2.26"
			}
		},
		"node_modules/@thi.ng/random": {
			"version": "2.2.0",
			"resolved": "https://registry.npmjs.org/@thi.ng/random/-/random-2.2.0.tgz",
			"integrity": "sha512-Apw6gDVQ8lhXVQccfsufvZqVNfE2jjlKFCho87W0V6pW3LaZbYGHclTZThnrXvOdtlXuB/VB1+QnorVGPKtPIQ==",
			"funding": [
				{
					"type": "github",
					"url": "https://github.com/sponsors/postspectacular"
				},
				{
					"type": "patreon",
					"url": "https://patreon.com/thing_umbrella"
				}
			],
			"dependencies": {
				"@thi.ng/api": "^6.13.6",
				"@thi.ng/checks": "^2.8.0",
				"@thi.ng/hex": "^0.1.3"
			}
		},
		"node_modules/@thi.ng/rstream": {
			"version": "5.1.0",
			"resolved": "https://registry.npmjs.org/@thi.ng/rstream/-/rstream-5.1.0.tgz",
			"integrity": "sha512-k5QiUsINC+H++xAOMibXBnkvJVOLFm4YqpNt8o1Xff0dJgumDUCDLe9RKHZ1VioUDMltdah6AUOyW7das621Pw==",
			"funding": [
				{
					"type": "github",
					"url": "https://github.com/sponsors/postspectacular"
				},
				{
					"type": "patreon",
					"url": "https://patreon.com/thing_umbrella"
				}
			],
			"dependencies": {
				"@thi.ng/api": "^6.13.6",
				"@thi.ng/arrays": "^0.10.1",
				"@thi.ng/associative": "^5.0.17",
				"@thi.ng/atom": "^4.1.27",
				"@thi.ng/checks": "^2.8.0",
				"@thi.ng/errors": "^1.2.26",
				"@thi.ng/transducers": "^7.5.8"
			}
		},
		"node_modules/@thi.ng/rstream-gestures": {
			"version": "3.0.5",
			"resolved": "https://registry.npmjs.org/@thi.ng/rstream-gestures/-/rstream-gestures-3.0.5.tgz",
			"integrity": "sha512-iTtcN2FnZXMjeabEhbB0F82gMWKEjJmfFA2qu1qNuny2sd4dIZKtsKtkhlFhtS24xz1raQk9H5BDodQSAvcFwQ==",
			"funding": [
				{
					"type": "github",
					"url": "https://github.com/sponsors/postspectacular"
				},
				{
					"type": "patreon",
					"url": "https://patreon.com/thing_umbrella"
				}
			],
			"dependencies": {
				"@thi.ng/api": "^6.13.6",
				"@thi.ng/checks": "^2.8.0",
				"@thi.ng/math": "^3.1.0",
				"@thi.ng/rstream": "^5.1.0",
				"@thi.ng/transducers": "^7.5.8"
			}
		},
		"node_modules/@thi.ng/transducers": {
			"version": "7.5.8",
			"resolved": "https://registry.npmjs.org/@thi.ng/transducers/-/transducers-7.5.8.tgz",
			"integrity": "sha512-AUC5ao+/OK2jq5nt8U57i71VuPSgXE8azzkCt6x8doGucNEaIWa1oaPzHF4yW9HHO8715hDcL3wSOtbJ+jNH6g==",
			"funding": [
				{
					"type": "github",
					"url": "https://github.com/sponsors/postspectacular"
				},
				{
					"type": "patreon",
					"url": "https://patreon.com/thing_umbrella"
				}
			],
			"dependencies": {
				"@thi.ng/api": "^6.13.6",
				"@thi.ng/arrays": "^0.10.1",
				"@thi.ng/checks": "^2.8.0",
				"@thi.ng/compare": "^1.3.22",
				"@thi.ng/compose": "^1.4.23",
				"@thi.ng/errors": "^1.2.26",
				"@thi.ng/math": "^3.1.0",
				"@thi.ng/random": "^2.2.0"
			}
		},
		"node_modules/@types/resize-observer-browser": {
			"version": "0.1.5",
			"resolved": "https://registry.npmjs.org/@types/resize-observer-browser/-/resize-observer-browser-0.1.5.tgz",
			"integrity": "sha512-8k/67Z95Goa6Lznuykxkfhq9YU3l1Qe6LNZmwde1u7802a3x8v44oq0j91DICclxatTr0rNnhXx7+VTIetSrSQ==",
			"dev": true
		},
		"node_modules/tslib": {
			"version": "2.0.1",
			"resolved": "https://registry.npmjs.org/tslib/-/tslib-2.0.1.tgz",
			"integrity": "sha512-SgIkNheinmEBgx1IUNirK0TUD4X9yjjBRTqqjggWCU3pUEqIk3/Uwl3yRixYKT6WjQuGiwDv4NomL3wqRCj+CQ=="
		}
	},
	"dependencies": {
		"@thi.ng/api": {
			"version": "6.13.6",
			"resolved": "https://registry.npmjs.org/@thi.ng/api/-/api-6.13.6.tgz",
			"integrity": "sha512-r1qJR2QaODkhG0poOKAkFIaHYeGF3rYuh/eaGx+4mBjA+jUCRlqQNr/yP1DsjMEVbjlE1jqS5apQvnfSmQlOvg=="
		},
		"@thi.ng/arrays": {
			"version": "0.10.1",
			"resolved": "https://registry.npmjs.org/@thi.ng/arrays/-/arrays-0.10.1.tgz",
			"integrity": "sha512-6LPLFO/9rz8x6Ir3+Lo/eTV1dmhPGUTqvLBUoTlxlNQulAgEVsKTCnkwFMldaesas8wqGOj8xinwRRq64WBPcA==",
			"requires": {
				"@thi.ng/api": "^6.13.6",
				"@thi.ng/checks": "^2.8.0",
				"@thi.ng/compare": "^1.3.22",
				"@thi.ng/equiv": "^1.0.35",
				"@thi.ng/errors": "^1.2.26",
				"@thi.ng/random": "^2.2.0"
			}
		},
		"@thi.ng/associative": {
			"version": "5.0.17",
			"resolved": "https://registry.npmjs.org/@thi.ng/associative/-/associative-5.0.17.tgz",
			"integrity": "sha512-64GBTF2xAd1aAprxzFG0jGG+l7Fb/RRgWLmdIhPYLzMYPUxLcDxDPoGdSMCMMwTJ4p/18bPI4r+ATcAiNFpe1g==",
			"requires": {
				"@thi.ng/api": "^6.13.6",
				"@thi.ng/binary": "^2.0.21",
				"@thi.ng/checks": "^2.8.0",
				"@thi.ng/compare": "^1.3.22",
				"@thi.ng/dcons": "^2.3.9",
				"@thi.ng/equiv": "^1.0.35",
				"@thi.ng/errors": "^1.2.26",
				"@thi.ng/transducers": "^7.5.8",
				"tslib": "2.0.1"
			}
		},
		"@thi.ng/atom": {
			"version": "4.1.27",
			"resolved": "https://registry.npmjs.org/@thi.ng/atom/-/atom-4.1.27.tgz",
			"integrity": "sha512-P88NBsoV68LZ6EZeiMNz9eGcfp3aIyUx2ghsklfWazzPLcIJHBv3obalkBvhREcWrg/wK9byC/HlrZWuxKHggw==",
			"requires": {
				"@thi.ng/api": "^6.13.6",
				"@thi.ng/equiv": "^1.0.35",
				"@thi.ng/errors": "^1.2.26",
				"@thi.ng/paths": "^4.1.13",
				"tslib": "2.0.1"
			}
		},
		"@thi.ng/binary": {
			"version": "2.0.21",
			"resolved": "https://registry.npmjs.org/@thi.ng/binary/-/binary-2.0.21.tgz",
			"integrity": "sha512-LtLsWlw9U8b4K2Guv2P7cMaKXZmZnz3Bdbg9mqigXkzXzmMiuC115NuqjzJoI3fvMr2NcwVHBa1cPZ6T+zK/1w==",
			"requires": {
				"@thi.ng/api": "^6.13.6"
			}
		},
		"@thi.ng/checks": {
			"version": "2.8.0",
			"resolved": "https://registry.npmjs.org/@thi.ng/checks/-/checks-2.8.0.tgz",
			"integrity": "sha512-sAfnR+Az6y7LlK7nAWb0WRo6JTqPI9MhImZHYcQrFYwMT+IYIVhv7Vv96OrybKs2C2wxukCYAlgrhcaOfXe+QA==",
			"requires": {
				"tslib": "2.0.1"
			}
		},
		"@thi.ng/compare": {
			"version": "1.3.22",
			"resolved": "https://registry.npmjs.org/@thi.ng/compare/-/compare-1.3.22.tgz",
			"integrity": "sha512-yCCym5BiD+0G+YASw8TSAyNwXaOU2lnBd2HBUHRd6NdcjDBzqwdNtI3ih51+jDgtw2jVSGbD0HelKczt4BsJyA==",
			"requires": {
				"@thi.ng/api": "^6.13.6"
			}
		},
		"@thi.ng/compose": {
			"version": "1.4.23",
			"resolved": "https://registry.npmjs.org/@thi.ng/compose/-/compose-1.4.23.tgz",
			"integrity": "sha512-ueuvICBbYG0Ux9+J0EI6pDJTX9+NosRDQmFcyHQMc6OcOPnc3kYBQSGg8DAtUaC1tyr+G4aHLTWuNNcwNp+QCw==",
			"requires": {
				"@thi.ng/api": "^6.13.6",
				"@thi.ng/errors": "^1.2.26"
			}
		},
		"@thi.ng/dcons": {
			"version": "2.3.9",
			"resolved": "https://registry.npmjs.org/@thi.ng/dcons/-/dcons-2.3.9.tgz",
			"integrity": "sha512-kU0jfNoyM7mhYZhZo/O2TqYbTNzKLiw5RCc6nvybzlsMjyB7EQRffaTg+0q6R/LcuLZuDbCboGE1UBc1AW3V8w==",
			"requires": {
				"@thi.ng/api": "^6.13.6",
				"@thi.ng/checks": "^2.8.0",
				"@thi.ng/compare": "^1.3.22",
				"@thi.ng/equiv": "^1.0.35",
				"@thi.ng/errors": "^1.2.26",
				"@thi.ng/random": "^2.2.0",
				"@thi.ng/transducers": "^7.5.8"
			}
		},
		"@thi.ng/equiv": {
			"version": "1.0.35",
			"resolved": "https://registry.npmjs.org/@thi.ng/equiv/-/equiv-1.0.35.tgz",
			"integrity": "sha512-pQuu3iVAF382h/O6VihM4riGmw2Gzq6yv+m2drYqICsh6Mt5MyxwYjR1txQrZyi7WOFlQdeiRiupsZxBdPdOOw=="
		},
		"@thi.ng/errors": {
			"version": "1.2.26",
			"resolved": "https://registry.npmjs.org/@thi.ng/errors/-/errors-1.2.26.tgz",
			"integrity": "sha512-x7x4OhcthZ9obcisx0DNA1uzGh6mrG6Mjs+ATRafcfrmqxb/XyYuTLxswwfU60ZJmqz2ynyFESLTmBs9pOJn7A=="
		},
		"@thi.ng/hex": {
			"version": "0.1.3",
			"resolved": "https://registry.npmjs.org/@thi.ng/hex/-/hex-0.1.3.tgz",
			"integrity": "sha512-TPexHY7kHeDwZDooW8pv/uVBbqE841hstLrtZdtJk7FRbG5zpceTLbbxAtbX3pEbfEaTSn/lArt2aMjAmatsBw=="
		},
		"@thi.ng/math": {
			"version": "3.1.0",
			"resolved": "https://registry.npmjs.org/@thi.ng/math/-/math-3.1.0.tgz",
			"integrity": "sha512-xmwHc4u4fQ2zbD2ogtHybuELBvkcDRx6YvNKvIWMmoTY6HSRUybzRpxPErRJLXVrQoluZhZHkBMdUSH9Lk1sMQ==",
			"requires": {
				"@thi.ng/api": "^6.13.6"
			}
		},
		"@thi.ng/paths": {
			"version": "4.1.13",
			"resolved": "https://registry.npmjs.org/@thi.ng/paths/-/paths-4.1.13.tgz",
			"integrity": "sha512-+ec26rXnXnEji+hMNhyog2x8s37F8mfdKXZ1Kg+0oaC8Tcy9+S1BaKKD9wpvI8wZxsQN/jdu9hPOFWO5VKCO0Q==",
			"requires": {
				"@thi.ng/api": "^6.13.6",
				"@thi.ng/checks": "^2.8.0",
				"@thi.ng/errors": "^1.2.26"
			}
		},
		"@thi.ng/random": {
			"version": "2.2.0",
			"resolved": "https://registry.npmjs.org/@thi.ng/random/-/random-2.2.0.tgz",
			"integrity": "sha512-Apw6gDVQ8lhXVQccfsufvZqVNfE2jjlKFCho87W0V6pW3LaZbYGHclTZThnrXvOdtlXuB/VB1+QnorVGPKtPIQ==",
			"requires": {
				"@thi.ng/api": "^6.13.6",
				"@thi.ng/checks": "^2.8.0",
				"@thi.ng/hex": "^0.1.3"
			}
		},
		"@thi.ng/rstream": {
			"version": "5.1.0",
			"resolved": "https://registry.npmjs.org/@thi.ng/rstream/-/rstream-5.1.0.tgz",
			"integrity": "sha512-k5QiUsINC+H++xAOMibXBnkvJVOLFm4YqpNt8o1Xff0dJgumDUCDLe9RKHZ1VioUDMltdah6AUOyW7das621Pw==",
			"requires": {
				"@thi.ng/api": "^6.13.6",
				"@thi.ng/arrays": "^0.10.1",
				"@thi.ng/associative": "^5.0.17",
				"@thi.ng/atom": "^4.1.27",
				"@thi.ng/checks": "^2.8.0",
				"@thi.ng/errors": "^1.2.26",
				"@thi.ng/transducers": "^7.5.8"
			}
		},
		"@thi.ng/rstream-gestures": {
			"version": "3.0.5",
			"resolved": "https://registry.npmjs.org/@thi.ng/rstream-gestures/-/rstream-gestures-3.0.5.tgz",
			"integrity": "sha512-iTtcN2FnZXMjeabEhbB0F82gMWKEjJmfFA2qu1qNuny2sd4dIZKtsKtkhlFhtS24xz1raQk9H5BDodQSAvcFwQ==",
			"requires": {
				"@thi.ng/api": "^6.13.6",
				"@thi.ng/checks": "^2.8.0",
				"@thi.ng/math": "^3.1.0",
				"@thi.ng/rstream": "^5.1.0",
				"@thi.ng/transducers": "^7.5.8"
			}
		},
		"@thi.ng/transducers": {
			"version": "7.5.8",
			"resolved": "https://registry.npmjs.org/@thi.ng/transducers/-/transducers-7.5.8.tgz",
			"integrity": "sha512-AUC5ao+/OK2jq5nt8U57i71VuPSgXE8azzkCt6x8doGucNEaIWa1oaPzHF4yW9HHO8715hDcL3wSOtbJ+jNH6g==",
			"requires": {
				"@thi.ng/api": "^6.13.6",
				"@thi.ng/arrays": "^0.10.1",
				"@thi.ng/checks": "^2.8.0",
				"@thi.ng/compare": "^1.3.22",
				"@thi.ng/compose": "^1.4.23",
				"@thi.ng/errors": "^1.2.26",
				"@thi.ng/math": "^3.1.0",
				"@thi.ng/random": "^2.2.0"
			}
		},
		"@types/resize-observer-browser": {
			"version": "0.1.5",
			"resolved": "https://registry.npmjs.org/@types/resize-observer-browser/-/resize-observer-browser-0.1.5.tgz",
			"integrity": "sha512-8k/67Z95Goa6Lznuykxkfhq9YU3l1Qe6LNZmwde1u7802a3x8v44oq0j91DICclxatTr0rNnhXx7+VTIetSrSQ==",
			"dev": true
		},
		"tslib": {
			"version": "2.0.1",
			"resolved": "https://registry.npmjs.org/tslib/-/tslib-2.0.1.tgz",
			"integrity": "sha512-SgIkNheinmEBgx1IUNirK0TUD4X9yjjBRTqqjggWCU3pUEqIk3/Uwl3yRixYKT6WjQuGiwDv4NomL3wqRCj+CQ=="
		}
	}
}
