{
	"name": "@jamieowen/webgl",
	"version": "0.0.2",
	"lockfileVersion": 2,
	"requires": true,
	"packages": {
		"": {
			"name": "@jamieowen/webgl",
			"version": "0.0.2",
			"license": "MIT",
			"dependencies": {
				"@thi.ng/api": "^7.0.0",
				"@thi.ng/shader-ast": "^0.7.12",
				"@thi.ng/shader-ast-glsl": "^0.2.20"
			}
		},
		"node_modules/@thi.ng/api": {
			"version": "7.0.0",
			"resolved": "https://registry.npmjs.org/@thi.ng/api/-/api-7.0.0.tgz",
			"integrity": "sha512-d5uKBurYINVTgYNIP49Zz1JORWgvVgRC5DSzw9l5G3rQ1LZC3SQ0iCQ0S3MAHQQvvu8VbIvyM9Mlw5vDCkFmzQ==",
			"funding": [
				{
					"type": "github",
					"url": "https://github.com/sponsors/postspectacular"
				},
				{
					"type": "patreon",
					"url": "https://patreon.com/thing_umbrella"
				}
			]
		},
		"node_modules/@thi.ng/arrays": {
			"version": "0.10.1",
			"resolved": "https://registry.npmjs.org/@thi.ng/arrays/-/arrays-0.10.1.tgz",
			"integrity": "sha512-6LPLFO/9rz8x6Ir3+Lo/eTV1dmhPGUTqvLBUoTlxlNQulAgEVsKTCnkwFMldaesas8wqGOj8xinwRRq64WBPcA==",
			"funding": [
				{
					"type": "github",
					"url": "https://github.com/sponsors/postspectacular"
				},
				{
					"type": "patreon",
					"url": "https://patreon.com/thing_umbrella"
				}
			],
			"dependencies": {
				"@thi.ng/api": "^6.13.6",
				"@thi.ng/checks": "^2.8.0",
				"@thi.ng/compare": "^1.3.22",
				"@thi.ng/equiv": "^1.0.35",
				"@thi.ng/errors": "^1.2.26",
				"@thi.ng/random": "^2.2.0"
			}
		},
		"node_modules/@thi.ng/arrays/node_modules/@thi.ng/api": {
			"version": "6.13.6",
			"resolved": "https://registry.npmjs.org/@thi.ng/api/-/api-6.13.6.tgz",
			"integrity": "sha512-r1qJR2QaODkhG0poOKAkFIaHYeGF3rYuh/eaGx+4mBjA+jUCRlqQNr/yP1DsjMEVbjlE1jqS5apQvnfSmQlOvg==",
			"funding": [
				{
					"type": "github",
					"url": "https://github.com/sponsors/postspectacular"
				},
				{
					"type": "patreon",
					"url": "https://patreon.com/thing_umbrella"
				}
			]
		},
		"node_modules/@thi.ng/associative": {
			"version": "5.0.17",
			"resolved": "https://registry.npmjs.org/@thi.ng/associative/-/associative-5.0.17.tgz",
			"integrity": "sha512-64GBTF2xAd1aAprxzFG0jGG+l7Fb/RRgWLmdIhPYLzMYPUxLcDxDPoGdSMCMMwTJ4p/18bPI4r+ATcAiNFpe1g==",
			"funding": [
				{
					"type": "github",
					"url": "https://github.com/sponsors/postspectacular"
				},
				{
					"type": "patreon",
					"url": "https://patreon.com/thing_umbrella"
				}
			],
			"dependencies": {
				"@thi.ng/api": "^6.13.6",
				"@thi.ng/binary": "^2.0.21",
				"@thi.ng/checks": "^2.8.0",
				"@thi.ng/compare": "^1.3.22",
				"@thi.ng/dcons": "^2.3.9",
				"@thi.ng/equiv": "^1.0.35",
				"@thi.ng/errors": "^1.2.26",
				"@thi.ng/transducers": "^7.5.8",
				"tslib": "2.0.1"
			}
		},
		"node_modules/@thi.ng/associative/node_modules/@thi.ng/api": {
			"version": "6.13.6",
			"resolved": "https://registry.npmjs.org/@thi.ng/api/-/api-6.13.6.tgz",
			"integrity": "sha512-r1qJR2QaODkhG0poOKAkFIaHYeGF3rYuh/eaGx+4mBjA+jUCRlqQNr/yP1DsjMEVbjlE1jqS5apQvnfSmQlOvg==",
			"funding": [
				{
					"type": "github",
					"url": "https://github.com/sponsors/postspectacular"
				},
				{
					"type": "patreon",
					"url": "https://patreon.com/thing_umbrella"
				}
			]
		},
		"node_modules/@thi.ng/binary": {
			"version": "2.0.21",
			"resolved": "https://registry.npmjs.org/@thi.ng/binary/-/binary-2.0.21.tgz",
			"integrity": "sha512-LtLsWlw9U8b4K2Guv2P7cMaKXZmZnz3Bdbg9mqigXkzXzmMiuC115NuqjzJoI3fvMr2NcwVHBa1cPZ6T+zK/1w==",
			"funding": [
				{
					"type": "github",
					"url": "https://github.com/sponsors/postspectacular"
				},
				{
					"type": "patreon",
					"url": "https://patreon.com/thing_umbrella"
				}
			],
			"dependencies": {
				"@thi.ng/api": "^6.13.6"
			}
		},
		"node_modules/@thi.ng/binary/node_modules/@thi.ng/api": {
			"version": "6.13.6",
			"resolved": "https://registry.npmjs.org/@thi.ng/api/-/api-6.13.6.tgz",
			"integrity": "sha512-r1qJR2QaODkhG0poOKAkFIaHYeGF3rYuh/eaGx+4mBjA+jUCRlqQNr/yP1DsjMEVbjlE1jqS5apQvnfSmQlOvg==",
			"funding": [
				{
					"type": "github",
					"url": "https://github.com/sponsors/postspectacular"
				},
				{
					"type": "patreon",
					"url": "https://patreon.com/thing_umbrella"
				}
			]
		},
		"node_modules/@thi.ng/checks": {
			"version": "2.8.0",
			"resolved": "https://registry.npmjs.org/@thi.ng/checks/-/checks-2.8.0.tgz",
			"integrity": "sha512-sAfnR+Az6y7LlK7nAWb0WRo6JTqPI9MhImZHYcQrFYwMT+IYIVhv7Vv96OrybKs2C2wxukCYAlgrhcaOfXe+QA==",
			"funding": [
				{
					"type": "github",
					"url": "https://github.com/sponsors/postspectacular"
				},
				{
					"type": "patreon",
					"url": "https://patreon.com/thing_umbrella"
				}
			],
			"dependencies": {
				"tslib": "2.0.1"
			}
		},
		"node_modules/@thi.ng/compare": {
			"version": "1.3.22",
			"resolved": "https://registry.npmjs.org/@thi.ng/compare/-/compare-1.3.22.tgz",
			"integrity": "sha512-yCCym5BiD+0G+YASw8TSAyNwXaOU2lnBd2HBUHRd6NdcjDBzqwdNtI3ih51+jDgtw2jVSGbD0HelKczt4BsJyA==",
			"funding": [
				{
					"type": "github",
					"url": "https://github.com/sponsors/postspectacular"
				},
				{
					"type": "patreon",
					"url": "https://patreon.com/thing_umbrella"
				}
			],
			"dependencies": {
				"@thi.ng/api": "^6.13.6"
			}
		},
		"node_modules/@thi.ng/compare/node_modules/@thi.ng/api": {
			"version": "6.13.6",
			"resolved": "https://registry.npmjs.org/@thi.ng/api/-/api-6.13.6.tgz",
			"integrity": "sha512-r1qJR2QaODkhG0poOKAkFIaHYeGF3rYuh/eaGx+4mBjA+jUCRlqQNr/yP1DsjMEVbjlE1jqS5apQvnfSmQlOvg==",
			"funding": [
				{
					"type": "github",
					"url": "https://github.com/sponsors/postspectacular"
				},
				{
					"type": "patreon",
					"url": "https://patreon.com/thing_umbrella"
				}
			]
		},
		"node_modules/@thi.ng/compose": {
			"version": "1.4.23",
			"resolved": "https://registry.npmjs.org/@thi.ng/compose/-/compose-1.4.23.tgz",
			"integrity": "sha512-ueuvICBbYG0Ux9+J0EI6pDJTX9+NosRDQmFcyHQMc6OcOPnc3kYBQSGg8DAtUaC1tyr+G4aHLTWuNNcwNp+QCw==",
			"funding": [
				{
					"type": "github",
					"url": "https://github.com/sponsors/postspectacular"
				},
				{
					"type": "patreon",
					"url": "https://patreon.com/thing_umbrella"
				}
			],
			"dependencies": {
				"@thi.ng/api": "^6.13.6",
				"@thi.ng/errors": "^1.2.26"
			}
		},
		"node_modules/@thi.ng/compose/node_modules/@thi.ng/api": {
			"version": "6.13.6",
			"resolved": "https://registry.npmjs.org/@thi.ng/api/-/api-6.13.6.tgz",
			"integrity": "sha512-r1qJR2QaODkhG0poOKAkFIaHYeGF3rYuh/eaGx+4mBjA+jUCRlqQNr/yP1DsjMEVbjlE1jqS5apQvnfSmQlOvg==",
			"funding": [
				{
					"type": "github",
					"url": "https://github.com/sponsors/postspectacular"
				},
				{
					"type": "patreon",
					"url": "https://patreon.com/thing_umbrella"
				}
			]
		},
		"node_modules/@thi.ng/dcons": {
			"version": "2.3.9",
			"resolved": "https://registry.npmjs.org/@thi.ng/dcons/-/dcons-2.3.9.tgz",
			"integrity": "sha512-kU0jfNoyM7mhYZhZo/O2TqYbTNzKLiw5RCc6nvybzlsMjyB7EQRffaTg+0q6R/LcuLZuDbCboGE1UBc1AW3V8w==",
			"funding": [
				{
					"type": "github",
					"url": "https://github.com/sponsors/postspectacular"
				},
				{
					"type": "patreon",
					"url": "https://patreon.com/thing_umbrella"
				}
			],
			"dependencies": {
				"@thi.ng/api": "^6.13.6",
				"@thi.ng/checks": "^2.8.0",
				"@thi.ng/compare": "^1.3.22",
				"@thi.ng/equiv": "^1.0.35",
				"@thi.ng/errors": "^1.2.26",
				"@thi.ng/random": "^2.2.0",
				"@thi.ng/transducers": "^7.5.8"
			}
		},
		"node_modules/@thi.ng/dcons/node_modules/@thi.ng/api": {
			"version": "6.13.6",
			"resolved": "https://registry.npmjs.org/@thi.ng/api/-/api-6.13.6.tgz",
			"integrity": "sha512-r1qJR2QaODkhG0poOKAkFIaHYeGF3rYuh/eaGx+4mBjA+jUCRlqQNr/yP1DsjMEVbjlE1jqS5apQvnfSmQlOvg==",
			"funding": [
				{
					"type": "github",
					"url": "https://github.com/sponsors/postspectacular"
				},
				{
					"type": "patreon",
					"url": "https://patreon.com/thing_umbrella"
				}
			]
		},
		"node_modules/@thi.ng/defmulti": {
			"version": "1.3.4",
			"resolved": "https://registry.npmjs.org/@thi.ng/defmulti/-/defmulti-1.3.4.tgz",
			"integrity": "sha512-CRHdywV69Wp5EQkX80znhGXvgz0ThcXRbRwO8FpEG/P6XEltzsxWFWmrXiRYOZNKQGTFQIqtMKdlCRHgndGuVw==",
			"funding": [
				{
					"type": "github",
					"url": "https://github.com/sponsors/postspectacular"
				},
				{
					"type": "patreon",
					"url": "https://patreon.com/thing_umbrella"
				}
			],
			"dependencies": {
				"@thi.ng/api": "^6.13.6",
				"@thi.ng/errors": "^1.2.26"
			}
		},
		"node_modules/@thi.ng/defmulti/node_modules/@thi.ng/api": {
			"version": "6.13.6",
			"resolved": "https://registry.npmjs.org/@thi.ng/api/-/api-6.13.6.tgz",
			"integrity": "sha512-r1qJR2QaODkhG0poOKAkFIaHYeGF3rYuh/eaGx+4mBjA+jUCRlqQNr/yP1DsjMEVbjlE1jqS5apQvnfSmQlOvg==",
			"funding": [
				{
					"type": "github",
					"url": "https://github.com/sponsors/postspectacular"
				},
				{
					"type": "patreon",
					"url": "https://patreon.com/thing_umbrella"
				}
			]
		},
		"node_modules/@thi.ng/dgraph": {
			"version": "1.3.8",
			"resolved": "https://registry.npmjs.org/@thi.ng/dgraph/-/dgraph-1.3.8.tgz",
			"integrity": "sha512-DqcReU65UbWQD5NdaL5gGBxB3/MI3Rgqi8+HqEY4m7K98f6/T6SFFYHXBuTNGiEYJiXGBqEnXX+dAdi7278l8Q==",
			"funding": [
				{
					"type": "github",
					"url": "https://github.com/sponsors/postspectacular"
				},
				{
					"type": "patreon",
					"url": "https://patreon.com/thing_umbrella"
				}
			],
			"dependencies": {
				"@thi.ng/api": "^6.13.6",
				"@thi.ng/associative": "^5.0.17",
				"@thi.ng/equiv": "^1.0.35",
				"@thi.ng/errors": "^1.2.26",
				"@thi.ng/transducers": "^7.5.8"
			}
		},
		"node_modules/@thi.ng/dgraph/node_modules/@thi.ng/api": {
			"version": "6.13.6",
			"resolved": "https://registry.npmjs.org/@thi.ng/api/-/api-6.13.6.tgz",
			"integrity": "sha512-r1qJR2QaODkhG0poOKAkFIaHYeGF3rYuh/eaGx+4mBjA+jUCRlqQNr/yP1DsjMEVbjlE1jqS5apQvnfSmQlOvg==",
			"funding": [
				{
					"type": "github",
					"url": "https://github.com/sponsors/postspectacular"
				},
				{
					"type": "patreon",
					"url": "https://patreon.com/thing_umbrella"
				}
			]
		},
		"node_modules/@thi.ng/equiv": {
			"version": "1.0.35",
			"resolved": "https://registry.npmjs.org/@thi.ng/equiv/-/equiv-1.0.35.tgz",
			"integrity": "sha512-pQuu3iVAF382h/O6VihM4riGmw2Gzq6yv+m2drYqICsh6Mt5MyxwYjR1txQrZyi7WOFlQdeiRiupsZxBdPdOOw==",
			"funding": [
				{
					"type": "github",
					"url": "https://github.com/sponsors/postspectacular"
				},
				{
					"type": "patreon",
					"url": "https://patreon.com/thing_umbrella"
				}
			]
		},
		"node_modules/@thi.ng/errors": {
			"version": "1.2.26",
			"resolved": "https://registry.npmjs.org/@thi.ng/errors/-/errors-1.2.26.tgz",
			"integrity": "sha512-x7x4OhcthZ9obcisx0DNA1uzGh6mrG6Mjs+ATRafcfrmqxb/XyYuTLxswwfU60ZJmqz2ynyFESLTmBs9pOJn7A==",
			"funding": [
				{
					"type": "github",
					"url": "https://github.com/sponsors/postspectacular"
				},
				{
					"type": "patreon",
					"url": "https://patreon.com/thing_umbrella"
				}
			]
		},
		"node_modules/@thi.ng/hex": {
			"version": "0.1.3",
			"resolved": "https://registry.npmjs.org/@thi.ng/hex/-/hex-0.1.3.tgz",
			"integrity": "sha512-TPexHY7kHeDwZDooW8pv/uVBbqE841hstLrtZdtJk7FRbG5zpceTLbbxAtbX3pEbfEaTSn/lArt2aMjAmatsBw==",
			"funding": [
				{
					"type": "github",
					"url": "https://github.com/sponsors/postspectacular"
				},
				{
					"type": "patreon",
					"url": "https://patreon.com/thing_umbrella"
				}
			]
		},
		"node_modules/@thi.ng/math": {
			"version": "3.1.0",
			"resolved": "https://registry.npmjs.org/@thi.ng/math/-/math-3.1.0.tgz",
			"integrity": "sha512-xmwHc4u4fQ2zbD2ogtHybuELBvkcDRx6YvNKvIWMmoTY6HSRUybzRpxPErRJLXVrQoluZhZHkBMdUSH9Lk1sMQ==",
			"funding": [
				{
					"type": "github",
					"url": "https://github.com/sponsors/postspectacular"
				},
				{
					"type": "patreon",
					"url": "https://patreon.com/thing_umbrella"
				}
			],
			"dependencies": {
				"@thi.ng/api": "^6.13.6"
			}
		},
		"node_modules/@thi.ng/math/node_modules/@thi.ng/api": {
			"version": "6.13.6",
			"resolved": "https://registry.npmjs.org/@thi.ng/api/-/api-6.13.6.tgz",
			"integrity": "sha512-r1qJR2QaODkhG0poOKAkFIaHYeGF3rYuh/eaGx+4mBjA+jUCRlqQNr/yP1DsjMEVbjlE1jqS5apQvnfSmQlOvg==",
			"funding": [
				{
					"type": "github",
					"url": "https://github.com/sponsors/postspectacular"
				},
				{
					"type": "patreon",
					"url": "https://patreon.com/thing_umbrella"
				}
			]
		},
		"node_modules/@thi.ng/random": {
			"version": "2.2.0",
			"resolved": "https://registry.npmjs.org/@thi.ng/random/-/random-2.2.0.tgz",
			"integrity": "sha512-Apw6gDVQ8lhXVQccfsufvZqVNfE2jjlKFCho87W0V6pW3LaZbYGHclTZThnrXvOdtlXuB/VB1+QnorVGPKtPIQ==",
			"funding": [
				{
					"type": "github",
					"url": "https://github.com/sponsors/postspectacular"
				},
				{
					"type": "patreon",
					"url": "https://patreon.com/thing_umbrella"
				}
			],
			"dependencies": {
				"@thi.ng/api": "^6.13.6",
				"@thi.ng/checks": "^2.8.0",
				"@thi.ng/hex": "^0.1.3"
			}
		},
		"node_modules/@thi.ng/random/node_modules/@thi.ng/api": {
			"version": "6.13.6",
			"resolved": "https://registry.npmjs.org/@thi.ng/api/-/api-6.13.6.tgz",
			"integrity": "sha512-r1qJR2QaODkhG0poOKAkFIaHYeGF3rYuh/eaGx+4mBjA+jUCRlqQNr/yP1DsjMEVbjlE1jqS5apQvnfSmQlOvg==",
			"funding": [
				{
					"type": "github",
					"url": "https://github.com/sponsors/postspectacular"
				},
				{
					"type": "patreon",
					"url": "https://patreon.com/thing_umbrella"
				}
			]
		},
		"node_modules/@thi.ng/shader-ast": {
			"version": "0.7.12",
			"resolved": "https://registry.npmjs.org/@thi.ng/shader-ast/-/shader-ast-0.7.12.tgz",
			"integrity": "sha512-D8ltLuNvMmss+JMy+CQoF67ihMI0h+iuEo2jnLtSrmlyXUXnW13CNsrct8K7XQR79hBwNKYZheKYB9oYWoTt/g==",
			"funding": [
				{
					"type": "github",
					"url": "https://github.com/sponsors/postspectacular"
				},
				{
					"type": "patreon",
					"url": "https://patreon.com/thing_umbrella"
				}
			],
			"dependencies": {
				"@thi.ng/api": "^6.13.6",
				"@thi.ng/checks": "^2.8.0",
				"@thi.ng/defmulti": "^1.3.4",
				"@thi.ng/dgraph": "^1.3.8",
				"@thi.ng/errors": "^1.2.26"
			}
		},
		"node_modules/@thi.ng/shader-ast-glsl": {
			"version": "0.2.20",
			"resolved": "https://registry.npmjs.org/@thi.ng/shader-ast-glsl/-/shader-ast-glsl-0.2.20.tgz",
			"integrity": "sha512-I/jRO5srAqW40sqbO/brWdZIQjrYdrcFSDWolB6zEJOtH6JyueLigBvS/QHSS3A7bD/A1s78KrjcGCxbhvdV6w==",
			"funding": [
				{
					"type": "github",
					"url": "https://github.com/sponsors/postspectacular"
				},
				{
					"type": "patreon",
					"url": "https://patreon.com/thing_umbrella"
				}
			],
			"dependencies": {
				"@thi.ng/api": "^6.13.6",
				"@thi.ng/checks": "^2.8.0",
				"@thi.ng/errors": "^1.2.26",
				"@thi.ng/shader-ast": "^0.7.12"
			}
		},
		"node_modules/@thi.ng/shader-ast-glsl/node_modules/@thi.ng/api": {
			"version": "6.13.6",
			"resolved": "https://registry.npmjs.org/@thi.ng/api/-/api-6.13.6.tgz",
			"integrity": "sha512-r1qJR2QaODkhG0poOKAkFIaHYeGF3rYuh/eaGx+4mBjA+jUCRlqQNr/yP1DsjMEVbjlE1jqS5apQvnfSmQlOvg==",
			"funding": [
				{
					"type": "github",
					"url": "https://github.com/sponsors/postspectacular"
				},
				{
					"type": "patreon",
					"url": "https://patreon.com/thing_umbrella"
				}
			]
		},
		"node_modules/@thi.ng/shader-ast/node_modules/@thi.ng/api": {
			"version": "6.13.6",
			"resolved": "https://registry.npmjs.org/@thi.ng/api/-/api-6.13.6.tgz",
			"integrity": "sha512-r1qJR2QaODkhG0poOKAkFIaHYeGF3rYuh/eaGx+4mBjA+jUCRlqQNr/yP1DsjMEVbjlE1jqS5apQvnfSmQlOvg==",
			"funding": [
				{
					"type": "github",
					"url": "https://github.com/sponsors/postspectacular"
				},
				{
					"type": "patreon",
					"url": "https://patreon.com/thing_umbrella"
				}
			]
		},
		"node_modules/@thi.ng/transducers": {
			"version": "7.5.8",
			"resolved": "https://registry.npmjs.org/@thi.ng/transducers/-/transducers-7.5.8.tgz",
			"integrity": "sha512-AUC5ao+/OK2jq5nt8U57i71VuPSgXE8azzkCt6x8doGucNEaIWa1oaPzHF4yW9HHO8715hDcL3wSOtbJ+jNH6g==",
			"funding": [
				{
					"type": "github",
					"url": "https://github.com/sponsors/postspectacular"
				},
				{
					"type": "patreon",
					"url": "https://patreon.com/thing_umbrella"
				}
			],
			"dependencies": {
				"@thi.ng/api": "^6.13.6",
				"@thi.ng/arrays": "^0.10.1",
				"@thi.ng/checks": "^2.8.0",
				"@thi.ng/compare": "^1.3.22",
				"@thi.ng/compose": "^1.4.23",
				"@thi.ng/errors": "^1.2.26",
				"@thi.ng/math": "^3.1.0",
				"@thi.ng/random": "^2.2.0"
			}
		},
		"node_modules/@thi.ng/transducers/node_modules/@thi.ng/api": {
			"version": "6.13.6",
			"resolved": "https://registry.npmjs.org/@thi.ng/api/-/api-6.13.6.tgz",
			"integrity": "sha512-r1qJR2QaODkhG0poOKAkFIaHYeGF3rYuh/eaGx+4mBjA+jUCRlqQNr/yP1DsjMEVbjlE1jqS5apQvnfSmQlOvg==",
			"funding": [
				{
					"type": "github",
					"url": "https://github.com/sponsors/postspectacular"
				},
				{
					"type": "patreon",
					"url": "https://patreon.com/thing_umbrella"
				}
			]
		},
		"node_modules/tslib": {
			"version": "2.0.1",
			"resolved": "https://registry.npmjs.org/tslib/-/tslib-2.0.1.tgz",
			"integrity": "sha512-SgIkNheinmEBgx1IUNirK0TUD4X9yjjBRTqqjggWCU3pUEqIk3/Uwl3yRixYKT6WjQuGiwDv4NomL3wqRCj+CQ=="
		}
	},
	"dependencies": {
		"@thi.ng/api": {
			"version": "7.0.0",
			"resolved": "https://registry.npmjs.org/@thi.ng/api/-/api-7.0.0.tgz",
			"integrity": "sha512-d5uKBurYINVTgYNIP49Zz1JORWgvVgRC5DSzw9l5G3rQ1LZC3SQ0iCQ0S3MAHQQvvu8VbIvyM9Mlw5vDCkFmzQ=="
		},
		"@thi.ng/arrays": {
			"version": "0.10.1",
			"resolved": "https://registry.npmjs.org/@thi.ng/arrays/-/arrays-0.10.1.tgz",
			"integrity": "sha512-6LPLFO/9rz8x6Ir3+Lo/eTV1dmhPGUTqvLBUoTlxlNQulAgEVsKTCnkwFMldaesas8wqGOj8xinwRRq64WBPcA==",
			"requires": {
				"@thi.ng/api": "^6.13.6",
				"@thi.ng/checks": "^2.8.0",
				"@thi.ng/compare": "^1.3.22",
				"@thi.ng/equiv": "^1.0.35",
				"@thi.ng/errors": "^1.2.26",
				"@thi.ng/random": "^2.2.0"
			},
			"dependencies": {
				"@thi.ng/api": {
					"version": "6.13.6",
					"resolved": "https://registry.npmjs.org/@thi.ng/api/-/api-6.13.6.tgz",
					"integrity": "sha512-r1qJR2QaODkhG0poOKAkFIaHYeGF3rYuh/eaGx+4mBjA+jUCRlqQNr/yP1DsjMEVbjlE1jqS5apQvnfSmQlOvg=="
				}
			}
		},
		"@thi.ng/associative": {
			"version": "5.0.17",
			"resolved": "https://registry.npmjs.org/@thi.ng/associative/-/associative-5.0.17.tgz",
			"integrity": "sha512-64GBTF2xAd1aAprxzFG0jGG+l7Fb/RRgWLmdIhPYLzMYPUxLcDxDPoGdSMCMMwTJ4p/18bPI4r+ATcAiNFpe1g==",
			"requires": {
				"@thi.ng/api": "^6.13.6",
				"@thi.ng/binary": "^2.0.21",
				"@thi.ng/checks": "^2.8.0",
				"@thi.ng/compare": "^1.3.22",
				"@thi.ng/dcons": "^2.3.9",
				"@thi.ng/equiv": "^1.0.35",
				"@thi.ng/errors": "^1.2.26",
				"@thi.ng/transducers": "^7.5.8",
				"tslib": "2.0.1"
			},
			"dependencies": {
				"@thi.ng/api": {
					"version": "6.13.6",
					"resolved": "https://registry.npmjs.org/@thi.ng/api/-/api-6.13.6.tgz",
					"integrity": "sha512-r1qJR2QaODkhG0poOKAkFIaHYeGF3rYuh/eaGx+4mBjA+jUCRlqQNr/yP1DsjMEVbjlE1jqS5apQvnfSmQlOvg=="
				}
			}
		},
		"@thi.ng/binary": {
			"version": "2.0.21",
			"resolved": "https://registry.npmjs.org/@thi.ng/binary/-/binary-2.0.21.tgz",
			"integrity": "sha512-LtLsWlw9U8b4K2Guv2P7cMaKXZmZnz3Bdbg9mqigXkzXzmMiuC115NuqjzJoI3fvMr2NcwVHBa1cPZ6T+zK/1w==",
			"requires": {
				"@thi.ng/api": "^6.13.6"
			},
			"dependencies": {
				"@thi.ng/api": {
					"version": "6.13.6",
					"resolved": "https://registry.npmjs.org/@thi.ng/api/-/api-6.13.6.tgz",
					"integrity": "sha512-r1qJR2QaODkhG0poOKAkFIaHYeGF3rYuh/eaGx+4mBjA+jUCRlqQNr/yP1DsjMEVbjlE1jqS5apQvnfSmQlOvg=="
				}
			}
		},
		"@thi.ng/checks": {
			"version": "2.8.0",
			"resolved": "https://registry.npmjs.org/@thi.ng/checks/-/checks-2.8.0.tgz",
			"integrity": "sha512-sAfnR+Az6y7LlK7nAWb0WRo6JTqPI9MhImZHYcQrFYwMT+IYIVhv7Vv96OrybKs2C2wxukCYAlgrhcaOfXe+QA==",
			"requires": {
				"tslib": "2.0.1"
			}
		},
		"@thi.ng/compare": {
			"version": "1.3.22",
			"resolved": "https://registry.npmjs.org/@thi.ng/compare/-/compare-1.3.22.tgz",
			"integrity": "sha512-yCCym5BiD+0G+YASw8TSAyNwXaOU2lnBd2HBUHRd6NdcjDBzqwdNtI3ih51+jDgtw2jVSGbD0HelKczt4BsJyA==",
			"requires": {
				"@thi.ng/api": "^6.13.6"
			},
			"dependencies": {
				"@thi.ng/api": {
					"version": "6.13.6",
					"resolved": "https://registry.npmjs.org/@thi.ng/api/-/api-6.13.6.tgz",
					"integrity": "sha512-r1qJR2QaODkhG0poOKAkFIaHYeGF3rYuh/eaGx+4mBjA+jUCRlqQNr/yP1DsjMEVbjlE1jqS5apQvnfSmQlOvg=="
				}
			}
		},
		"@thi.ng/compose": {
			"version": "1.4.23",
			"resolved": "https://registry.npmjs.org/@thi.ng/compose/-/compose-1.4.23.tgz",
			"integrity": "sha512-ueuvICBbYG0Ux9+J0EI6pDJTX9+NosRDQmFcyHQMc6OcOPnc3kYBQSGg8DAtUaC1tyr+G4aHLTWuNNcwNp+QCw==",
			"requires": {
				"@thi.ng/api": "^6.13.6",
				"@thi.ng/errors": "^1.2.26"
			},
			"dependencies": {
				"@thi.ng/api": {
					"version": "6.13.6",
					"resolved": "https://registry.npmjs.org/@thi.ng/api/-/api-6.13.6.tgz",
					"integrity": "sha512-r1qJR2QaODkhG0poOKAkFIaHYeGF3rYuh/eaGx+4mBjA+jUCRlqQNr/yP1DsjMEVbjlE1jqS5apQvnfSmQlOvg=="
				}
			}
		},
		"@thi.ng/dcons": {
			"version": "2.3.9",
			"resolved": "https://registry.npmjs.org/@thi.ng/dcons/-/dcons-2.3.9.tgz",
			"integrity": "sha512-kU0jfNoyM7mhYZhZo/O2TqYbTNzKLiw5RCc6nvybzlsMjyB7EQRffaTg+0q6R/LcuLZuDbCboGE1UBc1AW3V8w==",
			"requires": {
				"@thi.ng/api": "^6.13.6",
				"@thi.ng/checks": "^2.8.0",
				"@thi.ng/compare": "^1.3.22",
				"@thi.ng/equiv": "^1.0.35",
				"@thi.ng/errors": "^1.2.26",
				"@thi.ng/random": "^2.2.0",
				"@thi.ng/transducers": "^7.5.8"
			},
			"dependencies": {
				"@thi.ng/api": {
					"version": "6.13.6",
					"resolved": "https://registry.npmjs.org/@thi.ng/api/-/api-6.13.6.tgz",
					"integrity": "sha512-r1qJR2QaODkhG0poOKAkFIaHYeGF3rYuh/eaGx+4mBjA+jUCRlqQNr/yP1DsjMEVbjlE1jqS5apQvnfSmQlOvg=="
				}
			}
		},
		"@thi.ng/defmulti": {
			"version": "1.3.4",
			"resolved": "https://registry.npmjs.org/@thi.ng/defmulti/-/defmulti-1.3.4.tgz",
			"integrity": "sha512-CRHdywV69Wp5EQkX80znhGXvgz0ThcXRbRwO8FpEG/P6XEltzsxWFWmrXiRYOZNKQGTFQIqtMKdlCRHgndGuVw==",
			"requires": {
				"@thi.ng/api": "^6.13.6",
				"@thi.ng/errors": "^1.2.26"
			},
			"dependencies": {
				"@thi.ng/api": {
					"version": "6.13.6",
					"resolved": "https://registry.npmjs.org/@thi.ng/api/-/api-6.13.6.tgz",
					"integrity": "sha512-r1qJR2QaODkhG0poOKAkFIaHYeGF3rYuh/eaGx+4mBjA+jUCRlqQNr/yP1DsjMEVbjlE1jqS5apQvnfSmQlOvg=="
				}
			}
		},
		"@thi.ng/dgraph": {
			"version": "1.3.8",
			"resolved": "https://registry.npmjs.org/@thi.ng/dgraph/-/dgraph-1.3.8.tgz",
			"integrity": "sha512-DqcReU65UbWQD5NdaL5gGBxB3/MI3Rgqi8+HqEY4m7K98f6/T6SFFYHXBuTNGiEYJiXGBqEnXX+dAdi7278l8Q==",
			"requires": {
				"@thi.ng/api": "^6.13.6",
				"@thi.ng/associative": "^5.0.17",
				"@thi.ng/equiv": "^1.0.35",
				"@thi.ng/errors": "^1.2.26",
				"@thi.ng/transducers": "^7.5.8"
			},
			"dependencies": {
				"@thi.ng/api": {
					"version": "6.13.6",
					"resolved": "https://registry.npmjs.org/@thi.ng/api/-/api-6.13.6.tgz",
					"integrity": "sha512-r1qJR2QaODkhG0poOKAkFIaHYeGF3rYuh/eaGx+4mBjA+jUCRlqQNr/yP1DsjMEVbjlE1jqS5apQvnfSmQlOvg=="
				}
			}
		},
		"@thi.ng/equiv": {
			"version": "1.0.35",
			"resolved": "https://registry.npmjs.org/@thi.ng/equiv/-/equiv-1.0.35.tgz",
			"integrity": "sha512-pQuu3iVAF382h/O6VihM4riGmw2Gzq6yv+m2drYqICsh6Mt5MyxwYjR1txQrZyi7WOFlQdeiRiupsZxBdPdOOw=="
		},
		"@thi.ng/errors": {
			"version": "1.2.26",
			"resolved": "https://registry.npmjs.org/@thi.ng/errors/-/errors-1.2.26.tgz",
			"integrity": "sha512-x7x4OhcthZ9obcisx0DNA1uzGh6mrG6Mjs+ATRafcfrmqxb/XyYuTLxswwfU60ZJmqz2ynyFESLTmBs9pOJn7A=="
		},
		"@thi.ng/hex": {
			"version": "0.1.3",
			"resolved": "https://registry.npmjs.org/@thi.ng/hex/-/hex-0.1.3.tgz",
			"integrity": "sha512-TPexHY7kHeDwZDooW8pv/uVBbqE841hstLrtZdtJk7FRbG5zpceTLbbxAtbX3pEbfEaTSn/lArt2aMjAmatsBw=="
		},
		"@thi.ng/math": {
			"version": "3.1.0",
			"resolved": "https://registry.npmjs.org/@thi.ng/math/-/math-3.1.0.tgz",
			"integrity": "sha512-xmwHc4u4fQ2zbD2ogtHybuELBvkcDRx6YvNKvIWMmoTY6HSRUybzRpxPErRJLXVrQoluZhZHkBMdUSH9Lk1sMQ==",
			"requires": {
				"@thi.ng/api": "^6.13.6"
			},
			"dependencies": {
				"@thi.ng/api": {
					"version": "6.13.6",
					"resolved": "https://registry.npmjs.org/@thi.ng/api/-/api-6.13.6.tgz",
					"integrity": "sha512-r1qJR2QaODkhG0poOKAkFIaHYeGF3rYuh/eaGx+4mBjA+jUCRlqQNr/yP1DsjMEVbjlE1jqS5apQvnfSmQlOvg=="
				}
			}
		},
		"@thi.ng/random": {
			"version": "2.2.0",
			"resolved": "https://registry.npmjs.org/@thi.ng/random/-/random-2.2.0.tgz",
			"integrity": "sha512-Apw6gDVQ8lhXVQccfsufvZqVNfE2jjlKFCho87W0V6pW3LaZbYGHclTZThnrXvOdtlXuB/VB1+QnorVGPKtPIQ==",
			"requires": {
				"@thi.ng/api": "^6.13.6",
				"@thi.ng/checks": "^2.8.0",
				"@thi.ng/hex": "^0.1.3"
			},
			"dependencies": {
				"@thi.ng/api": {
					"version": "6.13.6",
					"resolved": "https://registry.npmjs.org/@thi.ng/api/-/api-6.13.6.tgz",
					"integrity": "sha512-r1qJR2QaODkhG0poOKAkFIaHYeGF3rYuh/eaGx+4mBjA+jUCRlqQNr/yP1DsjMEVbjlE1jqS5apQvnfSmQlOvg=="
				}
			}
		},
		"@thi.ng/shader-ast": {
			"version": "0.7.12",
			"resolved": "https://registry.npmjs.org/@thi.ng/shader-ast/-/shader-ast-0.7.12.tgz",
			"integrity": "sha512-D8ltLuNvMmss+JMy+CQoF67ihMI0h+iuEo2jnLtSrmlyXUXnW13CNsrct8K7XQR79hBwNKYZheKYB9oYWoTt/g==",
			"requires": {
				"@thi.ng/api": "^6.13.6",
				"@thi.ng/checks": "^2.8.0",
				"@thi.ng/defmulti": "^1.3.4",
				"@thi.ng/dgraph": "^1.3.8",
				"@thi.ng/errors": "^1.2.26"
			},
			"dependencies": {
				"@thi.ng/api": {
					"version": "6.13.6",
					"resolved": "https://registry.npmjs.org/@thi.ng/api/-/api-6.13.6.tgz",
					"integrity": "sha512-r1qJR2QaODkhG0poOKAkFIaHYeGF3rYuh/eaGx+4mBjA+jUCRlqQNr/yP1DsjMEVbjlE1jqS5apQvnfSmQlOvg=="
				}
			}
		},
		"@thi.ng/shader-ast-glsl": {
			"version": "0.2.20",
			"resolved": "https://registry.npmjs.org/@thi.ng/shader-ast-glsl/-/shader-ast-glsl-0.2.20.tgz",
			"integrity": "sha512-I/jRO5srAqW40sqbO/brWdZIQjrYdrcFSDWolB6zEJOtH6JyueLigBvS/QHSS3A7bD/A1s78KrjcGCxbhvdV6w==",
			"requires": {
				"@thi.ng/api": "^6.13.6",
				"@thi.ng/checks": "^2.8.0",
				"@thi.ng/errors": "^1.2.26",
				"@thi.ng/shader-ast": "^0.7.12"
			},
			"dependencies": {
				"@thi.ng/api": {
					"version": "6.13.6",
					"resolved": "https://registry.npmjs.org/@thi.ng/api/-/api-6.13.6.tgz",
					"integrity": "sha512-r1qJR2QaODkhG0poOKAkFIaHYeGF3rYuh/eaGx+4mBjA+jUCRlqQNr/yP1DsjMEVbjlE1jqS5apQvnfSmQlOvg=="
				}
			}
		},
		"@thi.ng/transducers": {
			"version": "7.5.8",
			"resolved": "https://registry.npmjs.org/@thi.ng/transducers/-/transducers-7.5.8.tgz",
			"integrity": "sha512-AUC5ao+/OK2jq5nt8U57i71VuPSgXE8azzkCt6x8doGucNEaIWa1oaPzHF4yW9HHO8715hDcL3wSOtbJ+jNH6g==",
			"requires": {
				"@thi.ng/api": "^6.13.6",
				"@thi.ng/arrays": "^0.10.1",
				"@thi.ng/checks": "^2.8.0",
				"@thi.ng/compare": "^1.3.22",
				"@thi.ng/compose": "^1.4.23",
				"@thi.ng/errors": "^1.2.26",
				"@thi.ng/math": "^3.1.0",
				"@thi.ng/random": "^2.2.0"
			},
			"dependencies": {
				"@thi.ng/api": {
					"version": "6.13.6",
					"resolved": "https://registry.npmjs.org/@thi.ng/api/-/api-6.13.6.tgz",
					"integrity": "sha512-r1qJR2QaODkhG0poOKAkFIaHYeGF3rYuh/eaGx+4mBjA+jUCRlqQNr/yP1DsjMEVbjlE1jqS5apQvnfSmQlOvg=="
				}
			}
		},
		"tslib": {
			"version": "2.0.1",
			"resolved": "https://registry.npmjs.org/tslib/-/tslib-2.0.1.tgz",
			"integrity": "sha512-SgIkNheinmEBgx1IUNirK0TUD4X9yjjBRTqqjggWCU3pUEqIk3/Uwl3yRixYKT6WjQuGiwDv4NomL3wqRCj+CQ=="
		}
	}
}
