{
	"name": "@jamieowen/webgl",
	"version": "0.0.4",
	"lockfileVersion": 2,
	"requires": true,
	"packages": {
		"": {
			"name": "@jamieowen/webgl",
			"version": "0.0.3",
			"license": "MIT",
			"dependencies": {
				"@thi.ng/api": "^7.0.0",
				"@thi.ng/shader-ast": "^0.7.12",
				"@thi.ng/shader-ast-glsl": "^0.2.20",
				"@thi.ng/shader-ast-stdlib": "^0.5.18"
			}
		},
		"node_modules/@thi.ng/api": {
			"version": "7.1.3",
			"resolved": "https://registry.npmjs.org/@thi.ng/api/-/api-7.1.3.tgz",
			"integrity": "sha512-a0Q0Y/DORKmRUPJx6s6n272MAhtWtQyAF51Rg8WXWFVXtknnke5iu3VkV+tdr6V3rcbymr9x8ZMntnTjYxIKgw==",
			"funding": [
				{
					"type": "github",
					"url": "https://github.com/sponsors/postspectacular"
				},
				{
					"type": "patreon",
					"url": "https://patreon.com/thing_umbrella"
				}
			]
		},
		"node_modules/@thi.ng/arrays": {
			"version": "0.10.7",
			"resolved": "https://registry.npmjs.org/@thi.ng/arrays/-/arrays-0.10.7.tgz",
			"integrity": "sha512-c+B97S6jrot15AxuUeqL1CgABZ1whpXZ1QAMdD/RVBOwmvw+azSqNL9yIlzi9n+0io29Vqn88D4ImtkUFjwo6A==",
			"funding": [
				{
					"type": "github",
					"url": "https://github.com/sponsors/postspectacular"
				},
				{
					"type": "patreon",
					"url": "https://patreon.com/thing_umbrella"
				}
			],
			"dependencies": {
				"@thi.ng/api": "^7.1.3",
				"@thi.ng/checks": "^2.9.4",
				"@thi.ng/compare": "^1.3.27",
				"@thi.ng/equiv": "^1.0.40",
				"@thi.ng/errors": "^1.2.31",
				"@thi.ng/random": "^2.3.5"
			}
		},
		"node_modules/@thi.ng/associative": {
			"version": "5.1.5",
			"resolved": "https://registry.npmjs.org/@thi.ng/associative/-/associative-5.1.5.tgz",
			"integrity": "sha512-y/6HqIMWsgVVjM8WAfqpN4DkSvwN+OTzkl9vmAmhidcY7gBcqqCloTH265+YoKBaeAUtpd5baskwNbjDVIB+1g==",
			"funding": [
				{
					"type": "github",
					"url": "https://github.com/sponsors/postspectacular"
				},
				{
					"type": "patreon",
					"url": "https://patreon.com/thing_umbrella"
				}
			],
			"dependencies": {
				"@thi.ng/api": "^7.1.3",
				"@thi.ng/binary": "^2.2.3",
				"@thi.ng/checks": "^2.9.4",
				"@thi.ng/compare": "^1.3.27",
				"@thi.ng/dcons": "^2.3.15",
				"@thi.ng/equiv": "^1.0.40",
				"@thi.ng/errors": "^1.2.31",
				"@thi.ng/transducers": "^7.6.5",
				"tslib": "^2.1.0"
			}
		},
		"node_modules/@thi.ng/binary": {
			"version": "2.2.3",
			"resolved": "https://registry.npmjs.org/@thi.ng/binary/-/binary-2.2.3.tgz",
			"integrity": "sha512-jVo8dHwU/X3Bs/YMjPYg35zSWzCmlYgN/jefkAthDTziGJ6NjzbkB2oPm2/kzuSp7E2f1L5l6HYTb77/qGmg+A==",
			"funding": [
				{
					"type": "github",
					"url": "https://github.com/sponsors/postspectacular"
				},
				{
					"type": "patreon",
					"url": "https://patreon.com/thing_umbrella"
				}
			],
			"dependencies": {
				"@thi.ng/api": "^7.1.3"
			}
		},
		"node_modules/@thi.ng/checks": {
			"version": "2.9.4",
			"resolved": "https://registry.npmjs.org/@thi.ng/checks/-/checks-2.9.4.tgz",
			"integrity": "sha512-iIGJadr30gpujUUSeb4nNvVjEGS1RN6IS/Z5D7lJjzcQL+kQXwveYGkQ5OjtouQ0T/Yo41DxsPVz8wNwAbdctw==",
			"funding": [
				{
					"type": "github",
					"url": "https://github.com/sponsors/postspectacular"
				},
				{
					"type": "patreon",
					"url": "https://patreon.com/thing_umbrella"
				}
			],
			"dependencies": {
				"tslib": "^2.1.0"
			}
		},
		"node_modules/@thi.ng/compare": {
			"version": "1.3.27",
			"resolved": "https://registry.npmjs.org/@thi.ng/compare/-/compare-1.3.27.tgz",
			"integrity": "sha512-zJ3NQ+nPc0LqJ+SS4XrwhP8ZHHsvsnJEAuB3CsoUk/qj9TWQ1K5wzG9C+wls6zqRPHg/9s8b4KT1rmw0Qzpimw==",
			"funding": [
				{
					"type": "github",
					"url": "https://github.com/sponsors/postspectacular"
				},
				{
					"type": "patreon",
					"url": "https://patreon.com/thing_umbrella"
				}
			],
			"dependencies": {
				"@thi.ng/api": "^7.1.3"
			}
		},
		"node_modules/@thi.ng/compose": {
			"version": "1.4.28",
			"resolved": "https://registry.npmjs.org/@thi.ng/compose/-/compose-1.4.28.tgz",
			"integrity": "sha512-/Q65ivkEcQI2iwncgS6fcSdMkR2mqTjJYCmxquyunfK+ZC3CgVI6aJudn6Lh29+CVTWEV4JYN2qIs00FSq5UuQ==",
			"funding": [
				{
					"type": "github",
					"url": "https://github.com/sponsors/postspectacular"
				},
				{
					"type": "patreon",
					"url": "https://patreon.com/thing_umbrella"
				}
			],
			"dependencies": {
				"@thi.ng/api": "^7.1.3",
				"@thi.ng/errors": "^1.2.31"
			}
		},
		"node_modules/@thi.ng/dcons": {
			"version": "2.3.15",
			"resolved": "https://registry.npmjs.org/@thi.ng/dcons/-/dcons-2.3.15.tgz",
			"integrity": "sha512-P5QoznHWAnj/XCEVBbbMEy788d/EgpuEfdx+fPk9i+X0IbEOlQxUpS99y4+isce40OikcmFSsBvgHH5SYApB5w==",
			"funding": [
				{
					"type": "github",
					"url": "https://github.com/sponsors/postspectacular"
				},
				{
					"type": "patreon",
					"url": "https://patreon.com/thing_umbrella"
				}
			],
			"dependencies": {
				"@thi.ng/api": "^7.1.3",
				"@thi.ng/checks": "^2.9.4",
				"@thi.ng/compare": "^1.3.27",
				"@thi.ng/equiv": "^1.0.40",
				"@thi.ng/errors": "^1.2.31",
				"@thi.ng/random": "^2.3.5",
				"@thi.ng/transducers": "^7.6.5"
			}
		},
		"node_modules/@thi.ng/defmulti": {
			"version": "1.3.9",
			"resolved": "https://registry.npmjs.org/@thi.ng/defmulti/-/defmulti-1.3.9.tgz",
			"integrity": "sha512-TDtbHENp0hmLXr+BqTFQqZ04oW1I8bHUOD/Io2Rce+7nUqb1b7eZ12zYotEwkQDGg6gHR82SIFzuevIe1dHwhw==",
			"funding": [
				{
					"type": "github",
					"url": "https://github.com/sponsors/postspectacular"
				},
				{
					"type": "patreon",
					"url": "https://patreon.com/thing_umbrella"
				}
			],
			"dependencies": {
				"@thi.ng/api": "^7.1.3",
				"@thi.ng/errors": "^1.2.31"
			}
		},
		"node_modules/@thi.ng/dgraph": {
			"version": "1.3.14",
			"resolved": "https://registry.npmjs.org/@thi.ng/dgraph/-/dgraph-1.3.14.tgz",
			"integrity": "sha512-Wg7B2Do64wTqOoGIw14K9tekbv6KLI6CVDS7f+166hwNTmmJ+Wc7h2TjCtA2bCugMNDsEXp5ovPO48RrSjF5Zw==",
			"funding": [
				{
					"type": "github",
					"url": "https://github.com/sponsors/postspectacular"
				},
				{
					"type": "patreon",
					"url": "https://patreon.com/thing_umbrella"
				}
			],
			"dependencies": {
				"@thi.ng/api": "^7.1.3",
				"@thi.ng/associative": "^5.1.5",
				"@thi.ng/equiv": "^1.0.40",
				"@thi.ng/errors": "^1.2.31",
				"@thi.ng/transducers": "^7.6.5"
			}
		},
		"node_modules/@thi.ng/equiv": {
			"version": "1.0.40",
			"resolved": "https://registry.npmjs.org/@thi.ng/equiv/-/equiv-1.0.40.tgz",
			"integrity": "sha512-L3jmDIF7RpJekmBpUQw4tCAUuX4EFYKSm8jrMx0ZkwEkH4pq9w84oylpJDs9TBPJr91Cn/GHwfapmJdc7Wu+GQ==",
			"funding": [
				{
					"type": "github",
					"url": "https://github.com/sponsors/postspectacular"
				},
				{
					"type": "patreon",
					"url": "https://patreon.com/thing_umbrella"
				}
			]
		},
		"node_modules/@thi.ng/errors": {
			"version": "1.2.31",
			"resolved": "https://registry.npmjs.org/@thi.ng/errors/-/errors-1.2.31.tgz",
			"integrity": "sha512-aj6Te82pZgXsjBzLMThZsnogx6NNw9jDDDdLCqc0VjL8wqlaYNF6bEncOyFwrUbS8V/sFaVECx1GpQQS14joOA==",
			"funding": [
				{
					"type": "github",
					"url": "https://github.com/sponsors/postspectacular"
				},
				{
					"type": "patreon",
					"url": "https://patreon.com/thing_umbrella"
				}
			]
		},
		"node_modules/@thi.ng/hex": {
			"version": "0.2.4",
			"resolved": "https://registry.npmjs.org/@thi.ng/hex/-/hex-0.2.4.tgz",
			"integrity": "sha512-N9ZSGDyvyECJPY38CL0Z2ZsikS14Jml6ZOPbLdLwdna0y80OOTGyqs9kCh6o/mEgDoGWHM8d16vKqJ615pOLWw==",
			"funding": [
				{
					"type": "github",
					"url": "https://github.com/sponsors/postspectacular"
				},
				{
					"type": "patreon",
					"url": "https://patreon.com/thing_umbrella"
				}
			]
		},
		"node_modules/@thi.ng/math": {
			"version": "3.2.4",
			"resolved": "https://registry.npmjs.org/@thi.ng/math/-/math-3.2.4.tgz",
			"integrity": "sha512-xpgckhIOQX/sbyS+ROHQ47sUwuOIxBIzQXWAAp17+SR2ViPzKzLWPiYoK3VoWLCniaZrEFnis5ejvjzmFKsg3Q==",
			"funding": [
				{
					"type": "github",
					"url": "https://github.com/sponsors/postspectacular"
				},
				{
					"type": "patreon",
					"url": "https://patreon.com/thing_umbrella"
				}
			],
			"dependencies": {
				"@thi.ng/api": "^7.1.3"
			}
		},
		"node_modules/@thi.ng/random": {
			"version": "2.3.5",
			"resolved": "https://registry.npmjs.org/@thi.ng/random/-/random-2.3.5.tgz",
			"integrity": "sha512-sxI32hSkBBbZoAG7UQbi6Kl0G9QD3bAtGvdFCCU7kBjzb9RSJtSosYp4JdUpzhH748ANokmwL3YwsRQDHTmlgA==",
			"funding": [
				{
					"type": "github",
					"url": "https://github.com/sponsors/postspectacular"
				},
				{
					"type": "patreon",
					"url": "https://patreon.com/thing_umbrella"
				}
			],
			"dependencies": {
				"@thi.ng/api": "^7.1.3",
				"@thi.ng/checks": "^2.9.4",
				"@thi.ng/hex": "^0.2.4"
			}
		},
		"node_modules/@thi.ng/shader-ast": {
			"version": "0.7.12",
			"resolved": "https://registry.npmjs.org/@thi.ng/shader-ast/-/shader-ast-0.7.12.tgz",
			"integrity": "sha512-D8ltLuNvMmss+JMy+CQoF67ihMI0h+iuEo2jnLtSrmlyXUXnW13CNsrct8K7XQR79hBwNKYZheKYB9oYWoTt/g==",
			"funding": [
				{
					"type": "github",
					"url": "https://github.com/sponsors/postspectacular"
				},
				{
					"type": "patreon",
					"url": "https://patreon.com/thing_umbrella"
				}
			],
			"dependencies": {
				"@thi.ng/api": "^6.13.6",
				"@thi.ng/checks": "^2.8.0",
				"@thi.ng/defmulti": "^1.3.4",
				"@thi.ng/dgraph": "^1.3.8",
				"@thi.ng/errors": "^1.2.26"
			}
		},
		"node_modules/@thi.ng/shader-ast-glsl": {
			"version": "0.2.20",
			"resolved": "https://registry.npmjs.org/@thi.ng/shader-ast-glsl/-/shader-ast-glsl-0.2.20.tgz",
			"integrity": "sha512-I/jRO5srAqW40sqbO/brWdZIQjrYdrcFSDWolB6zEJOtH6JyueLigBvS/QHSS3A7bD/A1s78KrjcGCxbhvdV6w==",
			"funding": [
				{
					"type": "github",
					"url": "https://github.com/sponsors/postspectacular"
				},
				{
					"type": "patreon",
					"url": "https://patreon.com/thing_umbrella"
				}
			],
			"dependencies": {
				"@thi.ng/api": "^6.13.6",
				"@thi.ng/checks": "^2.8.0",
				"@thi.ng/errors": "^1.2.26",
				"@thi.ng/shader-ast": "^0.7.12"
			}
		},
		"node_modules/@thi.ng/shader-ast-glsl/node_modules/@thi.ng/api": {
			"version": "6.13.6",
			"resolved": "https://registry.npmjs.org/@thi.ng/api/-/api-6.13.6.tgz",
			"integrity": "sha512-r1qJR2QaODkhG0poOKAkFIaHYeGF3rYuh/eaGx+4mBjA+jUCRlqQNr/yP1DsjMEVbjlE1jqS5apQvnfSmQlOvg==",
			"funding": [
				{
					"type": "github",
					"url": "https://github.com/sponsors/postspectacular"
				},
				{
					"type": "patreon",
					"url": "https://patreon.com/thing_umbrella"
				}
			]
		},
		"node_modules/@thi.ng/shader-ast-stdlib": {
			"version": "0.5.18",
			"resolved": "https://registry.npmjs.org/@thi.ng/shader-ast-stdlib/-/shader-ast-stdlib-0.5.18.tgz",
			"integrity": "sha512-KJp8nYxbqax6MMWH0Y2qh1ZDDYAASkouQctiRzy0rzeLo6qX5snoa3xF/oPDJgwebDZ5SNNrLdrI0qhhwBr4IA==",
			"funding": [
				{
					"type": "github",
					"url": "https://github.com/sponsors/postspectacular"
				},
				{
					"type": "patreon",
					"url": "https://patreon.com/thing_umbrella"
				}
			],
			"dependencies": {
				"@thi.ng/api": "^7.1.3",
				"@thi.ng/shader-ast": "^0.8.4"
			}
		},
		"node_modules/@thi.ng/shader-ast-stdlib/node_modules/@thi.ng/shader-ast": {
			"version": "0.8.4",
			"resolved": "https://registry.npmjs.org/@thi.ng/shader-ast/-/shader-ast-0.8.4.tgz",
			"integrity": "sha512-WOgBG1tPwidhTe6zNNsd8Y7LlNN95Wm/QDq7flPEXMYvEFjM43vNsQECkCvIdhwfLMARCZQi3OIk7i+EHQKvVA==",
			"funding": [
				{
					"type": "github",
					"url": "https://github.com/sponsors/postspectacular"
				},
				{
					"type": "patreon",
					"url": "https://patreon.com/thing_umbrella"
				}
			],
			"dependencies": {
				"@thi.ng/api": "^7.1.3",
				"@thi.ng/checks": "^2.9.4",
				"@thi.ng/defmulti": "^1.3.9",
				"@thi.ng/dgraph": "^1.3.14",
				"@thi.ng/errors": "^1.2.31"
			}
		},
		"node_modules/@thi.ng/shader-ast/node_modules/@thi.ng/api": {
			"version": "6.13.6",
			"resolved": "https://registry.npmjs.org/@thi.ng/api/-/api-6.13.6.tgz",
			"integrity": "sha512-r1qJR2QaODkhG0poOKAkFIaHYeGF3rYuh/eaGx+4mBjA+jUCRlqQNr/yP1DsjMEVbjlE1jqS5apQvnfSmQlOvg==",
			"funding": [
				{
					"type": "github",
					"url": "https://github.com/sponsors/postspectacular"
				},
				{
					"type": "patreon",
					"url": "https://patreon.com/thing_umbrella"
				}
			]
		},
		"node_modules/@thi.ng/transducers": {
			"version": "7.6.5",
			"resolved": "https://registry.npmjs.org/@thi.ng/transducers/-/transducers-7.6.5.tgz",
			"integrity": "sha512-TDhPUrK3KAbjT2Y1WHaYUf87jIA6QPjXqiWRo2fTf9UOMzRnRXdpxbuMGhqWAvYyVOzgKVDlhs7P6aYBSg1PDg==",
			"funding": [
				{
					"type": "github",
					"url": "https://github.com/sponsors/postspectacular"
				},
				{
					"type": "patreon",
					"url": "https://patreon.com/thing_umbrella"
				}
			],
			"dependencies": {
				"@thi.ng/api": "^7.1.3",
				"@thi.ng/arrays": "^0.10.7",
				"@thi.ng/checks": "^2.9.4",
				"@thi.ng/compare": "^1.3.27",
				"@thi.ng/compose": "^1.4.28",
				"@thi.ng/errors": "^1.2.31",
				"@thi.ng/math": "^3.2.4",
				"@thi.ng/random": "^2.3.5"
			}
		},
		"node_modules/tslib": {
			"version": "2.1.0",
			"resolved": "https://registry.npmjs.org/tslib/-/tslib-2.1.0.tgz",
			"integrity": "sha512-hcVC3wYEziELGGmEEXue7D75zbwIIVUMWAVbHItGPx0ziyXxrOMQx4rQEVEV45Ut/1IotuEvwqPopzIOkDMf0A=="
		}
	},
	"dependencies": {
		"@thi.ng/api": {
			"version": "7.1.3",
			"resolved": "https://registry.npmjs.org/@thi.ng/api/-/api-7.1.3.tgz",
			"integrity": "sha512-a0Q0Y/DORKmRUPJx6s6n272MAhtWtQyAF51Rg8WXWFVXtknnke5iu3VkV+tdr6V3rcbymr9x8ZMntnTjYxIKgw=="
		},
		"@thi.ng/arrays": {
			"version": "0.10.7",
			"resolved": "https://registry.npmjs.org/@thi.ng/arrays/-/arrays-0.10.7.tgz",
			"integrity": "sha512-c+B97S6jrot15AxuUeqL1CgABZ1whpXZ1QAMdD/RVBOwmvw+azSqNL9yIlzi9n+0io29Vqn88D4ImtkUFjwo6A==",
			"requires": {
				"@thi.ng/api": "^7.1.3",
				"@thi.ng/checks": "^2.9.4",
				"@thi.ng/compare": "^1.3.27",
				"@thi.ng/equiv": "^1.0.40",
				"@thi.ng/errors": "^1.2.31",
				"@thi.ng/random": "^2.3.5"
			}
		},
		"@thi.ng/associative": {
			"version": "5.1.5",
			"resolved": "https://registry.npmjs.org/@thi.ng/associative/-/associative-5.1.5.tgz",
			"integrity": "sha512-y/6HqIMWsgVVjM8WAfqpN4DkSvwN+OTzkl9vmAmhidcY7gBcqqCloTH265+YoKBaeAUtpd5baskwNbjDVIB+1g==",
			"requires": {
				"@thi.ng/api": "^7.1.3",
				"@thi.ng/binary": "^2.2.3",
				"@thi.ng/checks": "^2.9.4",
				"@thi.ng/compare": "^1.3.27",
				"@thi.ng/dcons": "^2.3.15",
				"@thi.ng/equiv": "^1.0.40",
				"@thi.ng/errors": "^1.2.31",
				"@thi.ng/transducers": "^7.6.5",
				"tslib": "^2.1.0"
			}
		},
		"@thi.ng/binary": {
			"version": "2.2.3",
			"resolved": "https://registry.npmjs.org/@thi.ng/binary/-/binary-2.2.3.tgz",
			"integrity": "sha512-jVo8dHwU/X3Bs/YMjPYg35zSWzCmlYgN/jefkAthDTziGJ6NjzbkB2oPm2/kzuSp7E2f1L5l6HYTb77/qGmg+A==",
			"requires": {
				"@thi.ng/api": "^7.1.3"
			}
		},
		"@thi.ng/checks": {
			"version": "2.9.4",
			"resolved": "https://registry.npmjs.org/@thi.ng/checks/-/checks-2.9.4.tgz",
			"integrity": "sha512-iIGJadr30gpujUUSeb4nNvVjEGS1RN6IS/Z5D7lJjzcQL+kQXwveYGkQ5OjtouQ0T/Yo41DxsPVz8wNwAbdctw==",
			"requires": {
				"tslib": "^2.1.0"
			}
		},
		"@thi.ng/compare": {
			"version": "1.3.27",
			"resolved": "https://registry.npmjs.org/@thi.ng/compare/-/compare-1.3.27.tgz",
			"integrity": "sha512-zJ3NQ+nPc0LqJ+SS4XrwhP8ZHHsvsnJEAuB3CsoUk/qj9TWQ1K5wzG9C+wls6zqRPHg/9s8b4KT1rmw0Qzpimw==",
			"requires": {
				"@thi.ng/api": "^7.1.3"
			}
		},
		"@thi.ng/compose": {
			"version": "1.4.28",
			"resolved": "https://registry.npmjs.org/@thi.ng/compose/-/compose-1.4.28.tgz",
			"integrity": "sha512-/Q65ivkEcQI2iwncgS6fcSdMkR2mqTjJYCmxquyunfK+ZC3CgVI6aJudn6Lh29+CVTWEV4JYN2qIs00FSq5UuQ==",
			"requires": {
				"@thi.ng/api": "^7.1.3",
				"@thi.ng/errors": "^1.2.31"
			}
		},
		"@thi.ng/dcons": {
			"version": "2.3.15",
			"resolved": "https://registry.npmjs.org/@thi.ng/dcons/-/dcons-2.3.15.tgz",
			"integrity": "sha512-P5QoznHWAnj/XCEVBbbMEy788d/EgpuEfdx+fPk9i+X0IbEOlQxUpS99y4+isce40OikcmFSsBvgHH5SYApB5w==",
			"requires": {
				"@thi.ng/api": "^7.1.3",
				"@thi.ng/checks": "^2.9.4",
				"@thi.ng/compare": "^1.3.27",
				"@thi.ng/equiv": "^1.0.40",
				"@thi.ng/errors": "^1.2.31",
				"@thi.ng/random": "^2.3.5",
				"@thi.ng/transducers": "^7.6.5"
			}
		},
		"@thi.ng/defmulti": {
			"version": "1.3.9",
			"resolved": "https://registry.npmjs.org/@thi.ng/defmulti/-/defmulti-1.3.9.tgz",
			"integrity": "sha512-TDtbHENp0hmLXr+BqTFQqZ04oW1I8bHUOD/Io2Rce+7nUqb1b7eZ12zYotEwkQDGg6gHR82SIFzuevIe1dHwhw==",
			"requires": {
				"@thi.ng/api": "^7.1.3",
				"@thi.ng/errors": "^1.2.31"
			}
		},
		"@thi.ng/dgraph": {
			"version": "1.3.14",
			"resolved": "https://registry.npmjs.org/@thi.ng/dgraph/-/dgraph-1.3.14.tgz",
			"integrity": "sha512-Wg7B2Do64wTqOoGIw14K9tekbv6KLI6CVDS7f+166hwNTmmJ+Wc7h2TjCtA2bCugMNDsEXp5ovPO48RrSjF5Zw==",
			"requires": {
				"@thi.ng/api": "^7.1.3",
				"@thi.ng/associative": "^5.1.5",
				"@thi.ng/equiv": "^1.0.40",
				"@thi.ng/errors": "^1.2.31",
				"@thi.ng/transducers": "^7.6.5"
			}
		},
		"@thi.ng/equiv": {
			"version": "1.0.40",
			"resolved": "https://registry.npmjs.org/@thi.ng/equiv/-/equiv-1.0.40.tgz",
			"integrity": "sha512-L3jmDIF7RpJekmBpUQw4tCAUuX4EFYKSm8jrMx0ZkwEkH4pq9w84oylpJDs9TBPJr91Cn/GHwfapmJdc7Wu+GQ=="
		},
		"@thi.ng/errors": {
			"version": "1.2.31",
			"resolved": "https://registry.npmjs.org/@thi.ng/errors/-/errors-1.2.31.tgz",
			"integrity": "sha512-aj6Te82pZgXsjBzLMThZsnogx6NNw9jDDDdLCqc0VjL8wqlaYNF6bEncOyFwrUbS8V/sFaVECx1GpQQS14joOA=="
		},
		"@thi.ng/hex": {
			"version": "0.2.4",
			"resolved": "https://registry.npmjs.org/@thi.ng/hex/-/hex-0.2.4.tgz",
			"integrity": "sha512-N9ZSGDyvyECJPY38CL0Z2ZsikS14Jml6ZOPbLdLwdna0y80OOTGyqs9kCh6o/mEgDoGWHM8d16vKqJ615pOLWw=="
		},
		"@thi.ng/math": {
			"version": "3.2.4",
			"resolved": "https://registry.npmjs.org/@thi.ng/math/-/math-3.2.4.tgz",
			"integrity": "sha512-xpgckhIOQX/sbyS+ROHQ47sUwuOIxBIzQXWAAp17+SR2ViPzKzLWPiYoK3VoWLCniaZrEFnis5ejvjzmFKsg3Q==",
			"requires": {
				"@thi.ng/api": "^7.1.3"
			}
		},
		"@thi.ng/random": {
			"version": "2.3.5",
			"resolved": "https://registry.npmjs.org/@thi.ng/random/-/random-2.3.5.tgz",
			"integrity": "sha512-sxI32hSkBBbZoAG7UQbi6Kl0G9QD3bAtGvdFCCU7kBjzb9RSJtSosYp4JdUpzhH748ANokmwL3YwsRQDHTmlgA==",
			"requires": {
				"@thi.ng/api": "^7.1.3",
				"@thi.ng/checks": "^2.9.4",
				"@thi.ng/hex": "^0.2.4"
			}
		},
		"@thi.ng/shader-ast": {
			"version": "0.7.12",
			"resolved": "https://registry.npmjs.org/@thi.ng/shader-ast/-/shader-ast-0.7.12.tgz",
			"integrity": "sha512-D8ltLuNvMmss+JMy+CQoF67ihMI0h+iuEo2jnLtSrmlyXUXnW13CNsrct8K7XQR79hBwNKYZheKYB9oYWoTt/g==",
			"requires": {
				"@thi.ng/api": "^6.13.6",
				"@thi.ng/checks": "^2.8.0",
				"@thi.ng/defmulti": "^1.3.4",
				"@thi.ng/dgraph": "^1.3.8",
				"@thi.ng/errors": "^1.2.26"
			},
			"dependencies": {
				"@thi.ng/api": {
					"version": "6.13.6",
					"resolved": "https://registry.npmjs.org/@thi.ng/api/-/api-6.13.6.tgz",
					"integrity": "sha512-r1qJR2QaODkhG0poOKAkFIaHYeGF3rYuh/eaGx+4mBjA+jUCRlqQNr/yP1DsjMEVbjlE1jqS5apQvnfSmQlOvg=="
				}
			}
		},
		"@thi.ng/shader-ast-glsl": {
			"version": "0.2.20",
			"resolved": "https://registry.npmjs.org/@thi.ng/shader-ast-glsl/-/shader-ast-glsl-0.2.20.tgz",
			"integrity": "sha512-I/jRO5srAqW40sqbO/brWdZIQjrYdrcFSDWolB6zEJOtH6JyueLigBvS/QHSS3A7bD/A1s78KrjcGCxbhvdV6w==",
			"requires": {
				"@thi.ng/api": "^6.13.6",
				"@thi.ng/checks": "^2.8.0",
				"@thi.ng/errors": "^1.2.26",
				"@thi.ng/shader-ast": "^0.7.12"
			},
			"dependencies": {
				"@thi.ng/api": {
					"version": "6.13.6",
					"resolved": "https://registry.npmjs.org/@thi.ng/api/-/api-6.13.6.tgz",
					"integrity": "sha512-r1qJR2QaODkhG0poOKAkFIaHYeGF3rYuh/eaGx+4mBjA+jUCRlqQNr/yP1DsjMEVbjlE1jqS5apQvnfSmQlOvg=="
				}
			}
		},
		"@thi.ng/shader-ast-stdlib": {
			"version": "0.5.18",
			"resolved": "https://registry.npmjs.org/@thi.ng/shader-ast-stdlib/-/shader-ast-stdlib-0.5.18.tgz",
			"integrity": "sha512-KJp8nYxbqax6MMWH0Y2qh1ZDDYAASkouQctiRzy0rzeLo6qX5snoa3xF/oPDJgwebDZ5SNNrLdrI0qhhwBr4IA==",
			"requires": {
				"@thi.ng/api": "^7.1.3",
				"@thi.ng/shader-ast": "^0.8.4"
			},
			"dependencies": {
				"@thi.ng/shader-ast": {
					"version": "0.8.4",
					"resolved": "https://registry.npmjs.org/@thi.ng/shader-ast/-/shader-ast-0.8.4.tgz",
					"integrity": "sha512-WOgBG1tPwidhTe6zNNsd8Y7LlNN95Wm/QDq7flPEXMYvEFjM43vNsQECkCvIdhwfLMARCZQi3OIk7i+EHQKvVA==",
					"requires": {
						"@thi.ng/api": "^7.1.3",
						"@thi.ng/checks": "^2.9.4",
						"@thi.ng/defmulti": "^1.3.9",
						"@thi.ng/dgraph": "^1.3.14",
						"@thi.ng/errors": "^1.2.31"
					}
				}
			}
		},
		"@thi.ng/transducers": {
			"version": "7.6.5",
			"resolved": "https://registry.npmjs.org/@thi.ng/transducers/-/transducers-7.6.5.tgz",
			"integrity": "sha512-TDhPUrK3KAbjT2Y1WHaYUf87jIA6QPjXqiWRo2fTf9UOMzRnRXdpxbuMGhqWAvYyVOzgKVDlhs7P6aYBSg1PDg==",
			"requires": {
				"@thi.ng/api": "^7.1.3",
				"@thi.ng/arrays": "^0.10.7",
				"@thi.ng/checks": "^2.9.4",
				"@thi.ng/compare": "^1.3.27",
				"@thi.ng/compose": "^1.4.28",
				"@thi.ng/errors": "^1.2.31",
				"@thi.ng/math": "^3.2.4",
				"@thi.ng/random": "^2.3.5"
			}
		},
		"tslib": {
			"version": "2.1.0",
			"resolved": "https://registry.npmjs.org/tslib/-/tslib-2.1.0.tgz",
			"integrity": "sha512-hcVC3wYEziELGGmEEXue7D75zbwIIVUMWAVbHItGPx0ziyXxrOMQx4rQEVEV45Ut/1IotuEvwqPopzIOkDMf0A=="
		}
	}
}
