# THIS IS AN AUTOGENERATED FILE. DO NOT EDIT THIS FILE DIRECTLY.
# yarn lockfile v1


"@snowpack/plugin-typescript@^1.2.1":
  "integrity" "sha512-wU+JNaMVkqGsqTaUY7TnEMhGt/3URTgA9dpMCtZX6wn/ceA7Gwlmue/sOLynf0OTNLygHPvjiQECQYkEi3LTtg=="
  "resolved" "https://registry.yarnpkg.com/@snowpack/plugin-typescript/-/plugin-typescript-1.2.1.tgz"
  "version" "1.2.1"
  dependencies:
    "execa" "^5.0.0"
    "npm-run-path" "^4.0.1"

"@thi.ng/api@^7.0.0":
  "integrity" "sha512-a0Q0Y/DORKmRUPJx6s6n272MAhtWtQyAF51Rg8WXWFVXtknnke5iu3VkV+tdr6V3rcbymr9x8ZMntnTjYxIKgw=="
  "resolved" "https://registry.npmjs.org/@thi.ng/api/-/api-7.1.3.tgz"
  "version" "7.1.3"

"@thi.ng/api@^7.1.3":
  "integrity" "sha512-a0Q0Y/DORKmRUPJx6s6n272MAhtWtQyAF51Rg8WXWFVXtknnke5iu3VkV+tdr6V3rcbymr9x8ZMntnTjYxIKgw=="
  "resolved" "https://registry.npmjs.org/@thi.ng/api/-/api-7.1.3.tgz"
  "version" "7.1.3"

"@thi.ng/arrays@^0.10.7":
  "integrity" "sha512-c+B97S6jrot15AxuUeqL1CgABZ1whpXZ1QAMdD/RVBOwmvw+azSqNL9yIlzi9n+0io29Vqn88D4ImtkUFjwo6A=="
  "resolved" "https://registry.npmjs.org/@thi.ng/arrays/-/arrays-0.10.7.tgz"
  "version" "0.10.7"
  dependencies:
    "@thi.ng/api" "^7.1.3"
    "@thi.ng/checks" "^2.9.4"
    "@thi.ng/compare" "^1.3.27"
    "@thi.ng/equiv" "^1.0.40"
    "@thi.ng/errors" "^1.2.31"
    "@thi.ng/random" "^2.3.5"

"@thi.ng/associative@^5.1.5":
  "integrity" "sha512-y/6HqIMWsgVVjM8WAfqpN4DkSvwN+OTzkl9vmAmhidcY7gBcqqCloTH265+YoKBaeAUtpd5baskwNbjDVIB+1g=="
  "resolved" "https://registry.npmjs.org/@thi.ng/associative/-/associative-5.1.5.tgz"
  "version" "5.1.5"
  dependencies:
    "@thi.ng/api" "^7.1.3"
    "@thi.ng/binary" "^2.2.3"
    "@thi.ng/checks" "^2.9.4"
    "@thi.ng/compare" "^1.3.27"
    "@thi.ng/dcons" "^2.3.15"
    "@thi.ng/equiv" "^1.0.40"
    "@thi.ng/errors" "^1.2.31"
    "@thi.ng/transducers" "^7.6.5"
    "tslib" "^2.1.0"

"@thi.ng/binary@^2.2.3":
  "integrity" "sha512-jVo8dHwU/X3Bs/YMjPYg35zSWzCmlYgN/jefkAthDTziGJ6NjzbkB2oPm2/kzuSp7E2f1L5l6HYTb77/qGmg+A=="
  "resolved" "https://registry.npmjs.org/@thi.ng/binary/-/binary-2.2.3.tgz"
  "version" "2.2.3"
  dependencies:
    "@thi.ng/api" "^7.1.3"

"@thi.ng/checks@^2.9.0", "@thi.ng/checks@^2.9.4":
  "integrity" "sha512-iIGJadr30gpujUUSeb4nNvVjEGS1RN6IS/Z5D7lJjzcQL+kQXwveYGkQ5OjtouQ0T/Yo41DxsPVz8wNwAbdctw=="
  "resolved" "https://registry.npmjs.org/@thi.ng/checks/-/checks-2.9.4.tgz"
  "version" "2.9.4"
  dependencies:
    "tslib" "^2.1.0"

"@thi.ng/compare@^1.3.27":
  "integrity" "sha512-zJ3NQ+nPc0LqJ+SS4XrwhP8ZHHsvsnJEAuB3CsoUk/qj9TWQ1K5wzG9C+wls6zqRPHg/9s8b4KT1rmw0Qzpimw=="
  "resolved" "https://registry.npmjs.org/@thi.ng/compare/-/compare-1.3.27.tgz"
  "version" "1.3.27"
  dependencies:
    "@thi.ng/api" "^7.1.3"

"@thi.ng/compose@^1.4.28":
  "integrity" "sha512-/Q65ivkEcQI2iwncgS6fcSdMkR2mqTjJYCmxquyunfK+ZC3CgVI6aJudn6Lh29+CVTWEV4JYN2qIs00FSq5UuQ=="
  "resolved" "https://registry.npmjs.org/@thi.ng/compose/-/compose-1.4.28.tgz"
  "version" "1.4.28"
  dependencies:
    "@thi.ng/api" "^7.1.3"
    "@thi.ng/errors" "^1.2.31"

"@thi.ng/dcons@^2.3.15":
  "integrity" "sha512-P5QoznHWAnj/XCEVBbbMEy788d/EgpuEfdx+fPk9i+X0IbEOlQxUpS99y4+isce40OikcmFSsBvgHH5SYApB5w=="
  "resolved" "https://registry.npmjs.org/@thi.ng/dcons/-/dcons-2.3.15.tgz"
  "version" "2.3.15"
  dependencies:
    "@thi.ng/api" "^7.1.3"
    "@thi.ng/checks" "^2.9.4"
    "@thi.ng/compare" "^1.3.27"
    "@thi.ng/equiv" "^1.0.40"
    "@thi.ng/errors" "^1.2.31"
    "@thi.ng/random" "^2.3.5"
    "@thi.ng/transducers" "^7.6.5"

"@thi.ng/defmulti@^1.3.5", "@thi.ng/defmulti@^1.3.9":
  "integrity" "sha512-TDtbHENp0hmLXr+BqTFQqZ04oW1I8bHUOD/Io2Rce+7nUqb1b7eZ12zYotEwkQDGg6gHR82SIFzuevIe1dHwhw=="
  "resolved" "https://registry.npmjs.org/@thi.ng/defmulti/-/defmulti-1.3.9.tgz"
  "version" "1.3.9"
  dependencies:
    "@thi.ng/api" "^7.1.3"
    "@thi.ng/errors" "^1.2.31"

"@thi.ng/dgraph@^1.3.14", "@thi.ng/dgraph@^1.3.9":
  "integrity" "sha512-Wg7B2Do64wTqOoGIw14K9tekbv6KLI6CVDS7f+166hwNTmmJ+Wc7h2TjCtA2bCugMNDsEXp5ovPO48RrSjF5Zw=="
  "resolved" "https://registry.npmjs.org/@thi.ng/dgraph/-/dgraph-1.3.14.tgz"
  "version" "1.3.14"
  dependencies:
    "@thi.ng/api" "^7.1.3"
    "@thi.ng/associative" "^5.1.5"
    "@thi.ng/equiv" "^1.0.40"
    "@thi.ng/errors" "^1.2.31"
    "@thi.ng/transducers" "^7.6.5"

"@thi.ng/equiv@^1.0.40":
  "integrity" "sha512-L3jmDIF7RpJekmBpUQw4tCAUuX4EFYKSm8jrMx0ZkwEkH4pq9w84oylpJDs9TBPJr91Cn/GHwfapmJdc7Wu+GQ=="
  "resolved" "https://registry.npmjs.org/@thi.ng/equiv/-/equiv-1.0.40.tgz"
  "version" "1.0.40"

"@thi.ng/errors@^1.2.27", "@thi.ng/errors@^1.2.31":
  "integrity" "sha512-aj6Te82pZgXsjBzLMThZsnogx6NNw9jDDDdLCqc0VjL8wqlaYNF6bEncOyFwrUbS8V/sFaVECx1GpQQS14joOA=="
  "resolved" "https://registry.npmjs.org/@thi.ng/errors/-/errors-1.2.31.tgz"
  "version" "1.2.31"

"@thi.ng/hex@^0.2.4":
  "integrity" "sha512-N9ZSGDyvyECJPY38CL0Z2ZsikS14Jml6ZOPbLdLwdna0y80OOTGyqs9kCh6o/mEgDoGWHM8d16vKqJ615pOLWw=="
  "resolved" "https://registry.npmjs.org/@thi.ng/hex/-/hex-0.2.4.tgz"
  "version" "0.2.4"

"@thi.ng/math@^3.2.4":
  "integrity" "sha512-xpgckhIOQX/sbyS+ROHQ47sUwuOIxBIzQXWAAp17+SR2ViPzKzLWPiYoK3VoWLCniaZrEFnis5ejvjzmFKsg3Q=="
  "resolved" "https://registry.npmjs.org/@thi.ng/math/-/math-3.2.4.tgz"
  "version" "3.2.4"
  dependencies:
    "@thi.ng/api" "^7.1.3"

"@thi.ng/random@^2.2.0", "@thi.ng/random@^2.3.5":
  "integrity" "sha512-sxI32hSkBBbZoAG7UQbi6Kl0G9QD3bAtGvdFCCU7kBjzb9RSJtSosYp4JdUpzhH748ANokmwL3YwsRQDHTmlgA=="
  "resolved" "https://registry.npmjs.org/@thi.ng/random/-/random-2.3.5.tgz"
  "version" "2.3.5"
  dependencies:
    "@thi.ng/api" "^7.1.3"
    "@thi.ng/checks" "^2.9.4"
    "@thi.ng/hex" "^0.2.4"

"@thi.ng/shader-ast-stdlib@^0.5.18":
  "integrity" "sha512-KJp8nYxbqax6MMWH0Y2qh1ZDDYAASkouQctiRzy0rzeLo6qX5snoa3xF/oPDJgwebDZ5SNNrLdrI0qhhwBr4IA=="
  "resolved" "https://registry.npmjs.org/@thi.ng/shader-ast-stdlib/-/shader-ast-stdlib-0.5.18.tgz"
  "version" "0.5.18"
  dependencies:
    "@thi.ng/api" "^7.1.3"
    "@thi.ng/shader-ast" "^0.8.4"

"@thi.ng/shader-ast@^0.7.12":
  "integrity" "sha512-l7GZbWz0UvXZIOhhANQlgY/df90kY42eAnT/eEmtK94xzCeOJCVUA7rDF3kftpD+HH1IJ1dYF+/iJCXd3odofQ=="
  "resolved" "https://registry.npmjs.org/@thi.ng/shader-ast/-/shader-ast-0.7.13.tgz"
  "version" "0.7.13"
  dependencies:
    "@thi.ng/api" "^7.0.0"
    "@thi.ng/checks" "^2.9.0"
    "@thi.ng/defmulti" "^1.3.5"
    "@thi.ng/dgraph" "^1.3.9"
    "@thi.ng/errors" "^1.2.27"

"@thi.ng/shader-ast@^0.8.4":
  "integrity" "sha512-WOgBG1tPwidhTe6zNNsd8Y7LlNN95Wm/QDq7flPEXMYvEFjM43vNsQECkCvIdhwfLMARCZQi3OIk7i+EHQKvVA=="
  "resolved" "https://registry.npmjs.org/@thi.ng/shader-ast/-/shader-ast-0.8.4.tgz"
  "version" "0.8.4"
  dependencies:
    "@thi.ng/api" "^7.1.3"
    "@thi.ng/checks" "^2.9.4"
    "@thi.ng/defmulti" "^1.3.9"
    "@thi.ng/dgraph" "^1.3.14"
    "@thi.ng/errors" "^1.2.31"

"@thi.ng/transducers@^7.5.8", "@thi.ng/transducers@^7.6.5":
  "integrity" "sha512-TDhPUrK3KAbjT2Y1WHaYUf87jIA6QPjXqiWRo2fTf9UOMzRnRXdpxbuMGhqWAvYyVOzgKVDlhs7P6aYBSg1PDg=="
  "resolved" "https://registry.npmjs.org/@thi.ng/transducers/-/transducers-7.6.5.tgz"
  "version" "7.6.5"
  dependencies:
    "@thi.ng/api" "^7.1.3"
    "@thi.ng/arrays" "^0.10.7"
    "@thi.ng/checks" "^2.9.4"
    "@thi.ng/compare" "^1.3.27"
    "@thi.ng/compose" "^1.4.28"
    "@thi.ng/errors" "^1.2.31"
    "@thi.ng/math" "^3.2.4"
    "@thi.ng/random" "^2.3.5"

"@types/dat.gui@^0.7.6":
  "integrity" "sha512-Dx9f9CkXJkDAxt9M05vc7DItSqsiEhWN7Rx3vgO/maltv/nX9TaMX2sd/iAMENnL1D5FivetktJEyCBLFu50CQ=="
  "resolved" "https://registry.npmjs.org/@types/dat.gui/-/dat.gui-0.7.6.tgz"
  "version" "0.7.6"

"array-union@^1.0.1":
  "integrity" "sha1-mjRBDk9OPaI96jdb5b5w8kd47Dk="
  "resolved" "https://registry.npmjs.org/array-union/-/array-union-1.0.2.tgz"
  "version" "1.0.2"
  dependencies:
    "array-uniq" "^1.0.1"

"array-uniq@^1.0.1":
  "integrity" "sha1-r2rId6Jcx/dOBYiUdThY39sk/bY="
  "resolved" "https://registry.npmjs.org/array-uniq/-/array-uniq-1.0.3.tgz"
  "version" "1.0.3"

"async@^2.6.1":
  "integrity" "sha512-zflvls11DCy+dQWzTW2dzuilv8Z5X/pjfmZOWba6TNIVDm+2UDaJmXSOXlasHKfNBs8oo3M0aT50fDEWfKZjXg=="
  "resolved" "https://registry.npmjs.org/async/-/async-2.6.3.tgz"
  "version" "2.6.3"
  dependencies:
    "lodash" "^4.17.14"

"balanced-match@^1.0.0":
  "integrity" "sha1-ibTRmasr7kneFk6gK4nORi1xt2c="
  "resolved" "https://registry.npmjs.org/balanced-match/-/balanced-match-1.0.0.tgz"
  "version" "1.0.0"

"brace-expansion@^1.1.7":
  "integrity" "sha512-iCuPHDFgrHX7H2vEI/5xpz07zSHB00TpugqhmYtVmMO6518mCuRMoOYFldEBl0g187ufozdaHgWKcYFb61qGiA=="
  "resolved" "https://registry.npmjs.org/brace-expansion/-/brace-expansion-1.1.11.tgz"
  "version" "1.1.11"
  dependencies:
    "balanced-match" "^1.0.0"
    "concat-map" "0.0.1"

"commander@^2.18.0":
  "integrity" "sha512-GpVkmM8vF2vQUkj2LvZmD35JxeJOLCwJ9cUkugyk2nuhbv3+mJvpLYYt+0+USMxE+oj+ey/lJEnhZw75x/OMcQ=="
  "resolved" "https://registry.npmjs.org/commander/-/commander-2.20.3.tgz"
  "version" "2.20.3"

"commondir@^1.0.1":
  "integrity" "sha1-3dgA2gxmEnOTzKWVDqloo6rxJTs="
  "resolved" "https://registry.npmjs.org/commondir/-/commondir-1.0.1.tgz"
  "version" "1.0.1"

"concat-map@0.0.1":
  "integrity" "sha1-2Klr13/Wjfd5OnMDajug1UBdR3s="
  "resolved" "https://registry.npmjs.org/concat-map/-/concat-map-0.0.1.tgz"
  "version" "0.0.1"

"cross-spawn@^7.0.3":
  "integrity" "sha512-iRDPJKUPVEND7dHPO8rkbOnPpyDygcDFtWjpeWNCgy8WP2rXcxXL8TskReQl6OrB2G7+UJrags1q15Fudc7G6w=="
  "resolved" "https://registry.yarnpkg.com/cross-spawn/-/cross-spawn-7.0.3.tgz"
  "version" "7.0.3"
  dependencies:
    "path-key" "^3.1.0"
    "shebang-command" "^2.0.0"
    "which" "^2.0.1"

"dat.gui@^0.7.7":
  "integrity" "sha512-sRl/28gF/XRC5ywC9I4zriATTsQcpSsRG7seXCPnTkK8/EQMIbCu5NPMpICLGxX9ZEUvcXR3ArLYCtgreFoMDw=="
  "resolved" "https://registry.npmjs.org/dat.gui/-/dat.gui-0.7.7.tgz"
  "version" "0.7.7"

"email-addresses@^3.0.1":
  "integrity" "sha512-k0/r7GrWVL32kZlGwfPNgB2Y/mMXVTq/decgLczm/j34whdaspNrZO8CnXPf1laaHxI6ptUlsnAxN+UAPw+fzg=="
  "resolved" "https://registry.npmjs.org/email-addresses/-/email-addresses-3.1.0.tgz"
  "version" "3.1.0"

"esbuild@^0.8.7":
  "integrity" "sha512-tnr0V1ooakYr1aRLXQLzCn2GVG1kBTW3FWpRyC+NgrR3ntsouVpJOlTOV0BS4YLATx3/c+x3h/uBq9lWJlUAtQ=="
  "resolved" "https://registry.yarnpkg.com/esbuild/-/esbuild-0.8.34.tgz"
  "version" "0.8.34"

"escape-string-regexp@^1.0.2":
  "integrity" "sha1-G2HAViGQqN/2rjuyzwIAyhMLhtQ="
  "resolved" "https://registry.npmjs.org/escape-string-regexp/-/escape-string-regexp-1.0.5.tgz"
  "version" "1.0.5"

"execa@^5.0.0":
  "integrity" "sha512-ov6w/2LCiuyO4RLYGdpFGjkcs0wMTgGE8PrkTHikeUy5iJekXyPIKUjifk5CsE0pt7sMCrMZ3YNqoCj6idQOnQ=="
  "resolved" "https://registry.yarnpkg.com/execa/-/execa-5.0.0.tgz"
  "version" "5.0.0"
  dependencies:
    "cross-spawn" "^7.0.3"
    "get-stream" "^6.0.0"
    "human-signals" "^2.1.0"
    "is-stream" "^2.0.0"
    "merge-stream" "^2.0.0"
    "npm-run-path" "^4.0.1"
    "onetime" "^5.1.2"
    "signal-exit" "^3.0.3"
    "strip-final-newline" "^2.0.0"

"filename-reserved-regex@^1.0.0":
  "integrity" "sha1-5hz4BfDeHJhFZ9A4bcXfUO5a9+Q="
  "resolved" "https://registry.npmjs.org/filename-reserved-regex/-/filename-reserved-regex-1.0.0.tgz"
  "version" "1.0.0"

"filenamify-url@^1.0.0":
  "integrity" "sha1-syvYExnvWGO3MHi+1Q9GpPeXX1A="
  "resolved" "https://registry.npmjs.org/filenamify-url/-/filenamify-url-1.0.0.tgz"
  "version" "1.0.0"
  dependencies:
    "filenamify" "^1.0.0"
    "humanize-url" "^1.0.0"

"filenamify@^1.0.0":
  "integrity" "sha1-qfL/0RxQO+0wABUCknI3jx8TZaU="
  "resolved" "https://registry.npmjs.org/filenamify/-/filenamify-1.2.1.tgz"
  "version" "1.2.1"
  dependencies:
    "filename-reserved-regex" "^1.0.0"
    "strip-outer" "^1.0.0"
    "trim-repeated" "^1.0.0"

"find-cache-dir@^3.3.1":
  "integrity" "sha512-t2GDMt3oGC/v+BMwzmllWDuJF/xcDtE5j/fCGbqDD7OLuJkj0cfh1YSA5VKPvwMeLFLNDBkwOKZ2X85jGLVftQ=="
  "resolved" "https://registry.npmjs.org/find-cache-dir/-/find-cache-dir-3.3.1.tgz"
  "version" "3.3.1"
  dependencies:
    "commondir" "^1.0.1"
    "make-dir" "^3.0.2"
    "pkg-dir" "^4.1.0"

"find-up@^4.0.0":
  "integrity" "sha512-PpOwAdQ/YlXQ2vj8a3h8IipDuYRi3wceVQQGYWxNINccq40Anw7BlsEXCMbt1Zt+OLA6Fq9suIpIWD0OsnISlw=="
  "resolved" "https://registry.npmjs.org/find-up/-/find-up-4.1.0.tgz"
  "version" "4.1.0"
  dependencies:
    "locate-path" "^5.0.0"
    "path-exists" "^4.0.0"

"fs-extra@^8.1.0":
  "integrity" "sha512-yhlQgA6mnOJUKOsRUFsgJdQCvkKhcz8tlZG5HBQfReYZy46OwLcY+Zia0mtdHsOo9y/hP+CxMN0TU9QxoOtG4g=="
  "resolved" "https://registry.npmjs.org/fs-extra/-/fs-extra-8.1.0.tgz"
  "version" "8.1.0"
  dependencies:
    "graceful-fs" "^4.2.0"
    "jsonfile" "^4.0.0"
    "universalify" "^0.1.0"

"fs.realpath@^1.0.0":
  "integrity" "sha1-FQStJSMVjKpA20onh8sBQRmU6k8="
  "resolved" "https://registry.npmjs.org/fs.realpath/-/fs.realpath-1.0.0.tgz"
  "version" "1.0.0"

"fsevents@^2.2.0":
  "integrity" "sha512-YR47Eg4hChJGAB1O3yEAOkGO+rlzutoICGqGo9EZ4lKWokzZRSyIW1QmTzqjtw8MJdj9srP869CuWw/hyzSiBw=="
  "resolved" "https://registry.yarnpkg.com/fsevents/-/fsevents-2.3.1.tgz"
  "version" "2.3.1"

"fsevents@~2.1.2":
  "integrity" "sha512-Auw9a4AxqWpa9GUfj370BMPzzyncfBABW8Mab7BGWBYDj4Isgq+cDKtx0i6u9jcX9pQDnswsaaOTgTmA5pEjuQ=="
  "resolved" "https://registry.yarnpkg.com/fsevents/-/fsevents-2.1.3.tgz"
  "version" "2.1.3"

"get-stream@^6.0.0":
  "integrity" "sha512-A1B3Bh1UmL0bidM/YX2NsCOTnGJePL9rO/M+Mw3m9f2gUpfokS0hi5Eah0WSUEWZdZhIZtMjkIYS7mDfOqNHbg=="
  "resolved" "https://registry.yarnpkg.com/get-stream/-/get-stream-6.0.0.tgz"
  "version" "6.0.0"

"gh-pages@^3.1.0":
  "integrity" "sha512-3b1rly9kuf3/dXsT8+ZxP0UhNLOo1CItj+3e31yUVcaph/yDsJ9RzD7JOw5o5zpBTJVQLlJAASNkUfepi9fe2w=="
  "resolved" "https://registry.npmjs.org/gh-pages/-/gh-pages-3.1.0.tgz"
  "version" "3.1.0"
  dependencies:
    "async" "^2.6.1"
    "commander" "^2.18.0"
    "email-addresses" "^3.0.1"
    "filenamify-url" "^1.0.0"
    "find-cache-dir" "^3.3.1"
    "fs-extra" "^8.1.0"
    "globby" "^6.1.0"

"glob@^7.0.3":
  "integrity" "sha512-LwaxwyZ72Lk7vZINtNNrywX0ZuLyStrdDtabefZKAY5ZGJhVtgdznluResxNmPitE0SAO+O26sWTHeKSI2wMBA=="
  "resolved" "https://registry.npmjs.org/glob/-/glob-7.1.6.tgz"
  "version" "7.1.6"
  dependencies:
    "fs.realpath" "^1.0.0"
    "inflight" "^1.0.4"
    "inherits" "2"
    "minimatch" "^3.0.4"
    "once" "^1.3.0"
    "path-is-absolute" "^1.0.0"

"globby@^6.1.0":
  "integrity" "sha1-9abXDoOV4hyFj7BInWTfAkJNUGw="
  "resolved" "https://registry.npmjs.org/globby/-/globby-6.1.0.tgz"
  "version" "6.1.0"
  dependencies:
    "array-union" "^1.0.1"
    "glob" "^7.0.3"
    "object-assign" "^4.0.1"
    "pify" "^2.0.0"
    "pinkie-promise" "^2.0.0"

"graceful-fs@^4.1.6", "graceful-fs@^4.2.0":
  "integrity" "sha512-nTnJ528pbqxYanhpDYsi4Rd8MAeaBA67+RZ10CM1m3bTAVFEDcd5AuA4a6W5YkGZ1iNXHzZz8T6TBKLeBuNriQ=="
  "resolved" "https://registry.npmjs.org/graceful-fs/-/graceful-fs-4.2.6.tgz"
  "version" "4.2.6"

"human-signals@^2.1.0":
  "integrity" "sha512-B4FFZ6q/T2jhhksgkbEW3HBvWIfDW85snkQgawt07S7J5QXTk6BkNV+0yAeZrM5QpMAdYlocGoljn0sJ/WQkFw=="
  "resolved" "https://registry.yarnpkg.com/human-signals/-/human-signals-2.1.0.tgz"
  "version" "2.1.0"

"humanize-url@^1.0.0":
  "integrity" "sha1-9KuZ4NKIF0yk4eUEB8VfuuRk7/8="
  "resolved" "https://registry.npmjs.org/humanize-url/-/humanize-url-1.0.1.tgz"
  "version" "1.0.1"
  dependencies:
    "normalize-url" "^1.0.0"
    "strip-url-auth" "^1.0.0"

"inflight@^1.0.4":
  "integrity" "sha1-Sb1jMdfQLQwJvJEKEHW6gWW1bfk="
  "resolved" "https://registry.npmjs.org/inflight/-/inflight-1.0.6.tgz"
  "version" "1.0.6"
  dependencies:
    "once" "^1.3.0"
    "wrappy" "1"

"inherits@2":
  "integrity" "sha512-k/vGaX4/Yla3WzyMCvTQOXYeIHvqOKtnqBduzTHpzpQZzAskKMhZ2K+EnBiSM9zGSoIFeMpXKxa4dYeZIQqewQ=="
  "resolved" "https://registry.npmjs.org/inherits/-/inherits-2.0.4.tgz"
  "version" "2.0.4"

"is-docker@^2.0.0":
  "integrity" "sha512-ZOoqiXfEwtGknTiuDEy8pN2CfE3TxMHprvNer1mXiqwkOT77Rw3YVrUQ52EqAOU3QAWDQ+bQdx7HJzrv7LS2Hw=="
  "resolved" "https://registry.yarnpkg.com/is-docker/-/is-docker-2.1.1.tgz"
  "version" "2.1.1"

"is-plain-obj@^1.0.0":
  "integrity" "sha1-caUMhCnfync8kqOQpKA7OfzVHT4="
  "resolved" "https://registry.npmjs.org/is-plain-obj/-/is-plain-obj-1.1.0.tgz"
  "version" "1.1.0"

"is-stream@^2.0.0":
  "integrity" "sha512-XCoy+WlUr7d1+Z8GgSuXmpuUFC9fOhRXglJMx+dwLKTkL44Cjd4W1Z5P+BQZpr+cR93aGP4S/s7Ftw6Nd/kiEw=="
  "resolved" "https://registry.yarnpkg.com/is-stream/-/is-stream-2.0.0.tgz"
  "version" "2.0.0"

"is-wsl@^2.1.1":
  "integrity" "sha512-fKzAra0rGJUUBwGBgNkHZuToZcn+TtXHpeCgmkMJMMYx1sQDYaCSyjJBSCa2nH1DGm7s3n1oBnohoVTBaN7Lww=="
  "resolved" "https://registry.yarnpkg.com/is-wsl/-/is-wsl-2.2.0.tgz"
  "version" "2.2.0"
  dependencies:
    "is-docker" "^2.0.0"

"isexe@^2.0.0":
  "integrity" "sha1-6PvzdNxVb/iUehDcsFctYz8s+hA="
  "resolved" "https://registry.yarnpkg.com/isexe/-/isexe-2.0.0.tgz"
  "version" "2.0.0"

"jsonfile@^4.0.0":
  "integrity" "sha1-h3Gq4HmbZAdrdmQPygWPnBDjPss="
  "resolved" "https://registry.npmjs.org/jsonfile/-/jsonfile-4.0.0.tgz"
  "version" "4.0.0"
  dependencies:
    "graceful-fs" "^4.1.6"
  optionalDependencies:
    "graceful-fs" "^4.1.6"

"locate-path@^5.0.0":
  "integrity" "sha512-t7hw9pI+WvuwNJXwk5zVHpyhIqzg2qTlklJOf0mVxGSbe3Fp2VieZcduNYjaLDoy6p9uGpQEGWG87WpMKlNq8g=="
  "resolved" "https://registry.npmjs.org/locate-path/-/locate-path-5.0.0.tgz"
  "version" "5.0.0"
  dependencies:
    "p-locate" "^4.1.0"

"lodash@^4.17.14":
  "integrity" "sha512-v2kDEe57lecTulaDIuNTPy3Ry4gLGJ6Z1O3vE1krgXZNrsQ+LFTGHVxVjcXPs17LhbZVGedAJv8XZ1tvj5FvSg=="
  "resolved" "https://registry.npmjs.org/lodash/-/lodash-4.17.21.tgz"
  "version" "4.17.21"

"make-dir@^3.0.2":
  "integrity" "sha512-g3FeP20LNwhALb/6Cz6Dd4F2ngze0jz7tbzrD2wAV+o9FeNHe4rL+yK2md0J/fiSf1sa1ADhXqi5+oVwOM/eGw=="
  "resolved" "https://registry.npmjs.org/make-dir/-/make-dir-3.1.0.tgz"
  "version" "3.1.0"
  dependencies:
    "semver" "^6.0.0"

"merge-stream@^2.0.0":
  "integrity" "sha512-abv/qOcuPfk3URPfDzmZU1LKmuw8kT+0nIHvKrKgFrwifol/doWcdA4ZqsWQ8ENrFKkd67Mfpo/LovbIUsbt3w=="
  "resolved" "https://registry.yarnpkg.com/merge-stream/-/merge-stream-2.0.0.tgz"
  "version" "2.0.0"

"mimic-fn@^2.1.0":
  "integrity" "sha512-OqbOk5oEQeAZ8WXWydlu9HJjz9WVdEIvamMCcXmuqUYjTknH/sqsWvhQ3vgwKFRR1HpjvNBKQ37nbJgYzGqGcg=="
  "resolved" "https://registry.yarnpkg.com/mimic-fn/-/mimic-fn-2.1.0.tgz"
  "version" "2.1.0"

"minimatch@^3.0.4":
  "integrity" "sha512-yJHVQEhyqPLUTgt9B83PXu6W3rx4MvvHvSUvToogpwoGDOUQ+yDrR0HRot+yOCdCO7u4hX3pWft6kWBBcqh0UA=="
  "resolved" "https://registry.npmjs.org/minimatch/-/minimatch-3.0.4.tgz"
  "version" "3.0.4"
  dependencies:
    "brace-expansion" "^1.1.7"

"normalize-url@^1.0.0":
  "integrity" "sha1-LMDWazHqIwNkWENuNiDYWVTGbDw="
  "resolved" "https://registry.npmjs.org/normalize-url/-/normalize-url-1.9.1.tgz"
  "version" "1.9.1"
  dependencies:
    "object-assign" "^4.0.1"
    "prepend-http" "^1.0.0"
    "query-string" "^4.1.0"
    "sort-keys" "^1.0.0"

"npm-run-path@^4.0.1":
  "integrity" "sha512-S48WzZW777zhNIrn7gxOlISNAqi9ZC/uQFnRdbeIHhZhCA6UqpkOT8T1G7BvfdgP4Er8gF4sUbaS0i7QvIfCWw=="
  "resolved" "https://registry.yarnpkg.com/npm-run-path/-/npm-run-path-4.0.1.tgz"
  "version" "4.0.1"
  dependencies:
    "path-key" "^3.0.0"

"object-assign@^4.0.1", "object-assign@^4.1.0":
  "integrity" "sha1-IQmtx5ZYh8/AXLvUQsrIv7s2CGM="
  "resolved" "https://registry.npmjs.org/object-assign/-/object-assign-4.1.1.tgz"
  "version" "4.1.1"

"once@^1.3.0":
  "integrity" "sha1-WDsap3WWHUsROsF9nFC6753Xa9E="
  "resolved" "https://registry.npmjs.org/once/-/once-1.4.0.tgz"
  "version" "1.4.0"
  dependencies:
    "wrappy" "1"

"onetime@^5.1.2":
  "integrity" "sha512-kbpaSSGJTWdAY5KPVeMOKXSrPtr8C8C7wodJbcsd51jRnmD+GZu8Y0VoU6Dm5Z4vWr0Ig/1NKuWRKf7j5aaYSg=="
  "resolved" "https://registry.yarnpkg.com/onetime/-/onetime-5.1.2.tgz"
  "version" "5.1.2"
  dependencies:
    "mimic-fn" "^2.1.0"

"open@^7.0.4":
  "integrity" "sha512-f2wt9DCBKKjlFbjzGb8MOAW8LH8F0mrs1zc7KTjAJ9PZNQbfenzWbNP1VZJvw6ICMG9r14Ah6yfwPn7T7i646A=="
  "resolved" "https://registry.yarnpkg.com/open/-/open-7.3.1.tgz"
  "version" "7.3.1"
  dependencies:
    "is-docker" "^2.0.0"
    "is-wsl" "^2.1.1"

"p-limit@^2.2.0":
  "integrity" "sha512-//88mFWSJx8lxCzwdAABTJL2MyWB12+eIY7MDL2SqLmAkeKU9qxRvWuSyTjm3FUmpBEMuFfckAIqEaVGUDxb6w=="
  "resolved" "https://registry.npmjs.org/p-limit/-/p-limit-2.3.0.tgz"
  "version" "2.3.0"
  dependencies:
    "p-try" "^2.0.0"

"p-locate@^4.1.0":
  "integrity" "sha512-R79ZZ/0wAxKGu3oYMlz8jy/kbhsNrS7SKZ7PxEHBgJ5+F2mtFW2fK2cOtBh1cHYkQsbzFV7I+EoRKe6Yt0oK7A=="
  "resolved" "https://registry.npmjs.org/p-locate/-/p-locate-4.1.0.tgz"
  "version" "4.1.0"
  dependencies:
    "p-limit" "^2.2.0"

"p-try@^2.0.0":
  "integrity" "sha512-R4nPAVTAU0B9D35/Gk3uJf/7XYbQcyohSKdvAxIRSNghFl4e71hVoGnBNQz9cWaXxO2I10KTC+3jMdvvoKw6dQ=="
  "resolved" "https://registry.npmjs.org/p-try/-/p-try-2.2.0.tgz"
  "version" "2.2.0"

"path-exists@^4.0.0":
  "integrity" "sha512-ak9Qy5Q7jYb2Wwcey5Fpvg2KoAc/ZIhLSLOSBmRmygPsGwkVVt0fZa0qrtMz+m6tJTAHfZQ8FnmB4MG4LWy7/w=="
  "resolved" "https://registry.npmjs.org/path-exists/-/path-exists-4.0.0.tgz"
  "version" "4.0.0"

"path-is-absolute@^1.0.0":
  "integrity" "sha1-F0uSaHNVNP+8es5r9TpanhtcX18="
  "resolved" "https://registry.npmjs.org/path-is-absolute/-/path-is-absolute-1.0.1.tgz"
  "version" "1.0.1"

"path-key@^3.0.0", "path-key@^3.1.0":
  "integrity" "sha512-ojmeN0qd+y0jszEtoY48r0Peq5dwMEkIlCOu6Q5f41lfkswXuKtYrhgoTpLnyIcHm24Uhqx+5Tqm2InSwLhE6Q=="
  "resolved" "https://registry.yarnpkg.com/path-key/-/path-key-3.1.1.tgz"
  "version" "3.1.1"

"pify@^2.0.0":
  "integrity" "sha1-7RQaasBDqEnqWISY59yosVMw6Qw="
  "resolved" "https://registry.npmjs.org/pify/-/pify-2.3.0.tgz"
  "version" "2.3.0"

"pinkie-promise@^2.0.0":
  "integrity" "sha1-ITXW36ejWMBprJsXh3YogihFD/o="
  "resolved" "https://registry.npmjs.org/pinkie-promise/-/pinkie-promise-2.0.1.tgz"
  "version" "2.0.1"
  dependencies:
    "pinkie" "^2.0.0"

"pinkie@^2.0.0":
  "integrity" "sha1-clVrgM+g1IqXToDnckjoDtT3+HA="
  "resolved" "https://registry.npmjs.org/pinkie/-/pinkie-2.0.4.tgz"
  "version" "2.0.4"

"pkg-dir@^4.1.0":
  "integrity" "sha512-HRDzbaKjC+AOWVXxAU/x54COGeIv9eb+6CkDSQoNTt4XyWoIJvuPsXizxu/Fr23EiekbtZwmh1IcIG/l/a10GQ=="
  "resolved" "https://registry.npmjs.org/pkg-dir/-/pkg-dir-4.2.0.tgz"
  "version" "4.2.0"
  dependencies:
    "find-up" "^4.0.0"

"prepend-http@^1.0.0":
  "integrity" "sha1-1PRWKwzjaW5BrFLQ4ALlemNdxtw="
  "resolved" "https://registry.npmjs.org/prepend-http/-/prepend-http-1.0.4.tgz"
  "version" "1.0.4"

"query-string@^4.1.0":
  "integrity" "sha1-u7aTucqRXCMlFbIosaArYJBD2+s="
  "resolved" "https://registry.npmjs.org/query-string/-/query-string-4.3.4.tgz"
  "version" "4.3.4"
  dependencies:
    "object-assign" "^4.1.0"
    "strict-uri-encode" "^1.0.0"

"rollup@^2.34.0":
  "integrity" "sha512-ay9zDiNitZK/LNE/EM2+v5CZ7drkB2xyDljvb1fQJCGnq43ZWRkhxN145oV8GmoW1YNi4sA/1Jdkr2LfawJoXw=="
  "resolved" "https://registry.yarnpkg.com/rollup/-/rollup-2.38.0.tgz"
  "version" "2.38.0"
  dependencies:
    "fsevents" "~2.1.2"
  optionalDependencies:
    "fsevents" "~2.1.2"

"semver@^6.0.0":
  "integrity" "sha512-b39TBaTSfV6yBrapU89p5fKekE2m/NwnDocOVruQFS1/veMgdzuPcnOM34M6CwxW8jH/lxEa5rBoDeUwu5HHTw=="
  "resolved" "https://registry.npmjs.org/semver/-/semver-6.3.0.tgz"
  "version" "6.3.0"

"shebang-command@^2.0.0":
  "integrity" "sha512-kHxr2zZpYtdmrN1qDjrrX/Z1rR1kG8Dx+gkpK1G4eXmvXswmcE1hTWBWYUzlraYw1/yZp6YuDY77YtvbN0dmDA=="
  "resolved" "https://registry.yarnpkg.com/shebang-command/-/shebang-command-2.0.0.tgz"
  "version" "2.0.0"
  dependencies:
    "shebang-regex" "^3.0.0"

"shebang-regex@^3.0.0":
  "integrity" "sha512-7++dFhtcx3353uBaq8DDR4NuxBetBzC7ZQOhmTQInHEd6bSrXdiEyzCvG07Z44UYdLShWUyXt5M/yhz8ekcb1A=="
  "resolved" "https://registry.yarnpkg.com/shebang-regex/-/shebang-regex-3.0.0.tgz"
  "version" "3.0.0"

"signal-exit@^3.0.3":
  "integrity" "sha512-VUJ49FC8U1OxwZLxIbTTrDvLnf/6TDgxZcK8wxR8zs13xpx7xbG60ndBlhNrFi2EMuFRoeDoJO7wthSLq42EjA=="
  "resolved" "https://registry.yarnpkg.com/signal-exit/-/signal-exit-3.0.3.tgz"
  "version" "3.0.3"

"snowpack@^3.0.11":
  "integrity" "sha512-lBxgkvWTgdg0szE31JUt01wQkA9Lnmm+6lxqeV9rxDfflpx7ASnldVHFvu7Se70QJmPTQB0UJjfKI+xmYGwiiQ=="
  "resolved" "https://registry.yarnpkg.com/snowpack/-/snowpack-3.0.11.tgz"
  "version" "3.0.11"
  dependencies:
    "esbuild" "^0.8.7"
    "fsevents" "^2.2.0"
    "open" "^7.0.4"
    "rollup" "^2.34.0"
  optionalDependencies:
    "fsevents" "^2.2.0"

"sort-keys@^1.0.0":
  "integrity" "sha1-RBttTTRnmPG05J6JIK37oOVD+a0="
  "resolved" "https://registry.npmjs.org/sort-keys/-/sort-keys-1.1.2.tgz"
  "version" "1.1.2"
  dependencies:
    "is-plain-obj" "^1.0.0"

"strict-uri-encode@^1.0.0":
  "integrity" "sha1-J5siXfHVgrH1TmWt3UNS4Y+qBxM="
  "resolved" "https://registry.npmjs.org/strict-uri-encode/-/strict-uri-encode-1.1.0.tgz"
  "version" "1.1.0"

"strip-final-newline@^2.0.0":
  "integrity" "sha512-BrpvfNAE3dcvq7ll3xVumzjKjZQ5tI1sEUIKr3Uoks0XUl45St3FlatVqef9prk4jRDzhW6WZg+3bk93y6pLjA=="
  "resolved" "https://registry.yarnpkg.com/strip-final-newline/-/strip-final-newline-2.0.0.tgz"
  "version" "2.0.0"

"strip-outer@^1.0.0":
  "integrity" "sha512-k55yxKHwaXnpYGsOzg4Vl8+tDrWylxDEpknGjhTiZB8dFRU5rTo9CAzeycivxV3s+zlTKwrs6WxMxR95n26kwg=="
  "resolved" "https://registry.npmjs.org/strip-outer/-/strip-outer-1.0.1.tgz"
  "version" "1.0.1"
  dependencies:
    "escape-string-regexp" "^1.0.2"

"strip-url-auth@^1.0.0":
  "integrity" "sha1-IrD6OkE4WzO+PzMVUbu4N/oM164="
  "resolved" "https://registry.npmjs.org/strip-url-auth/-/strip-url-auth-1.0.1.tgz"
  "version" "1.0.1"

"three@^0.125.2":
  "integrity" "sha512-7rIRO23jVKWcAPFdW/HREU2NZMGWPBZ4XwEMt0Ak0jwLUKVJhcKM55eCBWyGZq/KiQbeo1IeuAoo/9l2dzhTXA=="
  "resolved" "https://registry.npmjs.org/three/-/three-0.125.2.tgz"
  "version" "0.125.2"

"trim-repeated@^1.0.0":
  "integrity" "sha1-42RqLqTokTEr9+rObPsFOAvAHCE="
  "resolved" "https://registry.npmjs.org/trim-repeated/-/trim-repeated-1.0.0.tgz"
  "version" "1.0.0"
  dependencies:
    "escape-string-regexp" "^1.0.2"

"tslib@^2.1.0":
  "integrity" "sha512-hcVC3wYEziELGGmEEXue7D75zbwIIVUMWAVbHItGPx0ziyXxrOMQx4rQEVEV45Ut/1IotuEvwqPopzIOkDMf0A=="
  "resolved" "https://registry.npmjs.org/tslib/-/tslib-2.1.0.tgz"
  "version" "2.1.0"

"typescript@*", "typescript@^4.1.3":
  "integrity" "sha512-B3ZIOf1IKeH2ixgHhj6la6xdwR9QrLC5d1VKeCSY4tvkqhF2eqd9O7txNlS0PO3GrBAFIdr3L1ndNwteUbZLYg=="
  "resolved" "https://registry.yarnpkg.com/typescript/-/typescript-4.1.3.tgz"
  "version" "4.1.3"

"universalify@^0.1.0":
  "integrity" "sha512-rBJeI5CXAlmy1pV+617WB9J63U6XcazHHF2f2dbJix4XzpUF0RS3Zbj0FGIOCAva5P/d/GBOYaACQ1w+0azUkg=="
  "resolved" "https://registry.npmjs.org/universalify/-/universalify-0.1.2.tgz"
  "version" "0.1.2"

"which@^2.0.1":
  "integrity" "sha512-BLI3Tl1TW3Pvl70l3yq3Y64i+awpwXqsGBYWkkqMtnbXgrMD+yj7rhW0kuEDxzJaYXGjEW5ogapKNMEKNMjibA=="
  "resolved" "https://registry.yarnpkg.com/which/-/which-2.0.2.tgz"
  "version" "2.0.2"
  dependencies:
    "isexe" "^2.0.0"

"wrappy@1":
  "integrity" "sha1-tSQ9jz7BqjXxNkYFvA0QNuMKtp8="
  "resolved" "https://registry.npmjs.org/wrappy/-/wrappy-1.0.2.tgz"
  "version" "1.0.2"
