# THIS IS AN AUTOGENERATED FILE. DO NOT EDIT THIS FILE DIRECTLY.
# yarn lockfile v1


"@jamieowen/browser@^0.0.1", "@jamieowen/browser@latest":
  "integrity" "sha512-++wM/m/6QezeVIcwaVsNPp3SB3apHL3cxVoEky36n8aT7sovO//XToows7Zg7nIVIpwaF+/a6bzJW4f03uZdIg=="
  "resolved" "https://registry.yarnpkg.com/@jamieowen/browser/-/browser-0.0.1.tgz"
  "version" "0.0.1"
  dependencies:
    "@thi.ng/random" "^2.1.3"
    "@thi.ng/rstream" "^5.0.11"
    "@thi.ng/rstream-gestures" "^3.0.0"
    "@thi.ng/transducers" "^7.5.3"

"@jamieowen/layout@latest":
  "version" "0.0.1"
  dependencies:
    "@thi.ng/rstream" "^5.0.11"
    "@thi.ng/transducers" "^7.5.3"

"@jamieowen/motion@latest":
  "version" "0.0.1"
  dependencies:
    "@jamieowen/browser" "^0.0.1"
    "@thi.ng/rstream" "^5.0.11"
    "@thi.ng/transducers" "^7.5.3"
    "@thi.ng/vectors" "^4.8.3"

"@snowpack/plugin-typescript@^1.2.1":
  "integrity" "sha512-wU+JNaMVkqGsqTaUY7TnEMhGt/3URTgA9dpMCtZX6wn/ceA7Gwlmue/sOLynf0OTNLygHPvjiQECQYkEi3LTtg=="
  "resolved" "https://registry.yarnpkg.com/@snowpack/plugin-typescript/-/plugin-typescript-1.2.1.tgz"
  "version" "1.2.1"
  dependencies:
    "execa" "^5.0.0"
    "npm-run-path" "^4.0.1"

"@thi.ng/api@^6.13.6":
  "integrity" "sha512-r1qJR2QaODkhG0poOKAkFIaHYeGF3rYuh/eaGx+4mBjA+jUCRlqQNr/yP1DsjMEVbjlE1jqS5apQvnfSmQlOvg=="
  "resolved" "https://registry.yarnpkg.com/@thi.ng/api/-/api-6.13.6.tgz"
  "version" "6.13.6"

"@thi.ng/arrays@^0.10.1":
  "integrity" "sha512-6LPLFO/9rz8x6Ir3+Lo/eTV1dmhPGUTqvLBUoTlxlNQulAgEVsKTCnkwFMldaesas8wqGOj8xinwRRq64WBPcA=="
  "resolved" "https://registry.yarnpkg.com/@thi.ng/arrays/-/arrays-0.10.1.tgz"
  "version" "0.10.1"
  dependencies:
    "@thi.ng/api" "^6.13.6"
    "@thi.ng/checks" "^2.8.0"
    "@thi.ng/compare" "^1.3.22"
    "@thi.ng/equiv" "^1.0.35"
    "@thi.ng/errors" "^1.2.26"
    "@thi.ng/random" "^2.2.0"

"@thi.ng/associative@^5.0.17":
  "integrity" "sha512-64GBTF2xAd1aAprxzFG0jGG+l7Fb/RRgWLmdIhPYLzMYPUxLcDxDPoGdSMCMMwTJ4p/18bPI4r+ATcAiNFpe1g=="
  "resolved" "https://registry.yarnpkg.com/@thi.ng/associative/-/associative-5.0.17.tgz"
  "version" "5.0.17"
  dependencies:
    "@thi.ng/api" "^6.13.6"
    "@thi.ng/binary" "^2.0.21"
    "@thi.ng/checks" "^2.8.0"
    "@thi.ng/compare" "^1.3.22"
    "@thi.ng/dcons" "^2.3.9"
    "@thi.ng/equiv" "^1.0.35"
    "@thi.ng/errors" "^1.2.26"
    "@thi.ng/transducers" "^7.5.8"
    "tslib" "2.0.1"

"@thi.ng/atom@^4.1.27":
  "integrity" "sha512-P88NBsoV68LZ6EZeiMNz9eGcfp3aIyUx2ghsklfWazzPLcIJHBv3obalkBvhREcWrg/wK9byC/HlrZWuxKHggw=="
  "resolved" "https://registry.yarnpkg.com/@thi.ng/atom/-/atom-4.1.27.tgz"
  "version" "4.1.27"
  dependencies:
    "@thi.ng/api" "^6.13.6"
    "@thi.ng/equiv" "^1.0.35"
    "@thi.ng/errors" "^1.2.26"
    "@thi.ng/paths" "^4.1.13"
    "tslib" "2.0.1"

"@thi.ng/binary@^2.0.21":
  "integrity" "sha512-LtLsWlw9U8b4K2Guv2P7cMaKXZmZnz3Bdbg9mqigXkzXzmMiuC115NuqjzJoI3fvMr2NcwVHBa1cPZ6T+zK/1w=="
  "resolved" "https://registry.yarnpkg.com/@thi.ng/binary/-/binary-2.0.21.tgz"
  "version" "2.0.21"
  dependencies:
    "@thi.ng/api" "^6.13.6"

"@thi.ng/checks@^2.8.0":
  "integrity" "sha512-sAfnR+Az6y7LlK7nAWb0WRo6JTqPI9MhImZHYcQrFYwMT+IYIVhv7Vv96OrybKs2C2wxukCYAlgrhcaOfXe+QA=="
  "resolved" "https://registry.yarnpkg.com/@thi.ng/checks/-/checks-2.8.0.tgz"
  "version" "2.8.0"
  dependencies:
    "tslib" "2.0.1"

"@thi.ng/compare@^1.3.22":
  "integrity" "sha512-yCCym5BiD+0G+YASw8TSAyNwXaOU2lnBd2HBUHRd6NdcjDBzqwdNtI3ih51+jDgtw2jVSGbD0HelKczt4BsJyA=="
  "resolved" "https://registry.yarnpkg.com/@thi.ng/compare/-/compare-1.3.22.tgz"
  "version" "1.3.22"
  dependencies:
    "@thi.ng/api" "^6.13.6"

"@thi.ng/compose@^1.4.23":
  "integrity" "sha512-ueuvICBbYG0Ux9+J0EI6pDJTX9+NosRDQmFcyHQMc6OcOPnc3kYBQSGg8DAtUaC1tyr+G4aHLTWuNNcwNp+QCw=="
  "resolved" "https://registry.yarnpkg.com/@thi.ng/compose/-/compose-1.4.23.tgz"
  "version" "1.4.23"
  dependencies:
    "@thi.ng/api" "^6.13.6"
    "@thi.ng/errors" "^1.2.26"

"@thi.ng/dcons@^2.3.9":
  "integrity" "sha512-kU0jfNoyM7mhYZhZo/O2TqYbTNzKLiw5RCc6nvybzlsMjyB7EQRffaTg+0q6R/LcuLZuDbCboGE1UBc1AW3V8w=="
  "resolved" "https://registry.yarnpkg.com/@thi.ng/dcons/-/dcons-2.3.9.tgz"
  "version" "2.3.9"
  dependencies:
    "@thi.ng/api" "^6.13.6"
    "@thi.ng/checks" "^2.8.0"
    "@thi.ng/compare" "^1.3.22"
    "@thi.ng/equiv" "^1.0.35"
    "@thi.ng/errors" "^1.2.26"
    "@thi.ng/random" "^2.2.0"
    "@thi.ng/transducers" "^7.5.8"

"@thi.ng/equiv@^1.0.35":
  "integrity" "sha512-pQuu3iVAF382h/O6VihM4riGmw2Gzq6yv+m2drYqICsh6Mt5MyxwYjR1txQrZyi7WOFlQdeiRiupsZxBdPdOOw=="
  "resolved" "https://registry.yarnpkg.com/@thi.ng/equiv/-/equiv-1.0.35.tgz"
  "version" "1.0.35"

"@thi.ng/errors@^1.2.26":
  "integrity" "sha512-x7x4OhcthZ9obcisx0DNA1uzGh6mrG6Mjs+ATRafcfrmqxb/XyYuTLxswwfU60ZJmqz2ynyFESLTmBs9pOJn7A=="
  "resolved" "https://registry.yarnpkg.com/@thi.ng/errors/-/errors-1.2.26.tgz"
  "version" "1.2.26"

"@thi.ng/hex@^0.1.3":
  "integrity" "sha512-TPexHY7kHeDwZDooW8pv/uVBbqE841hstLrtZdtJk7FRbG5zpceTLbbxAtbX3pEbfEaTSn/lArt2aMjAmatsBw=="
  "resolved" "https://registry.yarnpkg.com/@thi.ng/hex/-/hex-0.1.3.tgz"
  "version" "0.1.3"

"@thi.ng/math@^3.1.0":
  "integrity" "sha512-xmwHc4u4fQ2zbD2ogtHybuELBvkcDRx6YvNKvIWMmoTY6HSRUybzRpxPErRJLXVrQoluZhZHkBMdUSH9Lk1sMQ=="
  "resolved" "https://registry.yarnpkg.com/@thi.ng/math/-/math-3.1.0.tgz"
  "version" "3.1.0"
  dependencies:
    "@thi.ng/api" "^6.13.6"

"@thi.ng/memoize@^2.1.8":
  "integrity" "sha512-rUzHLzTY0UpTxCKKD3hlCsY8MHQTsOrexCIhwQHvuvJX0ajlw5xQbEwvU3VL7jbd+AT091YrZzx5wt22BTVcOg=="
  "resolved" "https://registry.yarnpkg.com/@thi.ng/memoize/-/memoize-2.1.8.tgz"
  "version" "2.1.8"
  dependencies:
    "@thi.ng/api" "^6.13.6"

"@thi.ng/paths@^4.1.13":
  "integrity" "sha512-+ec26rXnXnEji+hMNhyog2x8s37F8mfdKXZ1Kg+0oaC8Tcy9+S1BaKKD9wpvI8wZxsQN/jdu9hPOFWO5VKCO0Q=="
  "resolved" "https://registry.yarnpkg.com/@thi.ng/paths/-/paths-4.1.13.tgz"
  "version" "4.1.13"
  dependencies:
    "@thi.ng/api" "^6.13.6"
    "@thi.ng/checks" "^2.8.0"
    "@thi.ng/errors" "^1.2.26"

"@thi.ng/random@^2.1.3", "@thi.ng/random@^2.2.0":
  "integrity" "sha512-Apw6gDVQ8lhXVQccfsufvZqVNfE2jjlKFCho87W0V6pW3LaZbYGHclTZThnrXvOdtlXuB/VB1+QnorVGPKtPIQ=="
  "resolved" "https://registry.yarnpkg.com/@thi.ng/random/-/random-2.2.0.tgz"
  "version" "2.2.0"
  dependencies:
    "@thi.ng/api" "^6.13.6"
    "@thi.ng/checks" "^2.8.0"
    "@thi.ng/hex" "^0.1.3"

"@thi.ng/rstream-gestures@^3.0.0":
  "integrity" "sha512-iTtcN2FnZXMjeabEhbB0F82gMWKEjJmfFA2qu1qNuny2sd4dIZKtsKtkhlFhtS24xz1raQk9H5BDodQSAvcFwQ=="
  "resolved" "https://registry.yarnpkg.com/@thi.ng/rstream-gestures/-/rstream-gestures-3.0.5.tgz"
  "version" "3.0.5"
  dependencies:
    "@thi.ng/api" "^6.13.6"
    "@thi.ng/checks" "^2.8.0"
    "@thi.ng/math" "^3.1.0"
    "@thi.ng/rstream" "^5.1.0"
    "@thi.ng/transducers" "^7.5.8"

"@thi.ng/rstream@^5.0.11", "@thi.ng/rstream@^5.1.0":
  "integrity" "sha512-k5QiUsINC+H++xAOMibXBnkvJVOLFm4YqpNt8o1Xff0dJgumDUCDLe9RKHZ1VioUDMltdah6AUOyW7das621Pw=="
  "resolved" "https://registry.yarnpkg.com/@thi.ng/rstream/-/rstream-5.1.0.tgz"
  "version" "5.1.0"
  dependencies:
    "@thi.ng/api" "^6.13.6"
    "@thi.ng/arrays" "^0.10.1"
    "@thi.ng/associative" "^5.0.17"
    "@thi.ng/atom" "^4.1.27"
    "@thi.ng/checks" "^2.8.0"
    "@thi.ng/errors" "^1.2.26"
    "@thi.ng/transducers" "^7.5.8"

"@thi.ng/transducers@^7.5.3", "@thi.ng/transducers@^7.5.8":
  "integrity" "sha512-AUC5ao+/OK2jq5nt8U57i71VuPSgXE8azzkCt6x8doGucNEaIWa1oaPzHF4yW9HHO8715hDcL3wSOtbJ+jNH6g=="
  "resolved" "https://registry.yarnpkg.com/@thi.ng/transducers/-/transducers-7.5.8.tgz"
  "version" "7.5.8"
  dependencies:
    "@thi.ng/api" "^6.13.6"
    "@thi.ng/arrays" "^0.10.1"
    "@thi.ng/checks" "^2.8.0"
    "@thi.ng/compare" "^1.3.22"
    "@thi.ng/compose" "^1.4.23"
    "@thi.ng/errors" "^1.2.26"
    "@thi.ng/math" "^3.1.0"
    "@thi.ng/random" "^2.2.0"

"@thi.ng/vectors@^4.8.3":
  "integrity" "sha512-IN8XOZi6CIHw6dmrFFGgvF+D8B2HLZp4V+tTH59dfWDZyPNLPtBUT1E4jMT7qwgkg7v3oj/VfRdWzy3pRrLmog=="
  "resolved" "https://registry.yarnpkg.com/@thi.ng/vectors/-/vectors-4.9.1.tgz"
  "version" "4.9.1"
  dependencies:
    "@thi.ng/api" "^6.13.6"
    "@thi.ng/binary" "^2.0.21"
    "@thi.ng/checks" "^2.8.0"
    "@thi.ng/equiv" "^1.0.35"
    "@thi.ng/errors" "^1.2.26"
    "@thi.ng/math" "^3.1.0"
    "@thi.ng/memoize" "^2.1.8"
    "@thi.ng/random" "^2.2.0"
    "@thi.ng/transducers" "^7.5.8"

"cross-spawn@^7.0.3":
  "integrity" "sha512-iRDPJKUPVEND7dHPO8rkbOnPpyDygcDFtWjpeWNCgy8WP2rXcxXL8TskReQl6OrB2G7+UJrags1q15Fudc7G6w=="
  "resolved" "https://registry.yarnpkg.com/cross-spawn/-/cross-spawn-7.0.3.tgz"
  "version" "7.0.3"
  dependencies:
    "path-key" "^3.1.0"
    "shebang-command" "^2.0.0"
    "which" "^2.0.1"

"esbuild@^0.8.7":
  "integrity" "sha512-tnr0V1ooakYr1aRLXQLzCn2GVG1kBTW3FWpRyC+NgrR3ntsouVpJOlTOV0BS4YLATx3/c+x3h/uBq9lWJlUAtQ=="
  "resolved" "https://registry.yarnpkg.com/esbuild/-/esbuild-0.8.34.tgz"
  "version" "0.8.34"

"execa@^5.0.0":
  "integrity" "sha512-ov6w/2LCiuyO4RLYGdpFGjkcs0wMTgGE8PrkTHikeUy5iJekXyPIKUjifk5CsE0pt7sMCrMZ3YNqoCj6idQOnQ=="
  "resolved" "https://registry.yarnpkg.com/execa/-/execa-5.0.0.tgz"
  "version" "5.0.0"
  dependencies:
    "cross-spawn" "^7.0.3"
    "get-stream" "^6.0.0"
    "human-signals" "^2.1.0"
    "is-stream" "^2.0.0"
    "merge-stream" "^2.0.0"
    "npm-run-path" "^4.0.1"
    "onetime" "^5.1.2"
    "signal-exit" "^3.0.3"
    "strip-final-newline" "^2.0.0"

"fsevents@^2.2.0":
  "integrity" "sha512-YR47Eg4hChJGAB1O3yEAOkGO+rlzutoICGqGo9EZ4lKWokzZRSyIW1QmTzqjtw8MJdj9srP869CuWw/hyzSiBw=="
  "resolved" "https://registry.yarnpkg.com/fsevents/-/fsevents-2.3.1.tgz"
  "version" "2.3.1"

"fsevents@~2.1.2":
  "integrity" "sha512-Auw9a4AxqWpa9GUfj370BMPzzyncfBABW8Mab7BGWBYDj4Isgq+cDKtx0i6u9jcX9pQDnswsaaOTgTmA5pEjuQ=="
  "resolved" "https://registry.yarnpkg.com/fsevents/-/fsevents-2.1.3.tgz"
  "version" "2.1.3"

"get-stream@^6.0.0":
  "integrity" "sha512-A1B3Bh1UmL0bidM/YX2NsCOTnGJePL9rO/M+Mw3m9f2gUpfokS0hi5Eah0WSUEWZdZhIZtMjkIYS7mDfOqNHbg=="
  "resolved" "https://registry.yarnpkg.com/get-stream/-/get-stream-6.0.0.tgz"
  "version" "6.0.0"

"human-signals@^2.1.0":
  "integrity" "sha512-B4FFZ6q/T2jhhksgkbEW3HBvWIfDW85snkQgawt07S7J5QXTk6BkNV+0yAeZrM5QpMAdYlocGoljn0sJ/WQkFw=="
  "resolved" "https://registry.yarnpkg.com/human-signals/-/human-signals-2.1.0.tgz"
  "version" "2.1.0"

"is-docker@^2.0.0":
  "integrity" "sha512-ZOoqiXfEwtGknTiuDEy8pN2CfE3TxMHprvNer1mXiqwkOT77Rw3YVrUQ52EqAOU3QAWDQ+bQdx7HJzrv7LS2Hw=="
  "resolved" "https://registry.yarnpkg.com/is-docker/-/is-docker-2.1.1.tgz"
  "version" "2.1.1"

"is-stream@^2.0.0":
  "integrity" "sha512-XCoy+WlUr7d1+Z8GgSuXmpuUFC9fOhRXglJMx+dwLKTkL44Cjd4W1Z5P+BQZpr+cR93aGP4S/s7Ftw6Nd/kiEw=="
  "resolved" "https://registry.yarnpkg.com/is-stream/-/is-stream-2.0.0.tgz"
  "version" "2.0.0"

"is-wsl@^2.1.1":
  "integrity" "sha512-fKzAra0rGJUUBwGBgNkHZuToZcn+TtXHpeCgmkMJMMYx1sQDYaCSyjJBSCa2nH1DGm7s3n1oBnohoVTBaN7Lww=="
  "resolved" "https://registry.yarnpkg.com/is-wsl/-/is-wsl-2.2.0.tgz"
  "version" "2.2.0"
  dependencies:
    "is-docker" "^2.0.0"

"isexe@^2.0.0":
  "integrity" "sha1-6PvzdNxVb/iUehDcsFctYz8s+hA="
  "resolved" "https://registry.yarnpkg.com/isexe/-/isexe-2.0.0.tgz"
  "version" "2.0.0"

"merge-stream@^2.0.0":
  "integrity" "sha512-abv/qOcuPfk3URPfDzmZU1LKmuw8kT+0nIHvKrKgFrwifol/doWcdA4ZqsWQ8ENrFKkd67Mfpo/LovbIUsbt3w=="
  "resolved" "https://registry.yarnpkg.com/merge-stream/-/merge-stream-2.0.0.tgz"
  "version" "2.0.0"

"mimic-fn@^2.1.0":
  "integrity" "sha512-OqbOk5oEQeAZ8WXWydlu9HJjz9WVdEIvamMCcXmuqUYjTknH/sqsWvhQ3vgwKFRR1HpjvNBKQ37nbJgYzGqGcg=="
  "resolved" "https://registry.yarnpkg.com/mimic-fn/-/mimic-fn-2.1.0.tgz"
  "version" "2.1.0"

"npm-run-path@^4.0.1":
  "integrity" "sha512-S48WzZW777zhNIrn7gxOlISNAqi9ZC/uQFnRdbeIHhZhCA6UqpkOT8T1G7BvfdgP4Er8gF4sUbaS0i7QvIfCWw=="
  "resolved" "https://registry.yarnpkg.com/npm-run-path/-/npm-run-path-4.0.1.tgz"
  "version" "4.0.1"
  dependencies:
    "path-key" "^3.0.0"

"onetime@^5.1.2":
  "integrity" "sha512-kbpaSSGJTWdAY5KPVeMOKXSrPtr8C8C7wodJbcsd51jRnmD+GZu8Y0VoU6Dm5Z4vWr0Ig/1NKuWRKf7j5aaYSg=="
  "resolved" "https://registry.yarnpkg.com/onetime/-/onetime-5.1.2.tgz"
  "version" "5.1.2"
  dependencies:
    "mimic-fn" "^2.1.0"

"open@^7.0.4":
  "integrity" "sha512-f2wt9DCBKKjlFbjzGb8MOAW8LH8F0mrs1zc7KTjAJ9PZNQbfenzWbNP1VZJvw6ICMG9r14Ah6yfwPn7T7i646A=="
  "resolved" "https://registry.yarnpkg.com/open/-/open-7.3.1.tgz"
  "version" "7.3.1"
  dependencies:
    "is-docker" "^2.0.0"
    "is-wsl" "^2.1.1"

"path-key@^3.0.0", "path-key@^3.1.0":
  "integrity" "sha512-ojmeN0qd+y0jszEtoY48r0Peq5dwMEkIlCOu6Q5f41lfkswXuKtYrhgoTpLnyIcHm24Uhqx+5Tqm2InSwLhE6Q=="
  "resolved" "https://registry.yarnpkg.com/path-key/-/path-key-3.1.1.tgz"
  "version" "3.1.1"

"rollup@^2.34.0":
  "integrity" "sha512-ay9zDiNitZK/LNE/EM2+v5CZ7drkB2xyDljvb1fQJCGnq43ZWRkhxN145oV8GmoW1YNi4sA/1Jdkr2LfawJoXw=="
  "resolved" "https://registry.yarnpkg.com/rollup/-/rollup-2.38.0.tgz"
  "version" "2.38.0"
  dependencies:
    "fsevents" "~2.1.2"
  optionalDependencies:
    "fsevents" "~2.1.2"

"shebang-command@^2.0.0":
  "integrity" "sha512-kHxr2zZpYtdmrN1qDjrrX/Z1rR1kG8Dx+gkpK1G4eXmvXswmcE1hTWBWYUzlraYw1/yZp6YuDY77YtvbN0dmDA=="
  "resolved" "https://registry.yarnpkg.com/shebang-command/-/shebang-command-2.0.0.tgz"
  "version" "2.0.0"
  dependencies:
    "shebang-regex" "^3.0.0"

"shebang-regex@^3.0.0":
  "integrity" "sha512-7++dFhtcx3353uBaq8DDR4NuxBetBzC7ZQOhmTQInHEd6bSrXdiEyzCvG07Z44UYdLShWUyXt5M/yhz8ekcb1A=="
  "resolved" "https://registry.yarnpkg.com/shebang-regex/-/shebang-regex-3.0.0.tgz"
  "version" "3.0.0"

"signal-exit@^3.0.3":
  "integrity" "sha512-VUJ49FC8U1OxwZLxIbTTrDvLnf/6TDgxZcK8wxR8zs13xpx7xbG60ndBlhNrFi2EMuFRoeDoJO7wthSLq42EjA=="
  "resolved" "https://registry.yarnpkg.com/signal-exit/-/signal-exit-3.0.3.tgz"
  "version" "3.0.3"

"snowpack@^3.0.11":
  "integrity" "sha512-lBxgkvWTgdg0szE31JUt01wQkA9Lnmm+6lxqeV9rxDfflpx7ASnldVHFvu7Se70QJmPTQB0UJjfKI+xmYGwiiQ=="
  "resolved" "https://registry.yarnpkg.com/snowpack/-/snowpack-3.0.11.tgz"
  "version" "3.0.11"
  dependencies:
    "esbuild" "^0.8.7"
    "fsevents" "^2.2.0"
    "open" "^7.0.4"
    "rollup" "^2.34.0"
  optionalDependencies:
    "fsevents" "^2.2.0"

"strip-final-newline@^2.0.0":
  "integrity" "sha512-BrpvfNAE3dcvq7ll3xVumzjKjZQ5tI1sEUIKr3Uoks0XUl45St3FlatVqef9prk4jRDzhW6WZg+3bk93y6pLjA=="
  "resolved" "https://registry.yarnpkg.com/strip-final-newline/-/strip-final-newline-2.0.0.tgz"
  "version" "2.0.0"

"tslib@2.0.1":
  "integrity" "sha512-SgIkNheinmEBgx1IUNirK0TUD4X9yjjBRTqqjggWCU3pUEqIk3/Uwl3yRixYKT6WjQuGiwDv4NomL3wqRCj+CQ=="
  "resolved" "https://registry.yarnpkg.com/tslib/-/tslib-2.0.1.tgz"
  "version" "2.0.1"

"typescript@*", "typescript@^4.1.3":
  "integrity" "sha512-B3ZIOf1IKeH2ixgHhj6la6xdwR9QrLC5d1VKeCSY4tvkqhF2eqd9O7txNlS0PO3GrBAFIdr3L1ndNwteUbZLYg=="
  "resolved" "https://registry.yarnpkg.com/typescript/-/typescript-4.1.3.tgz"
  "version" "4.1.3"

"which@^2.0.1":
  "integrity" "sha512-BLI3Tl1TW3Pvl70l3yq3Y64i+awpwXqsGBYWkkqMtnbXgrMD+yj7rhW0kuEDxzJaYXGjEW5ogapKNMEKNMjibA=="
  "resolved" "https://registry.yarnpkg.com/which/-/which-2.0.2.tgz"
  "version" "2.0.2"
  dependencies:
    "isexe" "^2.0.0"
