{
	"name": "@jamieowen/layout",
	"version": "0.0.2",
	"lockfileVersion": 2,
	"requires": true,
	"packages": {
		"": {
			"name": "@jamieowen/layout",
			"version": "0.0.2",
			"license": "MIT",
			"dependencies": {
				"@thi.ng/rstream": "^5.0.11",
				"@thi.ng/transducers": "^7.5.3"
			}
		},
		"node_modules/@thi.ng/api": {
			"version": "6.13.5",
			"resolved": "https://registry.npmjs.org/@thi.ng/api/-/api-6.13.5.tgz",
			"integrity": "sha512-oQIA5J2dc3EwJK9Dm4b3dmE/GKwuu2EB5QN3iRpoEOJHdLHBP0bpsRitrYw5xqahHvzJvyupyk7S49gO30vNgA==",
			"funding": [
				{
					"type": "github",
					"url": "https://github.com/sponsors/postspectacular"
				},
				{
					"type": "patreon",
					"url": "https://patreon.com/thing_umbrella"
				}
			]
		},
		"node_modules/@thi.ng/arrays": {
			"version": "0.8.5",
			"resolved": "https://registry.npmjs.org/@thi.ng/arrays/-/arrays-0.8.5.tgz",
			"integrity": "sha512-0d3r/XkdLaWuXNKT3hppZ1QZ7XfaMgJGCf5JGdmslLvwSAWlTKtFYCS8y8nnDOxmyHjoL3IHGjE/C3ZBW/MdYQ==",
			"funding": [
				{
					"type": "github",
					"url": "https://github.com/sponsors/postspectacular"
				},
				{
					"type": "patreon",
					"url": "https://patreon.com/thing_umbrella"
				}
			],
			"dependencies": {
				"@thi.ng/api": "^6.13.5",
				"@thi.ng/checks": "^2.7.12",
				"@thi.ng/compare": "^1.3.21",
				"@thi.ng/equiv": "^1.0.34",
				"@thi.ng/errors": "^1.2.25",
				"@thi.ng/random": "^2.1.3"
			}
		},
		"node_modules/@thi.ng/associative": {
			"version": "5.0.12",
			"resolved": "https://registry.npmjs.org/@thi.ng/associative/-/associative-5.0.12.tgz",
			"integrity": "sha512-HMcFOInOw00ixGiViZ1QnDDPwhuqzhVim3smtehtBQWsvsNruBlRc0n0LM6RUkRtcbwQe3aeoCt5IznT4GGdCg==",
			"funding": [
				{
					"type": "github",
					"url": "https://github.com/sponsors/postspectacular"
				},
				{
					"type": "patreon",
					"url": "https://patreon.com/thing_umbrella"
				}
			],
			"dependencies": {
				"@thi.ng/api": "^6.13.5",
				"@thi.ng/binary": "^2.0.20",
				"@thi.ng/checks": "^2.7.12",
				"@thi.ng/compare": "^1.3.21",
				"@thi.ng/dcons": "^2.3.4",
				"@thi.ng/equiv": "^1.0.34",
				"@thi.ng/errors": "^1.2.25",
				"@thi.ng/transducers": "^7.5.3",
				"tslib": "2.0.1"
			}
		},
		"node_modules/@thi.ng/atom": {
			"version": "4.1.25",
			"resolved": "https://registry.npmjs.org/@thi.ng/atom/-/atom-4.1.25.tgz",
			"integrity": "sha512-Z6w8Z02fXYAhuklmbsl/9PyLUUlKKaIGEN+u5PmE/R29Ic/O9ugYL3gKpROBS7D+CvtIUF57on5/owNByU7rKQ==",
			"funding": [
				{
					"type": "github",
					"url": "https://github.com/sponsors/postspectacular"
				},
				{
					"type": "patreon",
					"url": "https://patreon.com/thing_umbrella"
				}
			],
			"dependencies": {
				"@thi.ng/api": "^6.13.5",
				"@thi.ng/equiv": "^1.0.34",
				"@thi.ng/errors": "^1.2.25",
				"@thi.ng/paths": "^4.1.11",
				"tslib": "2.0.1"
			}
		},
		"node_modules/@thi.ng/binary": {
			"version": "2.0.20",
			"resolved": "https://registry.npmjs.org/@thi.ng/binary/-/binary-2.0.20.tgz",
			"integrity": "sha512-JtBgeecRD7TMNhluN6oyCtJjAAUNpS0ZCKLDYiMqeNClJlVdltRCCs8wnPciqr+w3+aunmPsL1dZQN1Vv8iKfg==",
			"funding": [
				{
					"type": "github",
					"url": "https://github.com/sponsors/postspectacular"
				},
				{
					"type": "patreon",
					"url": "https://patreon.com/thing_umbrella"
				}
			],
			"dependencies": {
				"@thi.ng/api": "^6.13.5"
			}
		},
		"node_modules/@thi.ng/checks": {
			"version": "2.7.12",
			"resolved": "https://registry.npmjs.org/@thi.ng/checks/-/checks-2.7.12.tgz",
			"integrity": "sha512-hjzlM9ObxYMRAyZ6G11cKULU1OyfjZi7/88RgJKCro7WEa0AgSH5g75rxzlzriFEUrRCkUEVa+6+/pMLdln5Ew==",
			"funding": [
				{
					"type": "github",
					"url": "https://github.com/sponsors/postspectacular"
				},
				{
					"type": "patreon",
					"url": "https://patreon.com/thing_umbrella"
				}
			],
			"dependencies": {
				"tslib": "2.0.1"
			}
		},
		"node_modules/@thi.ng/compare": {
			"version": "1.3.21",
			"resolved": "https://registry.npmjs.org/@thi.ng/compare/-/compare-1.3.21.tgz",
			"integrity": "sha512-jnTGhdyZAmQp1EwK/TmQ4X9xhzV1DN4MjGWlwVqktJqkJISL2J/vDXXnZjjleyGf8p2L0bS/H0xpAEJDHlj+EA==",
			"funding": [
				{
					"type": "github",
					"url": "https://github.com/sponsors/postspectacular"
				},
				{
					"type": "patreon",
					"url": "https://patreon.com/thing_umbrella"
				}
			],
			"dependencies": {
				"@thi.ng/api": "^6.13.5"
			}
		},
		"node_modules/@thi.ng/compose": {
			"version": "1.4.22",
			"resolved": "https://registry.npmjs.org/@thi.ng/compose/-/compose-1.4.22.tgz",
			"integrity": "sha512-z/tNtlsDzqwOBL9kpjQI78jZIvGH0WSKHFggRGhNzpYcZBfJDxQjZyHG7Xq2rfluIzOQB2r+tBjTsMymBuI7XQ==",
			"funding": [
				{
					"type": "github",
					"url": "https://github.com/sponsors/postspectacular"
				},
				{
					"type": "patreon",
					"url": "https://patreon.com/thing_umbrella"
				}
			],
			"dependencies": {
				"@thi.ng/api": "^6.13.5",
				"@thi.ng/errors": "^1.2.25"
			}
		},
		"node_modules/@thi.ng/dcons": {
			"version": "2.3.4",
			"resolved": "https://registry.npmjs.org/@thi.ng/dcons/-/dcons-2.3.4.tgz",
			"integrity": "sha512-m53st/Cmt5qlf0WeW0dBZ349dra8AzP6p9B6DgcVVKFUn8rJda/iiyOW9AHB9GDdhJGzhzt7DA1kMqsujwqbPA==",
			"funding": [
				{
					"type": "github",
					"url": "https://github.com/sponsors/postspectacular"
				},
				{
					"type": "patreon",
					"url": "https://patreon.com/thing_umbrella"
				}
			],
			"dependencies": {
				"@thi.ng/api": "^6.13.5",
				"@thi.ng/checks": "^2.7.12",
				"@thi.ng/compare": "^1.3.21",
				"@thi.ng/equiv": "^1.0.34",
				"@thi.ng/errors": "^1.2.25",
				"@thi.ng/random": "^2.1.3",
				"@thi.ng/transducers": "^7.5.3"
			}
		},
		"node_modules/@thi.ng/equiv": {
			"version": "1.0.34",
			"resolved": "https://registry.npmjs.org/@thi.ng/equiv/-/equiv-1.0.34.tgz",
			"integrity": "sha512-EROdVufOwpBcCFJHQJtnA78MijzaO8IPes5cMI+a5SNuUj9xwIFdrbJXRdlzQ7YpyD2duhm8iyFBl+gOhHns3w==",
			"funding": [
				{
					"type": "github",
					"url": "https://github.com/sponsors/postspectacular"
				},
				{
					"type": "patreon",
					"url": "https://patreon.com/thing_umbrella"
				}
			]
		},
		"node_modules/@thi.ng/errors": {
			"version": "1.2.25",
			"resolved": "https://registry.npmjs.org/@thi.ng/errors/-/errors-1.2.25.tgz",
			"integrity": "sha512-kndbj3nXiVeZuVMexg48eXu6yLmiDBd6pO+/n73VsOENXd1mXSEnG/zVXYG+W4mcXpjRwGwYCbDyR/lUcJSZVw==",
			"funding": [
				{
					"type": "github",
					"url": "https://github.com/sponsors/postspectacular"
				},
				{
					"type": "patreon",
					"url": "https://patreon.com/thing_umbrella"
				}
			]
		},
		"node_modules/@thi.ng/hex": {
			"version": "0.1.2",
			"resolved": "https://registry.npmjs.org/@thi.ng/hex/-/hex-0.1.2.tgz",
			"integrity": "sha512-Ne3S8976HPU+cMAcnnghjt8CEUX31XxVXFnCHoyP2JpSRHQToiujfCyyjjih0HW8BdzXvsjuAoCSkmcCNWSz/w==",
			"funding": [
				{
					"type": "github",
					"url": "https://github.com/sponsors/postspectacular"
				},
				{
					"type": "patreon",
					"url": "https://patreon.com/thing_umbrella"
				}
			]
		},
		"node_modules/@thi.ng/math": {
			"version": "3.0.0",
			"resolved": "https://registry.npmjs.org/@thi.ng/math/-/math-3.0.0.tgz",
			"integrity": "sha512-3RzFNn083FUVXzyhqAZ+nYDmYqgOofsboomIB3BXEywlqchqDSObsNxalQ/y+ZDmEQGA2ICtcUMNaV4yS5o//w==",
			"funding": [
				{
					"type": "github",
					"url": "https://github.com/sponsors/postspectacular"
				},
				{
					"type": "patreon",
					"url": "https://patreon.com/thing_umbrella"
				}
			],
			"dependencies": {
				"@thi.ng/api": "^6.13.5"
			}
		},
		"node_modules/@thi.ng/paths": {
			"version": "4.1.11",
			"resolved": "https://registry.npmjs.org/@thi.ng/paths/-/paths-4.1.11.tgz",
			"integrity": "sha512-hDWYK1+U/uPhKkpF/ZsQKY8Vlc3nY8SXclj6TdhU61+dr46HyM4T8UizoHbHitjvJIgaiFBKWUy55459JYWwbA==",
			"funding": [
				{
					"type": "github",
					"url": "https://github.com/sponsors/postspectacular"
				},
				{
					"type": "patreon",
					"url": "https://patreon.com/thing_umbrella"
				}
			],
			"dependencies": {
				"@thi.ng/api": "^6.13.5",
				"@thi.ng/checks": "^2.7.12",
				"@thi.ng/errors": "^1.2.25"
			}
		},
		"node_modules/@thi.ng/random": {
			"version": "2.1.3",
			"resolved": "https://registry.npmjs.org/@thi.ng/random/-/random-2.1.3.tgz",
			"integrity": "sha512-ZGmOuypABhrMJ1q+oKOA9GmCSUgXLHUlno7SZfbo6imk/eSrmP9UdXbhl/jWnpbIk3BnQWsGgeIMJ5i9Z/TI+w==",
			"funding": [
				{
					"type": "github",
					"url": "https://github.com/sponsors/postspectacular"
				},
				{
					"type": "patreon",
					"url": "https://patreon.com/thing_umbrella"
				}
			],
			"dependencies": {
				"@thi.ng/api": "^6.13.5",
				"@thi.ng/checks": "^2.7.12",
				"@thi.ng/hex": "^0.1.2"
			}
		},
		"node_modules/@thi.ng/rstream": {
			"version": "5.0.11",
			"resolved": "https://registry.npmjs.org/@thi.ng/rstream/-/rstream-5.0.11.tgz",
			"integrity": "sha512-EiMG+dO4fV+onulXjON9bn4QV4sHuCTjKkUmhMcixFIOiJpu9tXCYk48KPUpm0/6gwQxDW4jD2kHsP1wRMD9yg==",
			"funding": [
				{
					"type": "github",
					"url": "https://github.com/sponsors/postspectacular"
				},
				{
					"type": "patreon",
					"url": "https://patreon.com/thing_umbrella"
				}
			],
			"dependencies": {
				"@thi.ng/api": "^6.13.5",
				"@thi.ng/arrays": "^0.8.5",
				"@thi.ng/associative": "^5.0.12",
				"@thi.ng/atom": "^4.1.25",
				"@thi.ng/checks": "^2.7.12",
				"@thi.ng/errors": "^1.2.25",
				"@thi.ng/transducers": "^7.5.3"
			}
		},
		"node_modules/@thi.ng/transducers": {
			"version": "7.5.3",
			"resolved": "https://registry.npmjs.org/@thi.ng/transducers/-/transducers-7.5.3.tgz",
			"integrity": "sha512-R45B+/IFcxtPHWl3jZxtkurxpmDvf4CPiK/LUDVcF02tIwLLedHa8S5pAZoHjlW2bCEuBEy/y5uXc/QATocgfg==",
			"funding": [
				{
					"type": "github",
					"url": "https://github.com/sponsors/postspectacular"
				},
				{
					"type": "patreon",
					"url": "https://patreon.com/thing_umbrella"
				}
			],
			"dependencies": {
				"@thi.ng/api": "^6.13.5",
				"@thi.ng/arrays": "^0.8.5",
				"@thi.ng/checks": "^2.7.12",
				"@thi.ng/compare": "^1.3.21",
				"@thi.ng/compose": "^1.4.22",
				"@thi.ng/errors": "^1.2.25",
				"@thi.ng/math": "^3.0.0",
				"@thi.ng/random": "^2.1.3"
			}
		},
		"node_modules/tslib": {
			"version": "2.0.1",
			"resolved": "https://registry.npmjs.org/tslib/-/tslib-2.0.1.tgz",
			"integrity": "sha512-SgIkNheinmEBgx1IUNirK0TUD4X9yjjBRTqqjggWCU3pUEqIk3/Uwl3yRixYKT6WjQuGiwDv4NomL3wqRCj+CQ=="
		}
	},
	"dependencies": {
		"@thi.ng/api": {
			"version": "6.13.5",
			"resolved": "https://registry.npmjs.org/@thi.ng/api/-/api-6.13.5.tgz",
			"integrity": "sha512-oQIA5J2dc3EwJK9Dm4b3dmE/GKwuu2EB5QN3iRpoEOJHdLHBP0bpsRitrYw5xqahHvzJvyupyk7S49gO30vNgA=="
		},
		"@thi.ng/arrays": {
			"version": "0.8.5",
			"resolved": "https://registry.npmjs.org/@thi.ng/arrays/-/arrays-0.8.5.tgz",
			"integrity": "sha512-0d3r/XkdLaWuXNKT3hppZ1QZ7XfaMgJGCf5JGdmslLvwSAWlTKtFYCS8y8nnDOxmyHjoL3IHGjE/C3ZBW/MdYQ==",
			"requires": {
				"@thi.ng/api": "^6.13.5",
				"@thi.ng/checks": "^2.7.12",
				"@thi.ng/compare": "^1.3.21",
				"@thi.ng/equiv": "^1.0.34",
				"@thi.ng/errors": "^1.2.25",
				"@thi.ng/random": "^2.1.3"
			}
		},
		"@thi.ng/associative": {
			"version": "5.0.12",
			"resolved": "https://registry.npmjs.org/@thi.ng/associative/-/associative-5.0.12.tgz",
			"integrity": "sha512-HMcFOInOw00ixGiViZ1QnDDPwhuqzhVim3smtehtBQWsvsNruBlRc0n0LM6RUkRtcbwQe3aeoCt5IznT4GGdCg==",
			"requires": {
				"@thi.ng/api": "^6.13.5",
				"@thi.ng/binary": "^2.0.20",
				"@thi.ng/checks": "^2.7.12",
				"@thi.ng/compare": "^1.3.21",
				"@thi.ng/dcons": "^2.3.4",
				"@thi.ng/equiv": "^1.0.34",
				"@thi.ng/errors": "^1.2.25",
				"@thi.ng/transducers": "^7.5.3",
				"tslib": "2.0.1"
			}
		},
		"@thi.ng/atom": {
			"version": "4.1.25",
			"resolved": "https://registry.npmjs.org/@thi.ng/atom/-/atom-4.1.25.tgz",
			"integrity": "sha512-Z6w8Z02fXYAhuklmbsl/9PyLUUlKKaIGEN+u5PmE/R29Ic/O9ugYL3gKpROBS7D+CvtIUF57on5/owNByU7rKQ==",
			"requires": {
				"@thi.ng/api": "^6.13.5",
				"@thi.ng/equiv": "^1.0.34",
				"@thi.ng/errors": "^1.2.25",
				"@thi.ng/paths": "^4.1.11",
				"tslib": "2.0.1"
			}
		},
		"@thi.ng/binary": {
			"version": "2.0.20",
			"resolved": "https://registry.npmjs.org/@thi.ng/binary/-/binary-2.0.20.tgz",
			"integrity": "sha512-JtBgeecRD7TMNhluN6oyCtJjAAUNpS0ZCKLDYiMqeNClJlVdltRCCs8wnPciqr+w3+aunmPsL1dZQN1Vv8iKfg==",
			"requires": {
				"@thi.ng/api": "^6.13.5"
			}
		},
		"@thi.ng/checks": {
			"version": "2.7.12",
			"resolved": "https://registry.npmjs.org/@thi.ng/checks/-/checks-2.7.12.tgz",
			"integrity": "sha512-hjzlM9ObxYMRAyZ6G11cKULU1OyfjZi7/88RgJKCro7WEa0AgSH5g75rxzlzriFEUrRCkUEVa+6+/pMLdln5Ew==",
			"requires": {
				"tslib": "2.0.1"
			}
		},
		"@thi.ng/compare": {
			"version": "1.3.21",
			"resolved": "https://registry.npmjs.org/@thi.ng/compare/-/compare-1.3.21.tgz",
			"integrity": "sha512-jnTGhdyZAmQp1EwK/TmQ4X9xhzV1DN4MjGWlwVqktJqkJISL2J/vDXXnZjjleyGf8p2L0bS/H0xpAEJDHlj+EA==",
			"requires": {
				"@thi.ng/api": "^6.13.5"
			}
		},
		"@thi.ng/compose": {
			"version": "1.4.22",
			"resolved": "https://registry.npmjs.org/@thi.ng/compose/-/compose-1.4.22.tgz",
			"integrity": "sha512-z/tNtlsDzqwOBL9kpjQI78jZIvGH0WSKHFggRGhNzpYcZBfJDxQjZyHG7Xq2rfluIzOQB2r+tBjTsMymBuI7XQ==",
			"requires": {
				"@thi.ng/api": "^6.13.5",
				"@thi.ng/errors": "^1.2.25"
			}
		},
		"@thi.ng/dcons": {
			"version": "2.3.4",
			"resolved": "https://registry.npmjs.org/@thi.ng/dcons/-/dcons-2.3.4.tgz",
			"integrity": "sha512-m53st/Cmt5qlf0WeW0dBZ349dra8AzP6p9B6DgcVVKFUn8rJda/iiyOW9AHB9GDdhJGzhzt7DA1kMqsujwqbPA==",
			"requires": {
				"@thi.ng/api": "^6.13.5",
				"@thi.ng/checks": "^2.7.12",
				"@thi.ng/compare": "^1.3.21",
				"@thi.ng/equiv": "^1.0.34",
				"@thi.ng/errors": "^1.2.25",
				"@thi.ng/random": "^2.1.3",
				"@thi.ng/transducers": "^7.5.3"
			}
		},
		"@thi.ng/equiv": {
			"version": "1.0.34",
			"resolved": "https://registry.npmjs.org/@thi.ng/equiv/-/equiv-1.0.34.tgz",
			"integrity": "sha512-EROdVufOwpBcCFJHQJtnA78MijzaO8IPes5cMI+a5SNuUj9xwIFdrbJXRdlzQ7YpyD2duhm8iyFBl+gOhHns3w=="
		},
		"@thi.ng/errors": {
			"version": "1.2.25",
			"resolved": "https://registry.npmjs.org/@thi.ng/errors/-/errors-1.2.25.tgz",
			"integrity": "sha512-kndbj3nXiVeZuVMexg48eXu6yLmiDBd6pO+/n73VsOENXd1mXSEnG/zVXYG+W4mcXpjRwGwYCbDyR/lUcJSZVw=="
		},
		"@thi.ng/hex": {
			"version": "0.1.2",
			"resolved": "https://registry.npmjs.org/@thi.ng/hex/-/hex-0.1.2.tgz",
			"integrity": "sha512-Ne3S8976HPU+cMAcnnghjt8CEUX31XxVXFnCHoyP2JpSRHQToiujfCyyjjih0HW8BdzXvsjuAoCSkmcCNWSz/w=="
		},
		"@thi.ng/math": {
			"version": "3.0.0",
			"resolved": "https://registry.npmjs.org/@thi.ng/math/-/math-3.0.0.tgz",
			"integrity": "sha512-3RzFNn083FUVXzyhqAZ+nYDmYqgOofsboomIB3BXEywlqchqDSObsNxalQ/y+ZDmEQGA2ICtcUMNaV4yS5o//w==",
			"requires": {
				"@thi.ng/api": "^6.13.5"
			}
		},
		"@thi.ng/paths": {
			"version": "4.1.11",
			"resolved": "https://registry.npmjs.org/@thi.ng/paths/-/paths-4.1.11.tgz",
			"integrity": "sha512-hDWYK1+U/uPhKkpF/ZsQKY8Vlc3nY8SXclj6TdhU61+dr46HyM4T8UizoHbHitjvJIgaiFBKWUy55459JYWwbA==",
			"requires": {
				"@thi.ng/api": "^6.13.5",
				"@thi.ng/checks": "^2.7.12",
				"@thi.ng/errors": "^1.2.25"
			}
		},
		"@thi.ng/random": {
			"version": "2.1.3",
			"resolved": "https://registry.npmjs.org/@thi.ng/random/-/random-2.1.3.tgz",
			"integrity": "sha512-ZGmOuypABhrMJ1q+oKOA9GmCSUgXLHUlno7SZfbo6imk/eSrmP9UdXbhl/jWnpbIk3BnQWsGgeIMJ5i9Z/TI+w==",
			"requires": {
				"@thi.ng/api": "^6.13.5",
				"@thi.ng/checks": "^2.7.12",
				"@thi.ng/hex": "^0.1.2"
			}
		},
		"@thi.ng/rstream": {
			"version": "5.0.11",
			"resolved": "https://registry.npmjs.org/@thi.ng/rstream/-/rstream-5.0.11.tgz",
			"integrity": "sha512-EiMG+dO4fV+onulXjON9bn4QV4sHuCTjKkUmhMcixFIOiJpu9tXCYk48KPUpm0/6gwQxDW4jD2kHsP1wRMD9yg==",
			"requires": {
				"@thi.ng/api": "^6.13.5",
				"@thi.ng/arrays": "^0.8.5",
				"@thi.ng/associative": "^5.0.12",
				"@thi.ng/atom": "^4.1.25",
				"@thi.ng/checks": "^2.7.12",
				"@thi.ng/errors": "^1.2.25",
				"@thi.ng/transducers": "^7.5.3"
			}
		},
		"@thi.ng/transducers": {
			"version": "7.5.3",
			"resolved": "https://registry.npmjs.org/@thi.ng/transducers/-/transducers-7.5.3.tgz",
			"integrity": "sha512-R45B+/IFcxtPHWl3jZxtkurxpmDvf4CPiK/LUDVcF02tIwLLedHa8S5pAZoHjlW2bCEuBEy/y5uXc/QATocgfg==",
			"requires": {
				"@thi.ng/api": "^6.13.5",
				"@thi.ng/arrays": "^0.8.5",
				"@thi.ng/checks": "^2.7.12",
				"@thi.ng/compare": "^1.3.21",
				"@thi.ng/compose": "^1.4.22",
				"@thi.ng/errors": "^1.2.25",
				"@thi.ng/math": "^3.0.0",
				"@thi.ng/random": "^2.1.3"
			}
		},
		"tslib": {
			"version": "2.0.1",
			"resolved": "https://registry.npmjs.org/tslib/-/tslib-2.0.1.tgz",
			"integrity": "sha512-SgIkNheinmEBgx1IUNirK0TUD4X9yjjBRTqqjggWCU3pUEqIk3/Uwl3yRixYKT6WjQuGiwDv4NomL3wqRCj+CQ=="
		}
	}
}
