{
	"name": "@jamieowen/core",
	"version": "0.0.1",
	"lockfileVersion": 2,
	"requires": true,
	"packages": {
		"": {
			"name": "@jamieowen/core",
			"version": "0.0.0",
			"license": "MIT",
			"dependencies": {
				"@thi.ng/api": "^7.0.0",
				"@thi.ng/atom": "^4.1.28",
				"@thi.ng/rstream": "^5.1.3",
				"@thi.ng/transducers": "^7.6.1",
				"rollup": "^2.39.0"
			}
		},
		"node_modules/@thi.ng/api": {
			"version": "7.0.0",
			"resolved": "https://registry.npmjs.org/@thi.ng/api/-/api-7.0.0.tgz",
			"integrity": "sha512-d5uKBurYINVTgYNIP49Zz1JORWgvVgRC5DSzw9l5G3rQ1LZC3SQ0iCQ0S3MAHQQvvu8VbIvyM9Mlw5vDCkFmzQ==",
			"funding": [
				{
					"type": "github",
					"url": "https://github.com/sponsors/postspectacular"
				},
				{
					"type": "patreon",
					"url": "https://patreon.com/thing_umbrella"
				}
			]
		},
		"node_modules/@thi.ng/arrays": {
			"version": "0.10.3",
			"funding": [
				{
					"type": "github",
					"url": "https://github.com/sponsors/postspectacular"
				},
				{
					"type": "patreon",
					"url": "https://patreon.com/thing_umbrella"
				}
			],
			"license": "Apache-2.0",
			"dependencies": {
				"@thi.ng/api": "^7.0.0",
				"@thi.ng/checks": "^2.9.0",
				"@thi.ng/compare": "^1.3.23",
				"@thi.ng/equiv": "^1.0.36",
				"@thi.ng/errors": "^1.2.27",
				"@thi.ng/random": "^2.3.1"
			}
		},
		"node_modules/@thi.ng/associative": {
			"version": "5.1.1",
			"funding": [
				{
					"type": "github",
					"url": "https://github.com/sponsors/postspectacular"
				},
				{
					"type": "patreon",
					"url": "https://patreon.com/thing_umbrella"
				}
			],
			"license": "Apache-2.0",
			"dependencies": {
				"@thi.ng/api": "^7.0.0",
				"@thi.ng/binary": "^2.1.0",
				"@thi.ng/checks": "^2.9.0",
				"@thi.ng/compare": "^1.3.23",
				"@thi.ng/dcons": "^2.3.11",
				"@thi.ng/equiv": "^1.0.36",
				"@thi.ng/errors": "^1.2.27",
				"@thi.ng/transducers": "^7.6.1",
				"tslib": "2.0.1"
			}
		},
		"node_modules/@thi.ng/atom": {
			"version": "4.1.28",
			"resolved": "https://registry.npmjs.org/@thi.ng/atom/-/atom-4.1.28.tgz",
			"integrity": "sha512-hKBQVI+puU2ZEHqiofEQZgA3WF+RC6fo/rH/pw81Nj9T2qbV/f0/fyxGYJcaVekRbi3hUcQl01M2r9K1/NDICw==",
			"funding": [
				{
					"type": "github",
					"url": "https://github.com/sponsors/postspectacular"
				},
				{
					"type": "patreon",
					"url": "https://patreon.com/thing_umbrella"
				}
			],
			"dependencies": {
				"@thi.ng/api": "^7.0.0",
				"@thi.ng/equiv": "^1.0.36",
				"@thi.ng/errors": "^1.2.27",
				"@thi.ng/paths": "^4.2.0",
				"tslib": "2.0.1"
			}
		},
		"node_modules/@thi.ng/checks": {
			"version": "2.9.0",
			"resolved": "https://registry.npmjs.org/@thi.ng/checks/-/checks-2.9.0.tgz",
			"integrity": "sha512-vXPzTyWnK5eLZJv2iFAPftfjcwssQCYvjJajb0pFWP9CD4NYp/r7aXXJbljLkrcwEjJdgZSvA1D4n5jQrxSRaQ==",
			"funding": [
				{
					"type": "github",
					"url": "https://github.com/sponsors/postspectacular"
				},
				{
					"type": "patreon",
					"url": "https://patreon.com/thing_umbrella"
				}
			],
			"dependencies": {
				"tslib": "2.0.1"
			}
		},
		"node_modules/@thi.ng/dcons": {
			"version": "2.3.11",
			"funding": [
				{
					"type": "github",
					"url": "https://github.com/sponsors/postspectacular"
				},
				{
					"type": "patreon",
					"url": "https://patreon.com/thing_umbrella"
				}
			],
			"license": "Apache-2.0",
			"dependencies": {
				"@thi.ng/api": "^7.0.0",
				"@thi.ng/checks": "^2.9.0",
				"@thi.ng/compare": "^1.3.23",
				"@thi.ng/equiv": "^1.0.36",
				"@thi.ng/errors": "^1.2.27",
				"@thi.ng/random": "^2.3.1",
				"@thi.ng/transducers": "^7.6.1"
			}
		},
		"node_modules/@thi.ng/equiv": {
			"version": "1.0.36",
			"resolved": "https://registry.npmjs.org/@thi.ng/equiv/-/equiv-1.0.36.tgz",
			"integrity": "sha512-6LpD57SuOPKFj4eTQzufwqrvm1Ipmcaw5Aliz1BLzoeblvT6n7yQsx4iw500anSW39+87dXPFQjNvX6xVXK/Jw==",
			"funding": [
				{
					"type": "github",
					"url": "https://github.com/sponsors/postspectacular"
				},
				{
					"type": "patreon",
					"url": "https://patreon.com/thing_umbrella"
				}
			]
		},
		"node_modules/@thi.ng/errors": {
			"version": "1.2.27",
			"resolved": "https://registry.npmjs.org/@thi.ng/errors/-/errors-1.2.27.tgz",
			"integrity": "sha512-ay1oKA7VGU5a9B1JaUQ1UaYY44THEDJ17ym7yumD6NDbWNWLX7HwRLNX2VxupARW2JVJZXBxphsCY1WPoQmZ7A==",
			"funding": [
				{
					"type": "github",
					"url": "https://github.com/sponsors/postspectacular"
				},
				{
					"type": "patreon",
					"url": "https://patreon.com/thing_umbrella"
				}
			]
		},
		"node_modules/@thi.ng/paths": {
			"version": "4.2.0",
			"resolved": "https://registry.npmjs.org/@thi.ng/paths/-/paths-4.2.0.tgz",
			"integrity": "sha512-uoL+ejw2SKKC6MpFzRCjY8TrfPK4BJ5mbXt3vkAqbFj43/qGnGkcrFjd6UZbrwzI3eQ1VKqWH7nKFYqHQQKj3A==",
			"funding": [
				{
					"type": "github",
					"url": "https://github.com/sponsors/postspectacular"
				},
				{
					"type": "patreon",
					"url": "https://patreon.com/thing_umbrella"
				}
			],
			"dependencies": {
				"@thi.ng/api": "^7.0.0",
				"@thi.ng/checks": "^2.9.0",
				"@thi.ng/errors": "^1.2.27"
			}
		},
		"node_modules/@thi.ng/random": {
			"version": "2.3.1",
			"funding": [
				{
					"type": "github",
					"url": "https://github.com/sponsors/postspectacular"
				},
				{
					"type": "patreon",
					"url": "https://patreon.com/thing_umbrella"
				}
			],
			"license": "Apache-2.0",
			"dependencies": {
				"@thi.ng/api": "^7.0.0",
				"@thi.ng/checks": "^2.9.0",
				"@thi.ng/hex": "^0.2.0"
			}
		},
		"node_modules/@thi.ng/rstream": {
			"version": "5.1.3",
			"funding": [
				{
					"type": "github",
					"url": "https://github.com/sponsors/postspectacular"
				},
				{
					"type": "patreon",
					"url": "https://patreon.com/thing_umbrella"
				}
			],
			"license": "Apache-2.0",
			"dependencies": {
				"@thi.ng/api": "^7.0.0",
				"@thi.ng/arrays": "^0.10.3",
				"@thi.ng/associative": "^5.1.1",
				"@thi.ng/atom": "^4.1.28",
				"@thi.ng/checks": "^2.9.0",
				"@thi.ng/errors": "^1.2.27",
				"@thi.ng/transducers": "^7.6.1"
			}
		},
		"node_modules/@thi.ng/transducers": {
			"version": "7.6.1",
			"funding": [
				{
					"type": "github",
					"url": "https://github.com/sponsors/postspectacular"
				},
				{
					"type": "patreon",
					"url": "https://patreon.com/thing_umbrella"
				}
			],
			"license": "Apache-2.0",
			"dependencies": {
				"@thi.ng/api": "^7.0.0",
				"@thi.ng/arrays": "^0.10.3",
				"@thi.ng/checks": "^2.9.0",
				"@thi.ng/compare": "^1.3.23",
				"@thi.ng/compose": "^1.4.24",
				"@thi.ng/errors": "^1.2.27",
				"@thi.ng/math": "^3.2.0",
				"@thi.ng/random": "^2.3.1"
			}
		},
		"node_modules/fsevents": {
			"version": "2.3.2",
			"resolved": "https://registry.npmjs.org/fsevents/-/fsevents-2.3.2.tgz",
			"integrity": "sha512-xiqMQR4xAeHTuB9uWm+fFRcIOgKBMiOBP+eXiyT7jsgVCq1bkVygt00oASowB7EdtpOHaaPgKt812P9ab+DDKA==",
			"hasInstallScript": true,
			"optional": true,
			"os": [
				"darwin"
			],
			"engines": {
				"node": "^8.16.0 || ^10.6.0 || >=11.0.0"
			}
		},
		"node_modules/rollup": {
			"version": "2.40.0",
			"resolved": "https://registry.npmjs.org/rollup/-/rollup-2.40.0.tgz",
			"integrity": "sha512-WiOGAPbXoHu+TOz6hyYUxIksOwsY/21TRWoO593jgYt8mvYafYqQl+axaA8y1z2HFazNUUrsMSjahV2A6/2R9A==",
			"dependencies": {
				"fsevents": "~2.3.1"
			},
			"bin": {
				"rollup": "dist/bin/rollup"
			},
			"engines": {
				"node": ">=10.0.0"
			},
			"optionalDependencies": {
				"fsevents": "~2.3.1"
			}
		},
		"node_modules/tslib": {
			"version": "2.0.1",
			"resolved": "https://registry.npmjs.org/tslib/-/tslib-2.0.1.tgz",
			"integrity": "sha512-SgIkNheinmEBgx1IUNirK0TUD4X9yjjBRTqqjggWCU3pUEqIk3/Uwl3yRixYKT6WjQuGiwDv4NomL3wqRCj+CQ=="
		}
	},
	"dependencies": {
		"@thi.ng/api": {
			"version": "7.0.0",
			"resolved": "https://registry.npmjs.org/@thi.ng/api/-/api-7.0.0.tgz",
			"integrity": "sha512-d5uKBurYINVTgYNIP49Zz1JORWgvVgRC5DSzw9l5G3rQ1LZC3SQ0iCQ0S3MAHQQvvu8VbIvyM9Mlw5vDCkFmzQ=="
		},
		"@thi.ng/arrays": {
			"version": "0.10.3",
			"requires": {
				"@thi.ng/api": "^7.0.0",
				"@thi.ng/checks": "^2.9.0",
				"@thi.ng/compare": "^1.3.23",
				"@thi.ng/equiv": "^1.0.36",
				"@thi.ng/errors": "^1.2.27",
				"@thi.ng/random": "^2.3.1"
			}
		},
		"@thi.ng/associative": {
			"version": "5.1.1",
			"requires": {
				"@thi.ng/api": "^7.0.0",
				"@thi.ng/binary": "^2.1.0",
				"@thi.ng/checks": "^2.9.0",
				"@thi.ng/compare": "^1.3.23",
				"@thi.ng/dcons": "^2.3.11",
				"@thi.ng/equiv": "^1.0.36",
				"@thi.ng/errors": "^1.2.27",
				"@thi.ng/transducers": "^7.6.1",
				"tslib": "2.0.1"
			}
		},
		"@thi.ng/atom": {
			"version": "4.1.28",
			"resolved": "https://registry.npmjs.org/@thi.ng/atom/-/atom-4.1.28.tgz",
			"integrity": "sha512-hKBQVI+puU2ZEHqiofEQZgA3WF+RC6fo/rH/pw81Nj9T2qbV/f0/fyxGYJcaVekRbi3hUcQl01M2r9K1/NDICw==",
			"requires": {
				"@thi.ng/api": "^7.0.0",
				"@thi.ng/equiv": "^1.0.36",
				"@thi.ng/errors": "^1.2.27",
				"@thi.ng/paths": "^4.2.0",
				"tslib": "2.0.1"
			}
		},
		"@thi.ng/checks": {
			"version": "2.9.0",
			"resolved": "https://registry.npmjs.org/@thi.ng/checks/-/checks-2.9.0.tgz",
			"integrity": "sha512-vXPzTyWnK5eLZJv2iFAPftfjcwssQCYvjJajb0pFWP9CD4NYp/r7aXXJbljLkrcwEjJdgZSvA1D4n5jQrxSRaQ==",
			"requires": {
				"tslib": "2.0.1"
			}
		},
		"@thi.ng/dcons": {
			"version": "2.3.11",
			"requires": {
				"@thi.ng/api": "^7.0.0",
				"@thi.ng/checks": "^2.9.0",
				"@thi.ng/compare": "^1.3.23",
				"@thi.ng/equiv": "^1.0.36",
				"@thi.ng/errors": "^1.2.27",
				"@thi.ng/random": "^2.3.1",
				"@thi.ng/transducers": "^7.6.1"
			}
		},
		"@thi.ng/equiv": {
			"version": "1.0.36",
			"resolved": "https://registry.npmjs.org/@thi.ng/equiv/-/equiv-1.0.36.tgz",
			"integrity": "sha512-6LpD57SuOPKFj4eTQzufwqrvm1Ipmcaw5Aliz1BLzoeblvT6n7yQsx4iw500anSW39+87dXPFQjNvX6xVXK/Jw=="
		},
		"@thi.ng/errors": {
			"version": "1.2.27",
			"resolved": "https://registry.npmjs.org/@thi.ng/errors/-/errors-1.2.27.tgz",
			"integrity": "sha512-ay1oKA7VGU5a9B1JaUQ1UaYY44THEDJ17ym7yumD6NDbWNWLX7HwRLNX2VxupARW2JVJZXBxphsCY1WPoQmZ7A=="
		},
		"@thi.ng/paths": {
			"version": "4.2.0",
			"resolved": "https://registry.npmjs.org/@thi.ng/paths/-/paths-4.2.0.tgz",
			"integrity": "sha512-uoL+ejw2SKKC6MpFzRCjY8TrfPK4BJ5mbXt3vkAqbFj43/qGnGkcrFjd6UZbrwzI3eQ1VKqWH7nKFYqHQQKj3A==",
			"requires": {
				"@thi.ng/api": "^7.0.0",
				"@thi.ng/checks": "^2.9.0",
				"@thi.ng/errors": "^1.2.27"
			}
		},
		"@thi.ng/random": {
			"version": "2.3.1",
			"requires": {
				"@thi.ng/api": "^7.0.0",
				"@thi.ng/checks": "^2.9.0",
				"@thi.ng/hex": "^0.2.0"
			}
		},
		"@thi.ng/rstream": {
			"version": "5.1.3",
			"requires": {
				"@thi.ng/api": "^7.0.0",
				"@thi.ng/arrays": "^0.10.3",
				"@thi.ng/associative": "^5.1.1",
				"@thi.ng/atom": "^4.1.28",
				"@thi.ng/checks": "^2.9.0",
				"@thi.ng/errors": "^1.2.27",
				"@thi.ng/transducers": "^7.6.1"
			}
		},
		"@thi.ng/transducers": {
			"version": "7.6.1",
			"requires": {
				"@thi.ng/api": "^7.0.0",
				"@thi.ng/arrays": "^0.10.3",
				"@thi.ng/checks": "^2.9.0",
				"@thi.ng/compare": "^1.3.23",
				"@thi.ng/compose": "^1.4.24",
				"@thi.ng/errors": "^1.2.27",
				"@thi.ng/math": "^3.2.0",
				"@thi.ng/random": "^2.3.1"
			}
		},
		"fsevents": {
			"version": "2.3.2",
			"resolved": "https://registry.npmjs.org/fsevents/-/fsevents-2.3.2.tgz",
			"integrity": "sha512-xiqMQR4xAeHTuB9uWm+fFRcIOgKBMiOBP+eXiyT7jsgVCq1bkVygt00oASowB7EdtpOHaaPgKt812P9ab+DDKA==",
			"optional": true
		},
		"rollup": {
			"version": "2.40.0",
			"resolved": "https://registry.npmjs.org/rollup/-/rollup-2.40.0.tgz",
			"integrity": "sha512-WiOGAPbXoHu+TOz6hyYUxIksOwsY/21TRWoO593jgYt8mvYafYqQl+axaA8y1z2HFazNUUrsMSjahV2A6/2R9A==",
			"requires": {
				"fsevents": "~2.3.1"
			}
		},
		"tslib": {
			"version": "2.0.1",
			"resolved": "https://registry.npmjs.org/tslib/-/tslib-2.0.1.tgz",
			"integrity": "sha512-SgIkNheinmEBgx1IUNirK0TUD4X9yjjBRTqqjggWCU3pUEqIk3/Uwl3yRixYKT6WjQuGiwDv4NomL3wqRCj+CQ=="
		}
	}
}
