{
	"name": "@jamieowen/motion",
	"version": "0.0.4",
	"lockfileVersion": 2,
	"requires": true,
	"packages": {
		"": {
			"name": "@jamieowen/motion",
			"version": "0.0.3",
			"license": "MIT",
			"dependencies": {
				"@thi.ng/rstream": "^5.1.0",
				"@thi.ng/rstream-gestures": "^3.0.5",
				"@thi.ng/transducers": "^7.5.3",
				"@thi.ng/vectors": "^5.0.0"
			}
		},
		"node_modules/@thi.ng/api": {
			"version": "6.13.6",
			"resolved": "https://registry.npmjs.org/@thi.ng/api/-/api-6.13.6.tgz",
			"integrity": "sha512-r1qJR2QaODkhG0poOKAkFIaHYeGF3rYuh/eaGx+4mBjA+jUCRlqQNr/yP1DsjMEVbjlE1jqS5apQvnfSmQlOvg==",
			"funding": [
				{
					"type": "github",
					"url": "https://github.com/sponsors/postspectacular"
				},
				{
					"type": "patreon",
					"url": "https://patreon.com/thing_umbrella"
				}
			]
		},
		"node_modules/@thi.ng/arrays": {
			"version": "0.10.2",
			"resolved": "https://registry.npmjs.org/@thi.ng/arrays/-/arrays-0.10.2.tgz",
			"integrity": "sha512-3GAYKDDYbuarKaaj1YYN6UPar6opxaUJfCNUSB8UtfdMaX9XA7UNJfphpNrfGRn92nS6l7MtH9vCkx85h3G4+w==",
			"funding": [
				{
					"type": "github",
					"url": "https://github.com/sponsors/postspectacular"
				},
				{
					"type": "patreon",
					"url": "https://patreon.com/thing_umbrella"
				}
			],
			"dependencies": {
				"@thi.ng/api": "^7.0.0",
				"@thi.ng/checks": "^2.9.0",
				"@thi.ng/compare": "^1.3.23",
				"@thi.ng/equiv": "^1.0.36",
				"@thi.ng/errors": "^1.2.27",
				"@thi.ng/random": "^2.3.0"
			}
		},
		"node_modules/@thi.ng/arrays/node_modules/@thi.ng/api": {
			"version": "7.0.0",
			"resolved": "https://registry.npmjs.org/@thi.ng/api/-/api-7.0.0.tgz",
			"integrity": "sha512-d5uKBurYINVTgYNIP49Zz1JORWgvVgRC5DSzw9l5G3rQ1LZC3SQ0iCQ0S3MAHQQvvu8VbIvyM9Mlw5vDCkFmzQ==",
			"funding": [
				{
					"type": "github",
					"url": "https://github.com/sponsors/postspectacular"
				},
				{
					"type": "patreon",
					"url": "https://patreon.com/thing_umbrella"
				}
			]
		},
		"node_modules/@thi.ng/associative": {
			"version": "5.0.17",
			"resolved": "https://registry.npmjs.org/@thi.ng/associative/-/associative-5.0.17.tgz",
			"integrity": "sha512-64GBTF2xAd1aAprxzFG0jGG+l7Fb/RRgWLmdIhPYLzMYPUxLcDxDPoGdSMCMMwTJ4p/18bPI4r+ATcAiNFpe1g==",
			"funding": [
				{
					"type": "github",
					"url": "https://github.com/sponsors/postspectacular"
				},
				{
					"type": "patreon",
					"url": "https://patreon.com/thing_umbrella"
				}
			],
			"dependencies": {
				"@thi.ng/api": "^6.13.6",
				"@thi.ng/binary": "^2.0.21",
				"@thi.ng/checks": "^2.8.0",
				"@thi.ng/compare": "^1.3.22",
				"@thi.ng/dcons": "^2.3.9",
				"@thi.ng/equiv": "^1.0.35",
				"@thi.ng/errors": "^1.2.26",
				"@thi.ng/transducers": "^7.5.8",
				"tslib": "2.0.1"
			}
		},
		"node_modules/@thi.ng/atom": {
			"version": "4.1.27",
			"resolved": "https://registry.npmjs.org/@thi.ng/atom/-/atom-4.1.27.tgz",
			"integrity": "sha512-P88NBsoV68LZ6EZeiMNz9eGcfp3aIyUx2ghsklfWazzPLcIJHBv3obalkBvhREcWrg/wK9byC/HlrZWuxKHggw==",
			"funding": [
				{
					"type": "github",
					"url": "https://github.com/sponsors/postspectacular"
				},
				{
					"type": "patreon",
					"url": "https://patreon.com/thing_umbrella"
				}
			],
			"dependencies": {
				"@thi.ng/api": "^6.13.6",
				"@thi.ng/equiv": "^1.0.35",
				"@thi.ng/errors": "^1.2.26",
				"@thi.ng/paths": "^4.1.13",
				"tslib": "2.0.1"
			}
		},
		"node_modules/@thi.ng/binary": {
			"version": "2.1.0",
			"resolved": "https://registry.npmjs.org/@thi.ng/binary/-/binary-2.1.0.tgz",
			"integrity": "sha512-d2ajHrOcWTxJGhlSx38YMnrFt6UPOFum85wy0weA4xaz49b3mbcYm6xeaHBQ+qAJA0sqQPotORiUL2rIaxwuHg==",
			"funding": [
				{
					"type": "github",
					"url": "https://github.com/sponsors/postspectacular"
				},
				{
					"type": "patreon",
					"url": "https://patreon.com/thing_umbrella"
				}
			],
			"dependencies": {
				"@thi.ng/api": "^7.0.0"
			}
		},
		"node_modules/@thi.ng/binary/node_modules/@thi.ng/api": {
			"version": "7.0.0",
			"resolved": "https://registry.npmjs.org/@thi.ng/api/-/api-7.0.0.tgz",
			"integrity": "sha512-d5uKBurYINVTgYNIP49Zz1JORWgvVgRC5DSzw9l5G3rQ1LZC3SQ0iCQ0S3MAHQQvvu8VbIvyM9Mlw5vDCkFmzQ==",
			"funding": [
				{
					"type": "github",
					"url": "https://github.com/sponsors/postspectacular"
				},
				{
					"type": "patreon",
					"url": "https://patreon.com/thing_umbrella"
				}
			]
		},
		"node_modules/@thi.ng/checks": {
			"version": "2.9.0",
			"resolved": "https://registry.npmjs.org/@thi.ng/checks/-/checks-2.9.0.tgz",
			"integrity": "sha512-vXPzTyWnK5eLZJv2iFAPftfjcwssQCYvjJajb0pFWP9CD4NYp/r7aXXJbljLkrcwEjJdgZSvA1D4n5jQrxSRaQ==",
			"funding": [
				{
					"type": "github",
					"url": "https://github.com/sponsors/postspectacular"
				},
				{
					"type": "patreon",
					"url": "https://patreon.com/thing_umbrella"
				}
			],
			"dependencies": {
				"tslib": "2.0.1"
			}
		},
		"node_modules/@thi.ng/compare": {
			"version": "1.3.23",
			"resolved": "https://registry.npmjs.org/@thi.ng/compare/-/compare-1.3.23.tgz",
			"integrity": "sha512-VMo/Jxlz5R/lYL1xK3/hkkFTfIZNmqkvp5XzK9ZFj/XsSVoBgUv1TJwOq6s5T3Yc2bYG03dsFj3x7HBZR/14QA==",
			"funding": [
				{
					"type": "github",
					"url": "https://github.com/sponsors/postspectacular"
				},
				{
					"type": "patreon",
					"url": "https://patreon.com/thing_umbrella"
				}
			],
			"dependencies": {
				"@thi.ng/api": "^7.0.0"
			}
		},
		"node_modules/@thi.ng/compare/node_modules/@thi.ng/api": {
			"version": "7.0.0",
			"resolved": "https://registry.npmjs.org/@thi.ng/api/-/api-7.0.0.tgz",
			"integrity": "sha512-d5uKBurYINVTgYNIP49Zz1JORWgvVgRC5DSzw9l5G3rQ1LZC3SQ0iCQ0S3MAHQQvvu8VbIvyM9Mlw5vDCkFmzQ==",
			"funding": [
				{
					"type": "github",
					"url": "https://github.com/sponsors/postspectacular"
				},
				{
					"type": "patreon",
					"url": "https://patreon.com/thing_umbrella"
				}
			]
		},
		"node_modules/@thi.ng/compose": {
			"version": "1.4.24",
			"resolved": "https://registry.npmjs.org/@thi.ng/compose/-/compose-1.4.24.tgz",
			"integrity": "sha512-YO/SQNi0X4xBxLN+zv+I+t/ebQ1SV3y4HFfB0PHxiCki7160qzQ266MmoPXFv5RtejC7+Ut6CkKS5pN14AexAQ==",
			"funding": [
				{
					"type": "github",
					"url": "https://github.com/sponsors/postspectacular"
				},
				{
					"type": "patreon",
					"url": "https://patreon.com/thing_umbrella"
				}
			],
			"dependencies": {
				"@thi.ng/api": "^7.0.0",
				"@thi.ng/errors": "^1.2.27"
			}
		},
		"node_modules/@thi.ng/compose/node_modules/@thi.ng/api": {
			"version": "7.0.0",
			"resolved": "https://registry.npmjs.org/@thi.ng/api/-/api-7.0.0.tgz",
			"integrity": "sha512-d5uKBurYINVTgYNIP49Zz1JORWgvVgRC5DSzw9l5G3rQ1LZC3SQ0iCQ0S3MAHQQvvu8VbIvyM9Mlw5vDCkFmzQ==",
			"funding": [
				{
					"type": "github",
					"url": "https://github.com/sponsors/postspectacular"
				},
				{
					"type": "patreon",
					"url": "https://patreon.com/thing_umbrella"
				}
			]
		},
		"node_modules/@thi.ng/dcons": {
			"version": "2.3.9",
			"resolved": "https://registry.npmjs.org/@thi.ng/dcons/-/dcons-2.3.9.tgz",
			"integrity": "sha512-kU0jfNoyM7mhYZhZo/O2TqYbTNzKLiw5RCc6nvybzlsMjyB7EQRffaTg+0q6R/LcuLZuDbCboGE1UBc1AW3V8w==",
			"funding": [
				{
					"type": "github",
					"url": "https://github.com/sponsors/postspectacular"
				},
				{
					"type": "patreon",
					"url": "https://patreon.com/thing_umbrella"
				}
			],
			"dependencies": {
				"@thi.ng/api": "^6.13.6",
				"@thi.ng/checks": "^2.8.0",
				"@thi.ng/compare": "^1.3.22",
				"@thi.ng/equiv": "^1.0.35",
				"@thi.ng/errors": "^1.2.26",
				"@thi.ng/random": "^2.2.0",
				"@thi.ng/transducers": "^7.5.8"
			}
		},
		"node_modules/@thi.ng/equiv": {
			"version": "1.0.36",
			"resolved": "https://registry.npmjs.org/@thi.ng/equiv/-/equiv-1.0.36.tgz",
			"integrity": "sha512-6LpD57SuOPKFj4eTQzufwqrvm1Ipmcaw5Aliz1BLzoeblvT6n7yQsx4iw500anSW39+87dXPFQjNvX6xVXK/Jw==",
			"funding": [
				{
					"type": "github",
					"url": "https://github.com/sponsors/postspectacular"
				},
				{
					"type": "patreon",
					"url": "https://patreon.com/thing_umbrella"
				}
			]
		},
		"node_modules/@thi.ng/errors": {
			"version": "1.2.27",
			"resolved": "https://registry.npmjs.org/@thi.ng/errors/-/errors-1.2.27.tgz",
			"integrity": "sha512-ay1oKA7VGU5a9B1JaUQ1UaYY44THEDJ17ym7yumD6NDbWNWLX7HwRLNX2VxupARW2JVJZXBxphsCY1WPoQmZ7A==",
			"funding": [
				{
					"type": "github",
					"url": "https://github.com/sponsors/postspectacular"
				},
				{
					"type": "patreon",
					"url": "https://patreon.com/thing_umbrella"
				}
			]
		},
		"node_modules/@thi.ng/hex": {
			"version": "0.2.0",
			"resolved": "https://registry.npmjs.org/@thi.ng/hex/-/hex-0.2.0.tgz",
			"integrity": "sha512-MTo1lxFs4nh2xc3Lny4HYEwTrCGHdFFUZQbjfuTa1obFI8yvLC50rUpswU1GMa7FIcWoTCBpujva0eXP7RnUJQ==",
			"funding": [
				{
					"type": "github",
					"url": "https://github.com/sponsors/postspectacular"
				},
				{
					"type": "patreon",
					"url": "https://patreon.com/thing_umbrella"
				}
			]
		},
		"node_modules/@thi.ng/math": {
			"version": "3.2.0",
			"resolved": "https://registry.npmjs.org/@thi.ng/math/-/math-3.2.0.tgz",
			"integrity": "sha512-Qd1eOHTHmmH9TOD8j99aSZdX9yCTHqoSDQIAHm8L/EglTjrzCvzzGc+AUT2KSrd6Y7mdl0zvkzvnsS2r1M8z3w==",
			"funding": [
				{
					"type": "github",
					"url": "https://github.com/sponsors/postspectacular"
				},
				{
					"type": "patreon",
					"url": "https://patreon.com/thing_umbrella"
				}
			],
			"dependencies": {
				"@thi.ng/api": "^7.0.0"
			}
		},
		"node_modules/@thi.ng/math/node_modules/@thi.ng/api": {
			"version": "7.0.0",
			"resolved": "https://registry.npmjs.org/@thi.ng/api/-/api-7.0.0.tgz",
			"integrity": "sha512-d5uKBurYINVTgYNIP49Zz1JORWgvVgRC5DSzw9l5G3rQ1LZC3SQ0iCQ0S3MAHQQvvu8VbIvyM9Mlw5vDCkFmzQ==",
			"funding": [
				{
					"type": "github",
					"url": "https://github.com/sponsors/postspectacular"
				},
				{
					"type": "patreon",
					"url": "https://patreon.com/thing_umbrella"
				}
			]
		},
		"node_modules/@thi.ng/memoize": {
			"version": "2.1.9",
			"resolved": "https://registry.npmjs.org/@thi.ng/memoize/-/memoize-2.1.9.tgz",
			"integrity": "sha512-0znmXNlayIkAQZB5re1TjQohhz6SXdKTi6DE2KIn1qrd8eld4AOIWp+yl+/bfIjA66DSgU8rMXH2UlX/c0Q5tw==",
			"funding": [
				{
					"type": "github",
					"url": "https://github.com/sponsors/postspectacular"
				},
				{
					"type": "patreon",
					"url": "https://patreon.com/thing_umbrella"
				}
			],
			"dependencies": {
				"@thi.ng/api": "^7.0.0"
			}
		},
		"node_modules/@thi.ng/memoize/node_modules/@thi.ng/api": {
			"version": "7.0.0",
			"resolved": "https://registry.npmjs.org/@thi.ng/api/-/api-7.0.0.tgz",
			"integrity": "sha512-d5uKBurYINVTgYNIP49Zz1JORWgvVgRC5DSzw9l5G3rQ1LZC3SQ0iCQ0S3MAHQQvvu8VbIvyM9Mlw5vDCkFmzQ==",
			"funding": [
				{
					"type": "github",
					"url": "https://github.com/sponsors/postspectacular"
				},
				{
					"type": "patreon",
					"url": "https://patreon.com/thing_umbrella"
				}
			]
		},
		"node_modules/@thi.ng/paths": {
			"version": "4.1.13",
			"resolved": "https://registry.npmjs.org/@thi.ng/paths/-/paths-4.1.13.tgz",
			"integrity": "sha512-+ec26rXnXnEji+hMNhyog2x8s37F8mfdKXZ1Kg+0oaC8Tcy9+S1BaKKD9wpvI8wZxsQN/jdu9hPOFWO5VKCO0Q==",
			"funding": [
				{
					"type": "github",
					"url": "https://github.com/sponsors/postspectacular"
				},
				{
					"type": "patreon",
					"url": "https://patreon.com/thing_umbrella"
				}
			],
			"dependencies": {
				"@thi.ng/api": "^6.13.6",
				"@thi.ng/checks": "^2.8.0",
				"@thi.ng/errors": "^1.2.26"
			}
		},
		"node_modules/@thi.ng/random": {
			"version": "2.3.0",
			"resolved": "https://registry.npmjs.org/@thi.ng/random/-/random-2.3.0.tgz",
			"integrity": "sha512-tMzlNWKyhQN3ESX/sv0zJ0bRTWj+MIyjIXMcE3hRqKS6V07ELyyd51eougkK7otZQiejnymfrkFkqsIMze9OsQ==",
			"funding": [
				{
					"type": "github",
					"url": "https://github.com/sponsors/postspectacular"
				},
				{
					"type": "patreon",
					"url": "https://patreon.com/thing_umbrella"
				}
			],
			"dependencies": {
				"@thi.ng/api": "^7.0.0",
				"@thi.ng/checks": "^2.9.0",
				"@thi.ng/hex": "^0.2.0"
			}
		},
		"node_modules/@thi.ng/random/node_modules/@thi.ng/api": {
			"version": "7.0.0",
			"resolved": "https://registry.npmjs.org/@thi.ng/api/-/api-7.0.0.tgz",
			"integrity": "sha512-d5uKBurYINVTgYNIP49Zz1JORWgvVgRC5DSzw9l5G3rQ1LZC3SQ0iCQ0S3MAHQQvvu8VbIvyM9Mlw5vDCkFmzQ==",
			"funding": [
				{
					"type": "github",
					"url": "https://github.com/sponsors/postspectacular"
				},
				{
					"type": "patreon",
					"url": "https://patreon.com/thing_umbrella"
				}
			]
		},
		"node_modules/@thi.ng/rstream": {
			"version": "5.1.0",
			"resolved": "https://registry.npmjs.org/@thi.ng/rstream/-/rstream-5.1.0.tgz",
			"integrity": "sha512-k5QiUsINC+H++xAOMibXBnkvJVOLFm4YqpNt8o1Xff0dJgumDUCDLe9RKHZ1VioUDMltdah6AUOyW7das621Pw==",
			"funding": [
				{
					"type": "github",
					"url": "https://github.com/sponsors/postspectacular"
				},
				{
					"type": "patreon",
					"url": "https://patreon.com/thing_umbrella"
				}
			],
			"dependencies": {
				"@thi.ng/api": "^6.13.6",
				"@thi.ng/arrays": "^0.10.1",
				"@thi.ng/associative": "^5.0.17",
				"@thi.ng/atom": "^4.1.27",
				"@thi.ng/checks": "^2.8.0",
				"@thi.ng/errors": "^1.2.26",
				"@thi.ng/transducers": "^7.5.8"
			}
		},
		"node_modules/@thi.ng/rstream-gestures": {
			"version": "3.0.5",
			"resolved": "https://registry.npmjs.org/@thi.ng/rstream-gestures/-/rstream-gestures-3.0.5.tgz",
			"integrity": "sha512-iTtcN2FnZXMjeabEhbB0F82gMWKEjJmfFA2qu1qNuny2sd4dIZKtsKtkhlFhtS24xz1raQk9H5BDodQSAvcFwQ==",
			"funding": [
				{
					"type": "github",
					"url": "https://github.com/sponsors/postspectacular"
				},
				{
					"type": "patreon",
					"url": "https://patreon.com/thing_umbrella"
				}
			],
			"dependencies": {
				"@thi.ng/api": "^6.13.6",
				"@thi.ng/checks": "^2.8.0",
				"@thi.ng/math": "^3.1.0",
				"@thi.ng/rstream": "^5.1.0",
				"@thi.ng/transducers": "^7.5.8"
			}
		},
		"node_modules/@thi.ng/transducers": {
			"version": "7.6.0",
			"resolved": "https://registry.npmjs.org/@thi.ng/transducers/-/transducers-7.6.0.tgz",
			"integrity": "sha512-qmJ5fvRFYt+ju3oyWGhD5aqlzYJUPejrBpw7S+rnmrjCaF1cXpZxpFsp9D3oOndEj3NgGEnJz4+Q8Jxk70h0sA==",
			"funding": [
				{
					"type": "github",
					"url": "https://github.com/sponsors/postspectacular"
				},
				{
					"type": "patreon",
					"url": "https://patreon.com/thing_umbrella"
				}
			],
			"dependencies": {
				"@thi.ng/api": "^7.0.0",
				"@thi.ng/arrays": "^0.10.2",
				"@thi.ng/checks": "^2.9.0",
				"@thi.ng/compare": "^1.3.23",
				"@thi.ng/compose": "^1.4.24",
				"@thi.ng/errors": "^1.2.27",
				"@thi.ng/math": "^3.2.0",
				"@thi.ng/random": "^2.3.0"
			}
		},
		"node_modules/@thi.ng/transducers/node_modules/@thi.ng/api": {
			"version": "7.0.0",
			"resolved": "https://registry.npmjs.org/@thi.ng/api/-/api-7.0.0.tgz",
			"integrity": "sha512-d5uKBurYINVTgYNIP49Zz1JORWgvVgRC5DSzw9l5G3rQ1LZC3SQ0iCQ0S3MAHQQvvu8VbIvyM9Mlw5vDCkFmzQ==",
			"funding": [
				{
					"type": "github",
					"url": "https://github.com/sponsors/postspectacular"
				},
				{
					"type": "patreon",
					"url": "https://patreon.com/thing_umbrella"
				}
			]
		},
		"node_modules/@thi.ng/vectors": {
			"version": "5.0.0",
			"resolved": "https://registry.npmjs.org/@thi.ng/vectors/-/vectors-5.0.0.tgz",
			"integrity": "sha512-7g2gMW6EV6V2ukWxBLIybi/Lk0XQI9NkUp6azZ18+d+Fshws+WOOHDUAwHygXCYP6kDLl/k+ys84sEYra5QfGQ==",
			"funding": [
				{
					"type": "github",
					"url": "https://github.com/sponsors/postspectacular"
				},
				{
					"type": "patreon",
					"url": "https://patreon.com/thing_umbrella"
				}
			],
			"dependencies": {
				"@thi.ng/api": "^7.0.0",
				"@thi.ng/binary": "^2.1.0",
				"@thi.ng/checks": "^2.9.0",
				"@thi.ng/equiv": "^1.0.36",
				"@thi.ng/errors": "^1.2.27",
				"@thi.ng/math": "^3.2.0",
				"@thi.ng/memoize": "^2.1.9",
				"@thi.ng/random": "^2.3.0",
				"@thi.ng/transducers": "^7.6.0"
			}
		},
		"node_modules/@thi.ng/vectors/node_modules/@thi.ng/api": {
			"version": "7.0.0",
			"resolved": "https://registry.npmjs.org/@thi.ng/api/-/api-7.0.0.tgz",
			"integrity": "sha512-d5uKBurYINVTgYNIP49Zz1JORWgvVgRC5DSzw9l5G3rQ1LZC3SQ0iCQ0S3MAHQQvvu8VbIvyM9Mlw5vDCkFmzQ==",
			"funding": [
				{
					"type": "github",
					"url": "https://github.com/sponsors/postspectacular"
				},
				{
					"type": "patreon",
					"url": "https://patreon.com/thing_umbrella"
				}
			]
		},
		"node_modules/tslib": {
			"version": "2.0.1",
			"resolved": "https://registry.npmjs.org/tslib/-/tslib-2.0.1.tgz",
			"integrity": "sha512-SgIkNheinmEBgx1IUNirK0TUD4X9yjjBRTqqjggWCU3pUEqIk3/Uwl3yRixYKT6WjQuGiwDv4NomL3wqRCj+CQ=="
		}
	},
	"dependencies": {
		"@thi.ng/api": {
			"version": "6.13.6",
			"resolved": "https://registry.npmjs.org/@thi.ng/api/-/api-6.13.6.tgz",
			"integrity": "sha512-r1qJR2QaODkhG0poOKAkFIaHYeGF3rYuh/eaGx+4mBjA+jUCRlqQNr/yP1DsjMEVbjlE1jqS5apQvnfSmQlOvg=="
		},
		"@thi.ng/arrays": {
			"version": "0.10.2",
			"resolved": "https://registry.npmjs.org/@thi.ng/arrays/-/arrays-0.10.2.tgz",
			"integrity": "sha512-3GAYKDDYbuarKaaj1YYN6UPar6opxaUJfCNUSB8UtfdMaX9XA7UNJfphpNrfGRn92nS6l7MtH9vCkx85h3G4+w==",
			"requires": {
				"@thi.ng/api": "^7.0.0",
				"@thi.ng/checks": "^2.9.0",
				"@thi.ng/compare": "^1.3.23",
				"@thi.ng/equiv": "^1.0.36",
				"@thi.ng/errors": "^1.2.27",
				"@thi.ng/random": "^2.3.0"
			},
			"dependencies": {
				"@thi.ng/api": {
					"version": "7.0.0",
					"resolved": "https://registry.npmjs.org/@thi.ng/api/-/api-7.0.0.tgz",
					"integrity": "sha512-d5uKBurYINVTgYNIP49Zz1JORWgvVgRC5DSzw9l5G3rQ1LZC3SQ0iCQ0S3MAHQQvvu8VbIvyM9Mlw5vDCkFmzQ=="
				}
			}
		},
		"@thi.ng/associative": {
			"version": "5.0.17",
			"resolved": "https://registry.npmjs.org/@thi.ng/associative/-/associative-5.0.17.tgz",
			"integrity": "sha512-64GBTF2xAd1aAprxzFG0jGG+l7Fb/RRgWLmdIhPYLzMYPUxLcDxDPoGdSMCMMwTJ4p/18bPI4r+ATcAiNFpe1g==",
			"requires": {
				"@thi.ng/api": "^6.13.6",
				"@thi.ng/binary": "^2.0.21",
				"@thi.ng/checks": "^2.8.0",
				"@thi.ng/compare": "^1.3.22",
				"@thi.ng/dcons": "^2.3.9",
				"@thi.ng/equiv": "^1.0.35",
				"@thi.ng/errors": "^1.2.26",
				"@thi.ng/transducers": "^7.5.8",
				"tslib": "2.0.1"
			}
		},
		"@thi.ng/atom": {
			"version": "4.1.27",
			"resolved": "https://registry.npmjs.org/@thi.ng/atom/-/atom-4.1.27.tgz",
			"integrity": "sha512-P88NBsoV68LZ6EZeiMNz9eGcfp3aIyUx2ghsklfWazzPLcIJHBv3obalkBvhREcWrg/wK9byC/HlrZWuxKHggw==",
			"requires": {
				"@thi.ng/api": "^6.13.6",
				"@thi.ng/equiv": "^1.0.35",
				"@thi.ng/errors": "^1.2.26",
				"@thi.ng/paths": "^4.1.13",
				"tslib": "2.0.1"
			}
		},
		"@thi.ng/binary": {
			"version": "2.1.0",
			"resolved": "https://registry.npmjs.org/@thi.ng/binary/-/binary-2.1.0.tgz",
			"integrity": "sha512-d2ajHrOcWTxJGhlSx38YMnrFt6UPOFum85wy0weA4xaz49b3mbcYm6xeaHBQ+qAJA0sqQPotORiUL2rIaxwuHg==",
			"requires": {
				"@thi.ng/api": "^7.0.0"
			},
			"dependencies": {
				"@thi.ng/api": {
					"version": "7.0.0",
					"resolved": "https://registry.npmjs.org/@thi.ng/api/-/api-7.0.0.tgz",
					"integrity": "sha512-d5uKBurYINVTgYNIP49Zz1JORWgvVgRC5DSzw9l5G3rQ1LZC3SQ0iCQ0S3MAHQQvvu8VbIvyM9Mlw5vDCkFmzQ=="
				}
			}
		},
		"@thi.ng/checks": {
			"version": "2.9.0",
			"resolved": "https://registry.npmjs.org/@thi.ng/checks/-/checks-2.9.0.tgz",
			"integrity": "sha512-vXPzTyWnK5eLZJv2iFAPftfjcwssQCYvjJajb0pFWP9CD4NYp/r7aXXJbljLkrcwEjJdgZSvA1D4n5jQrxSRaQ==",
			"requires": {
				"tslib": "2.0.1"
			}
		},
		"@thi.ng/compare": {
			"version": "1.3.23",
			"resolved": "https://registry.npmjs.org/@thi.ng/compare/-/compare-1.3.23.tgz",
			"integrity": "sha512-VMo/Jxlz5R/lYL1xK3/hkkFTfIZNmqkvp5XzK9ZFj/XsSVoBgUv1TJwOq6s5T3Yc2bYG03dsFj3x7HBZR/14QA==",
			"requires": {
				"@thi.ng/api": "^7.0.0"
			},
			"dependencies": {
				"@thi.ng/api": {
					"version": "7.0.0",
					"resolved": "https://registry.npmjs.org/@thi.ng/api/-/api-7.0.0.tgz",
					"integrity": "sha512-d5uKBurYINVTgYNIP49Zz1JORWgvVgRC5DSzw9l5G3rQ1LZC3SQ0iCQ0S3MAHQQvvu8VbIvyM9Mlw5vDCkFmzQ=="
				}
			}
		},
		"@thi.ng/compose": {
			"version": "1.4.24",
			"resolved": "https://registry.npmjs.org/@thi.ng/compose/-/compose-1.4.24.tgz",
			"integrity": "sha512-YO/SQNi0X4xBxLN+zv+I+t/ebQ1SV3y4HFfB0PHxiCki7160qzQ266MmoPXFv5RtejC7+Ut6CkKS5pN14AexAQ==",
			"requires": {
				"@thi.ng/api": "^7.0.0",
				"@thi.ng/errors": "^1.2.27"
			},
			"dependencies": {
				"@thi.ng/api": {
					"version": "7.0.0",
					"resolved": "https://registry.npmjs.org/@thi.ng/api/-/api-7.0.0.tgz",
					"integrity": "sha512-d5uKBurYINVTgYNIP49Zz1JORWgvVgRC5DSzw9l5G3rQ1LZC3SQ0iCQ0S3MAHQQvvu8VbIvyM9Mlw5vDCkFmzQ=="
				}
			}
		},
		"@thi.ng/dcons": {
			"version": "2.3.9",
			"resolved": "https://registry.npmjs.org/@thi.ng/dcons/-/dcons-2.3.9.tgz",
			"integrity": "sha512-kU0jfNoyM7mhYZhZo/O2TqYbTNzKLiw5RCc6nvybzlsMjyB7EQRffaTg+0q6R/LcuLZuDbCboGE1UBc1AW3V8w==",
			"requires": {
				"@thi.ng/api": "^6.13.6",
				"@thi.ng/checks": "^2.8.0",
				"@thi.ng/compare": "^1.3.22",
				"@thi.ng/equiv": "^1.0.35",
				"@thi.ng/errors": "^1.2.26",
				"@thi.ng/random": "^2.2.0",
				"@thi.ng/transducers": "^7.5.8"
			}
		},
		"@thi.ng/equiv": {
			"version": "1.0.36",
			"resolved": "https://registry.npmjs.org/@thi.ng/equiv/-/equiv-1.0.36.tgz",
			"integrity": "sha512-6LpD57SuOPKFj4eTQzufwqrvm1Ipmcaw5Aliz1BLzoeblvT6n7yQsx4iw500anSW39+87dXPFQjNvX6xVXK/Jw=="
		},
		"@thi.ng/errors": {
			"version": "1.2.27",
			"resolved": "https://registry.npmjs.org/@thi.ng/errors/-/errors-1.2.27.tgz",
			"integrity": "sha512-ay1oKA7VGU5a9B1JaUQ1UaYY44THEDJ17ym7yumD6NDbWNWLX7HwRLNX2VxupARW2JVJZXBxphsCY1WPoQmZ7A=="
		},
		"@thi.ng/hex": {
			"version": "0.2.0",
			"resolved": "https://registry.npmjs.org/@thi.ng/hex/-/hex-0.2.0.tgz",
			"integrity": "sha512-MTo1lxFs4nh2xc3Lny4HYEwTrCGHdFFUZQbjfuTa1obFI8yvLC50rUpswU1GMa7FIcWoTCBpujva0eXP7RnUJQ=="
		},
		"@thi.ng/math": {
			"version": "3.2.0",
			"resolved": "https://registry.npmjs.org/@thi.ng/math/-/math-3.2.0.tgz",
			"integrity": "sha512-Qd1eOHTHmmH9TOD8j99aSZdX9yCTHqoSDQIAHm8L/EglTjrzCvzzGc+AUT2KSrd6Y7mdl0zvkzvnsS2r1M8z3w==",
			"requires": {
				"@thi.ng/api": "^7.0.0"
			},
			"dependencies": {
				"@thi.ng/api": {
					"version": "7.0.0",
					"resolved": "https://registry.npmjs.org/@thi.ng/api/-/api-7.0.0.tgz",
					"integrity": "sha512-d5uKBurYINVTgYNIP49Zz1JORWgvVgRC5DSzw9l5G3rQ1LZC3SQ0iCQ0S3MAHQQvvu8VbIvyM9Mlw5vDCkFmzQ=="
				}
			}
		},
		"@thi.ng/memoize": {
			"version": "2.1.9",
			"resolved": "https://registry.npmjs.org/@thi.ng/memoize/-/memoize-2.1.9.tgz",
			"integrity": "sha512-0znmXNlayIkAQZB5re1TjQohhz6SXdKTi6DE2KIn1qrd8eld4AOIWp+yl+/bfIjA66DSgU8rMXH2UlX/c0Q5tw==",
			"requires": {
				"@thi.ng/api": "^7.0.0"
			},
			"dependencies": {
				"@thi.ng/api": {
					"version": "7.0.0",
					"resolved": "https://registry.npmjs.org/@thi.ng/api/-/api-7.0.0.tgz",
					"integrity": "sha512-d5uKBurYINVTgYNIP49Zz1JORWgvVgRC5DSzw9l5G3rQ1LZC3SQ0iCQ0S3MAHQQvvu8VbIvyM9Mlw5vDCkFmzQ=="
				}
			}
		},
		"@thi.ng/paths": {
			"version": "4.1.13",
			"resolved": "https://registry.npmjs.org/@thi.ng/paths/-/paths-4.1.13.tgz",
			"integrity": "sha512-+ec26rXnXnEji+hMNhyog2x8s37F8mfdKXZ1Kg+0oaC8Tcy9+S1BaKKD9wpvI8wZxsQN/jdu9hPOFWO5VKCO0Q==",
			"requires": {
				"@thi.ng/api": "^6.13.6",
				"@thi.ng/checks": "^2.8.0",
				"@thi.ng/errors": "^1.2.26"
			}
		},
		"@thi.ng/random": {
			"version": "2.3.0",
			"resolved": "https://registry.npmjs.org/@thi.ng/random/-/random-2.3.0.tgz",
			"integrity": "sha512-tMzlNWKyhQN3ESX/sv0zJ0bRTWj+MIyjIXMcE3hRqKS6V07ELyyd51eougkK7otZQiejnymfrkFkqsIMze9OsQ==",
			"requires": {
				"@thi.ng/api": "^7.0.0",
				"@thi.ng/checks": "^2.9.0",
				"@thi.ng/hex": "^0.2.0"
			},
			"dependencies": {
				"@thi.ng/api": {
					"version": "7.0.0",
					"resolved": "https://registry.npmjs.org/@thi.ng/api/-/api-7.0.0.tgz",
					"integrity": "sha512-d5uKBurYINVTgYNIP49Zz1JORWgvVgRC5DSzw9l5G3rQ1LZC3SQ0iCQ0S3MAHQQvvu8VbIvyM9Mlw5vDCkFmzQ=="
				}
			}
		},
		"@thi.ng/rstream": {
			"version": "5.1.0",
			"resolved": "https://registry.npmjs.org/@thi.ng/rstream/-/rstream-5.1.0.tgz",
			"integrity": "sha512-k5QiUsINC+H++xAOMibXBnkvJVOLFm4YqpNt8o1Xff0dJgumDUCDLe9RKHZ1VioUDMltdah6AUOyW7das621Pw==",
			"requires": {
				"@thi.ng/api": "^6.13.6",
				"@thi.ng/arrays": "^0.10.1",
				"@thi.ng/associative": "^5.0.17",
				"@thi.ng/atom": "^4.1.27",
				"@thi.ng/checks": "^2.8.0",
				"@thi.ng/errors": "^1.2.26",
				"@thi.ng/transducers": "^7.5.8"
			}
		},
		"@thi.ng/rstream-gestures": {
			"version": "3.0.5",
			"resolved": "https://registry.npmjs.org/@thi.ng/rstream-gestures/-/rstream-gestures-3.0.5.tgz",
			"integrity": "sha512-iTtcN2FnZXMjeabEhbB0F82gMWKEjJmfFA2qu1qNuny2sd4dIZKtsKtkhlFhtS24xz1raQk9H5BDodQSAvcFwQ==",
			"requires": {
				"@thi.ng/api": "^6.13.6",
				"@thi.ng/checks": "^2.8.0",
				"@thi.ng/math": "^3.1.0",
				"@thi.ng/rstream": "^5.1.0",
				"@thi.ng/transducers": "^7.5.8"
			}
		},
		"@thi.ng/transducers": {
			"version": "7.6.0",
			"resolved": "https://registry.npmjs.org/@thi.ng/transducers/-/transducers-7.6.0.tgz",
			"integrity": "sha512-qmJ5fvRFYt+ju3oyWGhD5aqlzYJUPejrBpw7S+rnmrjCaF1cXpZxpFsp9D3oOndEj3NgGEnJz4+Q8Jxk70h0sA==",
			"requires": {
				"@thi.ng/api": "^7.0.0",
				"@thi.ng/arrays": "^0.10.2",
				"@thi.ng/checks": "^2.9.0",
				"@thi.ng/compare": "^1.3.23",
				"@thi.ng/compose": "^1.4.24",
				"@thi.ng/errors": "^1.2.27",
				"@thi.ng/math": "^3.2.0",
				"@thi.ng/random": "^2.3.0"
			},
			"dependencies": {
				"@thi.ng/api": {
					"version": "7.0.0",
					"resolved": "https://registry.npmjs.org/@thi.ng/api/-/api-7.0.0.tgz",
					"integrity": "sha512-d5uKBurYINVTgYNIP49Zz1JORWgvVgRC5DSzw9l5G3rQ1LZC3SQ0iCQ0S3MAHQQvvu8VbIvyM9Mlw5vDCkFmzQ=="
				}
			}
		},
		"@thi.ng/vectors": {
			"version": "5.0.0",
			"resolved": "https://registry.npmjs.org/@thi.ng/vectors/-/vectors-5.0.0.tgz",
			"integrity": "sha512-7g2gMW6EV6V2ukWxBLIybi/Lk0XQI9NkUp6azZ18+d+Fshws+WOOHDUAwHygXCYP6kDLl/k+ys84sEYra5QfGQ==",
			"requires": {
				"@thi.ng/api": "^7.0.0",
				"@thi.ng/binary": "^2.1.0",
				"@thi.ng/checks": "^2.9.0",
				"@thi.ng/equiv": "^1.0.36",
				"@thi.ng/errors": "^1.2.27",
				"@thi.ng/math": "^3.2.0",
				"@thi.ng/memoize": "^2.1.9",
				"@thi.ng/random": "^2.3.0",
				"@thi.ng/transducers": "^7.6.0"
			},
			"dependencies": {
				"@thi.ng/api": {
					"version": "7.0.0",
					"resolved": "https://registry.npmjs.org/@thi.ng/api/-/api-7.0.0.tgz",
					"integrity": "sha512-d5uKBurYINVTgYNIP49Zz1JORWgvVgRC5DSzw9l5G3rQ1LZC3SQ0iCQ0S3MAHQQvvu8VbIvyM9Mlw5vDCkFmzQ=="
				}
			}
		},
		"tslib": {
			"version": "2.0.1",
			"resolved": "https://registry.npmjs.org/tslib/-/tslib-2.0.1.tgz",
			"integrity": "sha512-SgIkNheinmEBgx1IUNirK0TUD4X9yjjBRTqqjggWCU3pUEqIk3/Uwl3yRixYKT6WjQuGiwDv4NomL3wqRCj+CQ=="
		}
	}
}
