{
	"name": "@jamieowen/color",
	"version": "0.0.1",
	"lockfileVersion": 2,
	"requires": true,
	"packages": {
		"": {
			"name": "@jamieowen/color",
			"version": "0.0.1",
			"license": "MIT",
			"dependencies": {
				"@thi.ng/api": "^6.13.6",
				"@thi.ng/color": "^2.1.3",
				"@thi.ng/math": "^3.1.0",
				"@thi.ng/vectors": "^4.8.6"
			}
		},
		"node_modules/@thi.ng/api": {
			"version": "6.13.6",
			"funding": [
				{
					"type": "github",
					"url": "https://github.com/sponsors/postspectacular"
				},
				{
					"type": "patreon",
					"url": "https://patreon.com/thing_umbrella"
				}
			],
			"license": "Apache-2.0"
		},
		"node_modules/@thi.ng/arrays": {
			"version": "0.9.2",
			"resolved": "https://registry.npmjs.org/@thi.ng/arrays/-/arrays-0.9.2.tgz",
			"integrity": "sha512-i23Mirra28HOLeWFVtVtgSCniE2lFH52zHHlFpVyl2XPH45XWEhAGCbHraM+Xe8FyZRKTnJ18hbaxG1BPt/TOw==",
			"funding": [
				{
					"type": "github",
					"url": "https://github.com/sponsors/postspectacular"
				},
				{
					"type": "patreon",
					"url": "https://patreon.com/thing_umbrella"
				}
			],
			"dependencies": {
				"@thi.ng/api": "^6.13.6",
				"@thi.ng/checks": "^2.8.0",
				"@thi.ng/compare": "^1.3.22",
				"@thi.ng/equiv": "^1.0.35",
				"@thi.ng/errors": "^1.2.26",
				"@thi.ng/random": "^2.2.0"
			}
		},
		"node_modules/@thi.ng/binary": {
			"version": "2.0.21",
			"resolved": "https://registry.npmjs.org/@thi.ng/binary/-/binary-2.0.21.tgz",
			"integrity": "sha512-LtLsWlw9U8b4K2Guv2P7cMaKXZmZnz3Bdbg9mqigXkzXzmMiuC115NuqjzJoI3fvMr2NcwVHBa1cPZ6T+zK/1w==",
			"funding": [
				{
					"type": "github",
					"url": "https://github.com/sponsors/postspectacular"
				},
				{
					"type": "patreon",
					"url": "https://patreon.com/thing_umbrella"
				}
			],
			"dependencies": {
				"@thi.ng/api": "^6.13.6"
			}
		},
		"node_modules/@thi.ng/checks": {
			"version": "2.8.0",
			"resolved": "https://registry.npmjs.org/@thi.ng/checks/-/checks-2.8.0.tgz",
			"integrity": "sha512-sAfnR+Az6y7LlK7nAWb0WRo6JTqPI9MhImZHYcQrFYwMT+IYIVhv7Vv96OrybKs2C2wxukCYAlgrhcaOfXe+QA==",
			"funding": [
				{
					"type": "github",
					"url": "https://github.com/sponsors/postspectacular"
				},
				{
					"type": "patreon",
					"url": "https://patreon.com/thing_umbrella"
				}
			],
			"dependencies": {
				"tslib": "2.0.1"
			}
		},
		"node_modules/@thi.ng/color": {
			"version": "2.1.3",
			"resolved": "https://registry.npmjs.org/@thi.ng/color/-/color-2.1.3.tgz",
			"integrity": "sha512-/cQWNicBJ8plcVio1gXCxVkMFVl+fSQpchYnBi6HZc+cll/6dQTog0Qar00z0f3qu25tE5fgmfFOy82XsnEcZg==",
			"funding": [
				{
					"type": "github",
					"url": "https://github.com/sponsors/postspectacular"
				},
				{
					"type": "patreon",
					"url": "https://patreon.com/thing_umbrella"
				}
			],
			"dependencies": {
				"@thi.ng/api": "^6.13.6",
				"@thi.ng/arrays": "^0.9.2",
				"@thi.ng/checks": "^2.8.0",
				"@thi.ng/compare": "^1.3.22",
				"@thi.ng/compose": "^1.4.23",
				"@thi.ng/defmulti": "^1.3.4",
				"@thi.ng/errors": "^1.2.26",
				"@thi.ng/math": "^3.1.0",
				"@thi.ng/random": "^2.2.0",
				"@thi.ng/strings": "^1.14.0",
				"@thi.ng/transducers": "^7.5.6",
				"@thi.ng/vectors": "^4.8.6"
			}
		},
		"node_modules/@thi.ng/compare": {
			"version": "1.3.22",
			"resolved": "https://registry.npmjs.org/@thi.ng/compare/-/compare-1.3.22.tgz",
			"integrity": "sha512-yCCym5BiD+0G+YASw8TSAyNwXaOU2lnBd2HBUHRd6NdcjDBzqwdNtI3ih51+jDgtw2jVSGbD0HelKczt4BsJyA==",
			"funding": [
				{
					"type": "github",
					"url": "https://github.com/sponsors/postspectacular"
				},
				{
					"type": "patreon",
					"url": "https://patreon.com/thing_umbrella"
				}
			],
			"dependencies": {
				"@thi.ng/api": "^6.13.6"
			}
		},
		"node_modules/@thi.ng/compose": {
			"version": "1.4.23",
			"resolved": "https://registry.npmjs.org/@thi.ng/compose/-/compose-1.4.23.tgz",
			"integrity": "sha512-ueuvICBbYG0Ux9+J0EI6pDJTX9+NosRDQmFcyHQMc6OcOPnc3kYBQSGg8DAtUaC1tyr+G4aHLTWuNNcwNp+QCw==",
			"funding": [
				{
					"type": "github",
					"url": "https://github.com/sponsors/postspectacular"
				},
				{
					"type": "patreon",
					"url": "https://patreon.com/thing_umbrella"
				}
			],
			"dependencies": {
				"@thi.ng/api": "^6.13.6",
				"@thi.ng/errors": "^1.2.26"
			}
		},
		"node_modules/@thi.ng/defmulti": {
			"version": "1.3.4",
			"resolved": "https://registry.npmjs.org/@thi.ng/defmulti/-/defmulti-1.3.4.tgz",
			"integrity": "sha512-CRHdywV69Wp5EQkX80znhGXvgz0ThcXRbRwO8FpEG/P6XEltzsxWFWmrXiRYOZNKQGTFQIqtMKdlCRHgndGuVw==",
			"funding": [
				{
					"type": "github",
					"url": "https://github.com/sponsors/postspectacular"
				},
				{
					"type": "patreon",
					"url": "https://patreon.com/thing_umbrella"
				}
			],
			"dependencies": {
				"@thi.ng/api": "^6.13.6",
				"@thi.ng/errors": "^1.2.26"
			}
		},
		"node_modules/@thi.ng/equiv": {
			"version": "1.0.35",
			"resolved": "https://registry.npmjs.org/@thi.ng/equiv/-/equiv-1.0.35.tgz",
			"integrity": "sha512-pQuu3iVAF382h/O6VihM4riGmw2Gzq6yv+m2drYqICsh6Mt5MyxwYjR1txQrZyi7WOFlQdeiRiupsZxBdPdOOw==",
			"funding": [
				{
					"type": "github",
					"url": "https://github.com/sponsors/postspectacular"
				},
				{
					"type": "patreon",
					"url": "https://patreon.com/thing_umbrella"
				}
			]
		},
		"node_modules/@thi.ng/errors": {
			"version": "1.2.26",
			"resolved": "https://registry.npmjs.org/@thi.ng/errors/-/errors-1.2.26.tgz",
			"integrity": "sha512-x7x4OhcthZ9obcisx0DNA1uzGh6mrG6Mjs+ATRafcfrmqxb/XyYuTLxswwfU60ZJmqz2ynyFESLTmBs9pOJn7A==",
			"funding": [
				{
					"type": "github",
					"url": "https://github.com/sponsors/postspectacular"
				},
				{
					"type": "patreon",
					"url": "https://patreon.com/thing_umbrella"
				}
			]
		},
		"node_modules/@thi.ng/hex": {
			"version": "0.1.3",
			"resolved": "https://registry.npmjs.org/@thi.ng/hex/-/hex-0.1.3.tgz",
			"integrity": "sha512-TPexHY7kHeDwZDooW8pv/uVBbqE841hstLrtZdtJk7FRbG5zpceTLbbxAtbX3pEbfEaTSn/lArt2aMjAmatsBw==",
			"funding": [
				{
					"type": "github",
					"url": "https://github.com/sponsors/postspectacular"
				},
				{
					"type": "patreon",
					"url": "https://patreon.com/thing_umbrella"
				}
			]
		},
		"node_modules/@thi.ng/math": {
			"version": "3.1.0",
			"resolved": "https://registry.npmjs.org/@thi.ng/math/-/math-3.1.0.tgz",
			"integrity": "sha512-xmwHc4u4fQ2zbD2ogtHybuELBvkcDRx6YvNKvIWMmoTY6HSRUybzRpxPErRJLXVrQoluZhZHkBMdUSH9Lk1sMQ==",
			"funding": [
				{
					"type": "github",
					"url": "https://github.com/sponsors/postspectacular"
				},
				{
					"type": "patreon",
					"url": "https://patreon.com/thing_umbrella"
				}
			],
			"dependencies": {
				"@thi.ng/api": "^6.13.6"
			}
		},
		"node_modules/@thi.ng/memoize": {
			"version": "2.1.8",
			"resolved": "https://registry.npmjs.org/@thi.ng/memoize/-/memoize-2.1.8.tgz",
			"integrity": "sha512-rUzHLzTY0UpTxCKKD3hlCsY8MHQTsOrexCIhwQHvuvJX0ajlw5xQbEwvU3VL7jbd+AT091YrZzx5wt22BTVcOg==",
			"funding": [
				{
					"type": "github",
					"url": "https://github.com/sponsors/postspectacular"
				},
				{
					"type": "patreon",
					"url": "https://patreon.com/thing_umbrella"
				}
			],
			"dependencies": {
				"@thi.ng/api": "^6.13.6"
			}
		},
		"node_modules/@thi.ng/random": {
			"version": "2.2.0",
			"resolved": "https://registry.npmjs.org/@thi.ng/random/-/random-2.2.0.tgz",
			"integrity": "sha512-Apw6gDVQ8lhXVQccfsufvZqVNfE2jjlKFCho87W0V6pW3LaZbYGHclTZThnrXvOdtlXuB/VB1+QnorVGPKtPIQ==",
			"funding": [
				{
					"type": "github",
					"url": "https://github.com/sponsors/postspectacular"
				},
				{
					"type": "patreon",
					"url": "https://patreon.com/thing_umbrella"
				}
			],
			"dependencies": {
				"@thi.ng/api": "^6.13.6",
				"@thi.ng/checks": "^2.8.0",
				"@thi.ng/hex": "^0.1.3"
			}
		},
		"node_modules/@thi.ng/strings": {
			"version": "1.14.0",
			"resolved": "https://registry.npmjs.org/@thi.ng/strings/-/strings-1.14.0.tgz",
			"integrity": "sha512-FYVCh6djOlJ4+4AI7l0f5MnFCiU+OMalD+hGnvoay4vE9LgjUgDWoeynW/uFxlQh2EyWmt3pWkcDIdO4Uty4KA==",
			"funding": [
				{
					"type": "github",
					"url": "https://github.com/sponsors/postspectacular"
				},
				{
					"type": "patreon",
					"url": "https://patreon.com/thing_umbrella"
				}
			],
			"dependencies": {
				"@thi.ng/api": "^6.13.6",
				"@thi.ng/errors": "^1.2.26",
				"@thi.ng/hex": "^0.1.3",
				"@thi.ng/memoize": "^2.1.8"
			}
		},
		"node_modules/@thi.ng/transducers": {
			"version": "7.5.6",
			"resolved": "https://registry.npmjs.org/@thi.ng/transducers/-/transducers-7.5.6.tgz",
			"integrity": "sha512-LE4UpY2l6NXWUOB+ANeIQCh2tbbd3//6xouP83kQfLwdQSkk5PFcLUmPVqi1sUwMKLrZtRpDDOLEB2RsgH0NjQ==",
			"funding": [
				{
					"type": "github",
					"url": "https://github.com/sponsors/postspectacular"
				},
				{
					"type": "patreon",
					"url": "https://patreon.com/thing_umbrella"
				}
			],
			"dependencies": {
				"@thi.ng/api": "^6.13.6",
				"@thi.ng/arrays": "^0.9.2",
				"@thi.ng/checks": "^2.8.0",
				"@thi.ng/compare": "^1.3.22",
				"@thi.ng/compose": "^1.4.23",
				"@thi.ng/errors": "^1.2.26",
				"@thi.ng/math": "^3.1.0",
				"@thi.ng/random": "^2.2.0"
			}
		},
		"node_modules/@thi.ng/vectors": {
			"version": "4.8.6",
			"resolved": "https://registry.npmjs.org/@thi.ng/vectors/-/vectors-4.8.6.tgz",
			"integrity": "sha512-DhhqSVsVJk04wUf77Dz0s1PaE7kK/+KH/u+DKWdCOO3YIMUOpyR/9O8EDN/oeNj5+wJC+u8rzr0TuqZB9CBAjw==",
			"funding": [
				{
					"type": "github",
					"url": "https://github.com/sponsors/postspectacular"
				},
				{
					"type": "patreon",
					"url": "https://patreon.com/thing_umbrella"
				}
			],
			"dependencies": {
				"@thi.ng/api": "^6.13.6",
				"@thi.ng/binary": "^2.0.21",
				"@thi.ng/checks": "^2.8.0",
				"@thi.ng/equiv": "^1.0.35",
				"@thi.ng/errors": "^1.2.26",
				"@thi.ng/math": "^3.1.0",
				"@thi.ng/memoize": "^2.1.8",
				"@thi.ng/random": "^2.2.0",
				"@thi.ng/transducers": "^7.5.6"
			}
		},
		"node_modules/tslib": {
			"version": "2.0.1",
			"resolved": "https://registry.npmjs.org/tslib/-/tslib-2.0.1.tgz",
			"integrity": "sha512-SgIkNheinmEBgx1IUNirK0TUD4X9yjjBRTqqjggWCU3pUEqIk3/Uwl3yRixYKT6WjQuGiwDv4NomL3wqRCj+CQ=="
		}
	},
	"dependencies": {
		"@thi.ng/api": {
			"version": "6.13.6"
		},
		"@thi.ng/arrays": {
			"version": "0.9.2",
			"resolved": "https://registry.npmjs.org/@thi.ng/arrays/-/arrays-0.9.2.tgz",
			"integrity": "sha512-i23Mirra28HOLeWFVtVtgSCniE2lFH52zHHlFpVyl2XPH45XWEhAGCbHraM+Xe8FyZRKTnJ18hbaxG1BPt/TOw==",
			"requires": {
				"@thi.ng/api": "^6.13.6",
				"@thi.ng/checks": "^2.8.0",
				"@thi.ng/compare": "^1.3.22",
				"@thi.ng/equiv": "^1.0.35",
				"@thi.ng/errors": "^1.2.26",
				"@thi.ng/random": "^2.2.0"
			}
		},
		"@thi.ng/binary": {
			"version": "2.0.21",
			"resolved": "https://registry.npmjs.org/@thi.ng/binary/-/binary-2.0.21.tgz",
			"integrity": "sha512-LtLsWlw9U8b4K2Guv2P7cMaKXZmZnz3Bdbg9mqigXkzXzmMiuC115NuqjzJoI3fvMr2NcwVHBa1cPZ6T+zK/1w==",
			"requires": {
				"@thi.ng/api": "^6.13.6"
			}
		},
		"@thi.ng/checks": {
			"version": "2.8.0",
			"resolved": "https://registry.npmjs.org/@thi.ng/checks/-/checks-2.8.0.tgz",
			"integrity": "sha512-sAfnR+Az6y7LlK7nAWb0WRo6JTqPI9MhImZHYcQrFYwMT+IYIVhv7Vv96OrybKs2C2wxukCYAlgrhcaOfXe+QA==",
			"requires": {
				"tslib": "2.0.1"
			}
		},
		"@thi.ng/color": {
			"version": "2.1.3",
			"resolved": "https://registry.npmjs.org/@thi.ng/color/-/color-2.1.3.tgz",
			"integrity": "sha512-/cQWNicBJ8plcVio1gXCxVkMFVl+fSQpchYnBi6HZc+cll/6dQTog0Qar00z0f3qu25tE5fgmfFOy82XsnEcZg==",
			"requires": {
				"@thi.ng/api": "^6.13.6",
				"@thi.ng/arrays": "^0.9.2",
				"@thi.ng/checks": "^2.8.0",
				"@thi.ng/compare": "^1.3.22",
				"@thi.ng/compose": "^1.4.23",
				"@thi.ng/defmulti": "^1.3.4",
				"@thi.ng/errors": "^1.2.26",
				"@thi.ng/math": "^3.1.0",
				"@thi.ng/random": "^2.2.0",
				"@thi.ng/strings": "^1.14.0",
				"@thi.ng/transducers": "^7.5.6",
				"@thi.ng/vectors": "^4.8.6"
			}
		},
		"@thi.ng/compare": {
			"version": "1.3.22",
			"resolved": "https://registry.npmjs.org/@thi.ng/compare/-/compare-1.3.22.tgz",
			"integrity": "sha512-yCCym5BiD+0G+YASw8TSAyNwXaOU2lnBd2HBUHRd6NdcjDBzqwdNtI3ih51+jDgtw2jVSGbD0HelKczt4BsJyA==",
			"requires": {
				"@thi.ng/api": "^6.13.6"
			}
		},
		"@thi.ng/compose": {
			"version": "1.4.23",
			"resolved": "https://registry.npmjs.org/@thi.ng/compose/-/compose-1.4.23.tgz",
			"integrity": "sha512-ueuvICBbYG0Ux9+J0EI6pDJTX9+NosRDQmFcyHQMc6OcOPnc3kYBQSGg8DAtUaC1tyr+G4aHLTWuNNcwNp+QCw==",
			"requires": {
				"@thi.ng/api": "^6.13.6",
				"@thi.ng/errors": "^1.2.26"
			}
		},
		"@thi.ng/defmulti": {
			"version": "1.3.4",
			"resolved": "https://registry.npmjs.org/@thi.ng/defmulti/-/defmulti-1.3.4.tgz",
			"integrity": "sha512-CRHdywV69Wp5EQkX80znhGXvgz0ThcXRbRwO8FpEG/P6XEltzsxWFWmrXiRYOZNKQGTFQIqtMKdlCRHgndGuVw==",
			"requires": {
				"@thi.ng/api": "^6.13.6",
				"@thi.ng/errors": "^1.2.26"
			}
		},
		"@thi.ng/equiv": {
			"version": "1.0.35",
			"resolved": "https://registry.npmjs.org/@thi.ng/equiv/-/equiv-1.0.35.tgz",
			"integrity": "sha512-pQuu3iVAF382h/O6VihM4riGmw2Gzq6yv+m2drYqICsh6Mt5MyxwYjR1txQrZyi7WOFlQdeiRiupsZxBdPdOOw=="
		},
		"@thi.ng/errors": {
			"version": "1.2.26",
			"resolved": "https://registry.npmjs.org/@thi.ng/errors/-/errors-1.2.26.tgz",
			"integrity": "sha512-x7x4OhcthZ9obcisx0DNA1uzGh6mrG6Mjs+ATRafcfrmqxb/XyYuTLxswwfU60ZJmqz2ynyFESLTmBs9pOJn7A=="
		},
		"@thi.ng/hex": {
			"version": "0.1.3",
			"resolved": "https://registry.npmjs.org/@thi.ng/hex/-/hex-0.1.3.tgz",
			"integrity": "sha512-TPexHY7kHeDwZDooW8pv/uVBbqE841hstLrtZdtJk7FRbG5zpceTLbbxAtbX3pEbfEaTSn/lArt2aMjAmatsBw=="
		},
		"@thi.ng/math": {
			"version": "3.1.0",
			"resolved": "https://registry.npmjs.org/@thi.ng/math/-/math-3.1.0.tgz",
			"integrity": "sha512-xmwHc4u4fQ2zbD2ogtHybuELBvkcDRx6YvNKvIWMmoTY6HSRUybzRpxPErRJLXVrQoluZhZHkBMdUSH9Lk1sMQ==",
			"requires": {
				"@thi.ng/api": "^6.13.6"
			}
		},
		"@thi.ng/memoize": {
			"version": "2.1.8",
			"resolved": "https://registry.npmjs.org/@thi.ng/memoize/-/memoize-2.1.8.tgz",
			"integrity": "sha512-rUzHLzTY0UpTxCKKD3hlCsY8MHQTsOrexCIhwQHvuvJX0ajlw5xQbEwvU3VL7jbd+AT091YrZzx5wt22BTVcOg==",
			"requires": {
				"@thi.ng/api": "^6.13.6"
			}
		},
		"@thi.ng/random": {
			"version": "2.2.0",
			"resolved": "https://registry.npmjs.org/@thi.ng/random/-/random-2.2.0.tgz",
			"integrity": "sha512-Apw6gDVQ8lhXVQccfsufvZqVNfE2jjlKFCho87W0V6pW3LaZbYGHclTZThnrXvOdtlXuB/VB1+QnorVGPKtPIQ==",
			"requires": {
				"@thi.ng/api": "^6.13.6",
				"@thi.ng/checks": "^2.8.0",
				"@thi.ng/hex": "^0.1.3"
			}
		},
		"@thi.ng/strings": {
			"version": "1.14.0",
			"resolved": "https://registry.npmjs.org/@thi.ng/strings/-/strings-1.14.0.tgz",
			"integrity": "sha512-FYVCh6djOlJ4+4AI7l0f5MnFCiU+OMalD+hGnvoay4vE9LgjUgDWoeynW/uFxlQh2EyWmt3pWkcDIdO4Uty4KA==",
			"requires": {
				"@thi.ng/api": "^6.13.6",
				"@thi.ng/errors": "^1.2.26",
				"@thi.ng/hex": "^0.1.3",
				"@thi.ng/memoize": "^2.1.8"
			}
		},
		"@thi.ng/transducers": {
			"version": "7.5.6",
			"resolved": "https://registry.npmjs.org/@thi.ng/transducers/-/transducers-7.5.6.tgz",
			"integrity": "sha512-LE4UpY2l6NXWUOB+ANeIQCh2tbbd3//6xouP83kQfLwdQSkk5PFcLUmPVqi1sUwMKLrZtRpDDOLEB2RsgH0NjQ==",
			"requires": {
				"@thi.ng/api": "^6.13.6",
				"@thi.ng/arrays": "^0.9.2",
				"@thi.ng/checks": "^2.8.0",
				"@thi.ng/compare": "^1.3.22",
				"@thi.ng/compose": "^1.4.23",
				"@thi.ng/errors": "^1.2.26",
				"@thi.ng/math": "^3.1.0",
				"@thi.ng/random": "^2.2.0"
			}
		},
		"@thi.ng/vectors": {
			"version": "4.8.6",
			"resolved": "https://registry.npmjs.org/@thi.ng/vectors/-/vectors-4.8.6.tgz",
			"integrity": "sha512-DhhqSVsVJk04wUf77Dz0s1PaE7kK/+KH/u+DKWdCOO3YIMUOpyR/9O8EDN/oeNj5+wJC+u8rzr0TuqZB9CBAjw==",
			"requires": {
				"@thi.ng/api": "^6.13.6",
				"@thi.ng/binary": "^2.0.21",
				"@thi.ng/checks": "^2.8.0",
				"@thi.ng/equiv": "^1.0.35",
				"@thi.ng/errors": "^1.2.26",
				"@thi.ng/math": "^3.1.0",
				"@thi.ng/memoize": "^2.1.8",
				"@thi.ng/random": "^2.2.0",
				"@thi.ng/transducers": "^7.5.6"
			}
		},
		"tslib": {
			"version": "2.0.1",
			"resolved": "https://registry.npmjs.org/tslib/-/tslib-2.0.1.tgz",
			"integrity": "sha512-SgIkNheinmEBgx1IUNirK0TUD4X9yjjBRTqqjggWCU3pUEqIk3/Uwl3yRixYKT6WjQuGiwDv4NomL3wqRCj+CQ=="
		}
	}
}
